{
    "version": 3,
    "terraform_version": "0.11.7",
    "serial": 8,
    "lineage": "b1b60e23-fca9-711e-3af2-6a89ec72d97e",
    "modules": [
        {
            "path": [
                "root"
            ],
            "outputs": {},
            "resources": {
                "aws_security_group_rule.allow_all_egress": {
                    "type": "aws_security_group_rule",
                    "depends_on": [
                        "module.ecs"
                    ],
                    "primary": {
                        "id": "sgrule-1819513777",
                        "attributes": {
                            "cidr_blocks.#": "1",
                            "cidr_blocks.0": "0.0.0.0/0",
                            "description": "",
                            "from_port": "0",
                            "id": "sgrule-1819513777",
                            "ipv6_cidr_blocks.#": "0",
                            "prefix_list_ids.#": "0",
                            "protocol": "-1",
                            "security_group_id": "sg-0b2e7f848e15a5cc3",
                            "self": "false",
                            "to_port": "0",
                            "type": "egress"
                        },
                        "meta": {
                            "schema_version": "2"
                        },
                        "tainted": false
                    },
                    "deposed": [],
                    "provider": "provider.aws"
                },
                "aws_security_group_rule.allow_ingress_9000": {
                    "type": "aws_security_group_rule",
                    "depends_on": [
                        "module.ecs",
                        "module.ecs-clinfeed-service"
                    ],
                    "primary": {
                        "id": "sgrule-4085359676",
                        "attributes": {
                            "cidr_blocks.#": "0",
                            "description": "",
                            "from_port": "9000",
                            "id": "sgrule-4085359676",
                            "ipv6_cidr_blocks.#": "0",
                            "prefix_list_ids.#": "0",
                            "protocol": "-1",
                            "security_group_id": "sg-0b2e7f848e15a5cc3",
                            "self": "false",
                            "source_security_group_id": "sg-0fb795b2b8dd80b8a",
                            "to_port": "9000",
                            "type": "ingress"
                        },
                        "meta": {
                            "schema_version": "2"
                        },
                        "tainted": false
                    },
                    "deposed": [],
                    "provider": "provider.aws"
                },
                "data.aws_availability_zones.available": {
                    "type": "aws_availability_zones",
                    "depends_on": [],
                    "primary": {
                        "id": "2018-08-10 13:51:52.173316084 +0000 UTC",
                        "attributes": {
                            "id": "2018-08-10 13:51:52.173316084 +0000 UTC",
                            "names.#": "6",
                            "names.0": "us-east-1a",
                            "names.1": "us-east-1b",
                            "names.2": "us-east-1c",
                            "names.3": "us-east-1d",
                            "names.4": "us-east-1e",
                            "names.5": "us-east-1f"
                        },
                        "meta": {},
                        "tainted": false
                    },
                    "deposed": [],
                    "provider": "provider.aws"
                }
            },
            "depends_on": []
        },
        {
            "path": [
                "root",
                "ecs"
            ],
            "outputs": {
                "cluster_arn": {
                    "sensitive": false,
                    "type": "string",
                    "value": "arn:aws:ecs:us-east-1:672985825598:cluster/Clinfeed-Test"
                },
                "container_instance_ecs_for_ec2_service_role_arn": {
                    "sensitive": false,
                    "type": "string",
                    "value": "arn:aws:iam::672985825598:role/TestContainerInstanceProfile"
                },
                "container_instance_ecs_for_ec2_service_role_name": {
                    "sensitive": false,
                    "type": "string",
                    "value": "TestContainerInstanceProfile"
                },
                "container_instance_security_group_id": {
                    "sensitive": false,
                    "type": "string",
                    "value": "sg-0b2e7f848e15a5cc3"
                },
                "ecs_autoscale_role_arn": {
                    "sensitive": false,
                    "type": "string",
                    "value": "arn:aws:iam::672985825598:role/ecsTestAutoscaleRole"
                },
                "ecs_autoscale_role_name": {
                    "sensitive": false,
                    "type": "string",
                    "value": "ecsTestAutoscaleRole"
                },
                "ecs_service_role_arn": {
                    "sensitive": false,
                    "type": "string",
                    "value": "arn:aws:iam::672985825598:role/ecsTestServiceRole"
                },
                "ecs_service_role_name": {
                    "sensitive": false,
                    "type": "string",
                    "value": "ecsTestServiceRole"
                }
            },
            "resources": {
                "aws_autoscaling_group.container_instance": {
                    "type": "aws_autoscaling_group",
                    "depends_on": [
                        "aws_launch_configuration.container_instance"
                    ],
                    "primary": {
                        "id": "ClinFeedASGTestContainerInstance",
                        "attributes": {
                            "arn": "arn:aws:autoscaling:us-east-1:672985825598:autoScalingGroup:821d5a3a-52ff-4cdd-bbe6-0dd25bb278c0:autoScalingGroupName/ClinFeedASGTestContainerInstance",
                            "availability_zones.#": "2",
                            "availability_zones.1305112097": "us-east-1b",
                            "availability_zones.3569565595": "us-east-1a",
                            "default_cooldown": "300",
                            "desired_capacity": "1",
                            "enabled_metrics.#": "8",
                            "enabled_metrics.119681000": "GroupStandbyInstances",
                            "enabled_metrics.1940933563": "GroupTotalInstances",
                            "enabled_metrics.308948767": "GroupPendingInstances",
                            "enabled_metrics.3267518000": "GroupTerminatingInstances",
                            "enabled_metrics.3394537085": "GroupDesiredCapacity",
                            "enabled_metrics.3551801763": "GroupInServiceInstances",
                            "enabled_metrics.4118539418": "GroupMinSize",
                            "enabled_metrics.4136111317": "GroupMaxSize",
                            "force_delete": "false",
                            "health_check_grace_period": "600",
                            "health_check_type": "EC2",
                            "id": "ClinFeedASGTestContainerInstance",
                            "launch_configuration": "ClinFeedLCTestContainerInstance20180810134821615100000006",
                            "launch_template.#": "0",
                            "load_balancers.#": "0",
                            "max_size": "2",
                            "metrics_granularity": "1Minute",
                            "min_size": "1",
                            "name": "ClinFeedASGTestContainerInstance",
                            "placement_group": "",
                            "protect_from_scale_in": "false",
                            "service_linked_role_arn": "arn:aws:iam::672985825598:role/aws-service-role/autoscaling.amazonaws.com/AWSServiceRoleForAutoScaling",
                            "suspended_processes.#": "0",
                            "tag.#": "3",
                            "tag.2848861671.key": "Project",
                            "tag.2848861671.propagate_at_launch": "true",
                            "tag.2848861671.value": "Unknown",
                            "tag.3404433694.key": "Environment",
                            "tag.3404433694.propagate_at_launch": "true",
                            "tag.3404433694.value": "Test",
                            "tag.624083762.key": "Name",
                            "tag.624083762.propagate_at_launch": "true",
                            "tag.624083762.value": "ContainerInstance",
                            "target_group_arns.#": "0",
                            "termination_policies.#": "2",
                            "termination_policies.0": "OldestLaunchConfiguration",
                            "termination_policies.1": "Default",
                            "vpc_zone_identifier.#": "2",
                            "vpc_zone_identifier.2200454577": "subnet-7e109725",
                            "vpc_zone_identifier.3708306562": "subnet-63f28f2a",
                            "wait_for_capacity_timeout": "10m"
                        },
                        "meta": {
                            "e2bfb730-ecaa-11e6-8f88-34363bc7c4c0": {
                                "delete": 600000000000
                            }
                        },
                        "tainted": false
                    },
                    "deposed": [],
                    "provider": "provider.aws"
                },
                "aws_ecs_cluster.cluster": {
                    "type": "aws_ecs_cluster",
                    "depends_on": [],
                    "primary": {
                        "id": "arn:aws:ecs:us-east-1:672985825598:cluster/Clinfeed-Test",
                        "attributes": {
                            "arn": "arn:aws:ecs:us-east-1:672985825598:cluster/Clinfeed-Test",
                            "id": "arn:aws:ecs:us-east-1:672985825598:cluster/Clinfeed-Test",
                            "name": "Clinfeed-Test"
                        },
                        "meta": {},
                        "tainted": false
                    },
                    "deposed": [],
                    "provider": "provider.aws"
                },
                "aws_iam_instance_profile.container_instance": {
                    "type": "aws_iam_instance_profile",
                    "depends_on": [
                        "aws_iam_role.container_instance_ec2"
                    ],
                    "primary": {
                        "id": "TestContainerInstanceProfile",
                        "attributes": {
                            "arn": "arn:aws:iam::672985825598:instance-profile/TestContainerInstanceProfile",
                            "create_date": "2018-08-10T13:48:20Z",
                            "id": "TestContainerInstanceProfile",
                            "name": "TestContainerInstanceProfile",
                            "path": "/",
                            "role": "TestContainerInstanceProfile",
                            "roles.#": "1",
                            "roles.2473880282": "TestContainerInstanceProfile",
                            "unique_id": "AIPAJDXT6NUBQPC2GJKDK"
                        },
                        "meta": {},
                        "tainted": false
                    },
                    "deposed": [],
                    "provider": "provider.aws"
                },
                "aws_iam_role.container_instance_ec2": {
                    "type": "aws_iam_role",
                    "depends_on": [
                        "data.aws_iam_policy_document.container_instance_ec2_assume_role"
                    ],
                    "primary": {
                        "id": "TestContainerInstanceProfile",
                        "attributes": {
                            "arn": "arn:aws:iam::672985825598:role/TestContainerInstanceProfile",
                            "assume_role_policy": "{\"Version\":\"2012-10-17\",\"Statement\":[{\"Sid\":\"\",\"Effect\":\"Allow\",\"Principal\":{\"Service\":\"ec2.amazonaws.com\"},\"Action\":\"sts:AssumeRole\"}]}",
                            "create_date": "2018-08-10T13:48:18Z",
                            "description": "",
                            "force_detach_policies": "false",
                            "id": "TestContainerInstanceProfile",
                            "max_session_duration": "3600",
                            "name": "TestContainerInstanceProfile",
                            "path": "/",
                            "unique_id": "AROAIYDKX3YVABDGOIRS2"
                        },
                        "meta": {},
                        "tainted": false
                    },
                    "deposed": [],
                    "provider": "provider.aws"
                },
                "aws_iam_role.ecs_autoscale_role": {
                    "type": "aws_iam_role",
                    "depends_on": [
                        "data.aws_iam_policy_document.ecs_autoscale_assume_role"
                    ],
                    "primary": {
                        "id": "ecsTestAutoscaleRole",
                        "attributes": {
                            "arn": "arn:aws:iam::672985825598:role/ecsTestAutoscaleRole",
                            "assume_role_policy": "{\"Version\":\"2012-10-17\",\"Statement\":[{\"Sid\":\"\",\"Effect\":\"Allow\",\"Principal\":{\"Service\":\"application-autoscaling.amazonaws.com\"},\"Action\":\"sts:AssumeRole\"}]}",
                            "create_date": "2018-08-10T13:48:18Z",
                            "description": "",
                            "force_detach_policies": "false",
                            "id": "ecsTestAutoscaleRole",
                            "max_session_duration": "3600",
                            "name": "ecsTestAutoscaleRole",
                            "path": "/",
                            "unique_id": "AROAIKTUGK35UBQM5IY7G"
                        },
                        "meta": {},
                        "tainted": false
                    },
                    "deposed": [],
                    "provider": "provider.aws"
                },
                "aws_iam_role.ecs_service_role": {
                    "type": "aws_iam_role",
                    "depends_on": [
                        "data.aws_iam_policy_document.ecs_assume_role"
                    ],
                    "primary": {
                        "id": "ecsTestServiceRole",
                        "attributes": {
                            "arn": "arn:aws:iam::672985825598:role/ecsTestServiceRole",
                            "assume_role_policy": "{\"Version\":\"2012-10-17\",\"Statement\":[{\"Sid\":\"\",\"Effect\":\"Allow\",\"Principal\":{\"Service\":\"ecs.amazonaws.com\"},\"Action\":\"sts:AssumeRole\"}]}",
                            "create_date": "2018-08-10T13:48:19Z",
                            "description": "",
                            "force_detach_policies": "false",
                            "id": "ecsTestServiceRole",
                            "max_session_duration": "3600",
                            "name": "ecsTestServiceRole",
                            "path": "/",
                            "unique_id": "AROAISPXKRHHBW7UGRDQC"
                        },
                        "meta": {},
                        "tainted": false
                    },
                    "deposed": [],
                    "provider": "provider.aws"
                },
                "aws_iam_role_policy_attachment.ec2_service_role": {
                    "type": "aws_iam_role_policy_attachment",
                    "depends_on": [
                        "aws_iam_role.container_instance_ec2"
                    ],
                    "primary": {
                        "id": "TestContainerInstanceProfile-20180810134820277600000004",
                        "attributes": {
                            "id": "TestContainerInstanceProfile-20180810134820277600000004",
                            "policy_arn": "arn:aws:iam::aws:policy/service-role/AmazonEC2ContainerServiceforEC2Role",
                            "role": "TestContainerInstanceProfile"
                        },
                        "meta": {},
                        "tainted": false
                    },
                    "deposed": [],
                    "provider": "provider.aws"
                },
                "aws_iam_role_policy_attachment.ecs_service_autoscaling_role": {
                    "type": "aws_iam_role_policy_attachment",
                    "depends_on": [
                        "aws_iam_role.ecs_autoscale_role"
                    ],
                    "primary": {
                        "id": "ecsTestAutoscaleRole-20180810134820249900000003",
                        "attributes": {
                            "id": "ecsTestAutoscaleRole-20180810134820249900000003",
                            "policy_arn": "arn:aws:iam::aws:policy/service-role/AmazonEC2ContainerServiceAutoscaleRole",
                            "role": "ecsTestAutoscaleRole"
                        },
                        "meta": {},
                        "tainted": false
                    },
                    "deposed": [],
                    "provider": "provider.aws"
                },
                "aws_iam_role_policy_attachment.ecs_service_role": {
                    "type": "aws_iam_role_policy_attachment",
                    "depends_on": [
                        "aws_iam_role.ecs_service_role"
                    ],
                    "primary": {
                        "id": "ecsTestServiceRole-20180810134820536200000005",
                        "attributes": {
                            "id": "ecsTestServiceRole-20180810134820536200000005",
                            "policy_arn": "arn:aws:iam::aws:policy/service-role/AmazonEC2ContainerServiceRole",
                            "role": "ecsTestServiceRole"
                        },
                        "meta": {},
                        "tainted": false
                    },
                    "deposed": [],
                    "provider": "provider.aws"
                },
                "aws_launch_configuration.container_instance": {
                    "type": "aws_launch_configuration",
                    "depends_on": [
                        "aws_iam_instance_profile.container_instance",
                        "aws_security_group.container_instance",
                        "data.aws_ami.ecs_ami.*",
                        "data.aws_ami.user_ami.*",
                        "data.template_file.container_instance_base_cloud_config"
                    ],
                    "primary": {
                        "id": "ClinFeedLCTestContainerInstance20180810134821615100000006",
                        "attributes": {
                            "associate_public_ip_address": "false",
                            "ebs_block_device.#": "0",
                            "ebs_optimized": "false",
                            "enable_monitoring": "true",
                            "ephemeral_block_device.#": "0",
                            "iam_instance_profile": "TestContainerInstanceProfile",
                            "id": "ClinFeedLCTestContainerInstance20180810134821615100000006",
                            "image_id": "ami-112e366e",
                            "instance_type": "m5.xlarge",
                            "key_name": "ecs-clinfeed",
                            "name": "ClinFeedLCTestContainerInstance20180810134821615100000006",
                            "name_prefix": "ClinFeedLCTestContainerInstance",
                            "root_block_device.#": "1",
                            "root_block_device.0.delete_on_termination": "true",
                            "root_block_device.0.iops": "0",
                            "root_block_device.0.volume_size": "100",
                            "root_block_device.0.volume_type": "gp2",
                            "security_groups.#": "1",
                            "security_groups.3389930936": "sg-0b2e7f848e15a5cc3",
                            "spot_price": "",
                            "user_data": "37bfd86dd0ff743100c72f7625b3b6c976ff9abf",
                            "vpc_classic_link_id": "",
                            "vpc_classic_link_security_groups.#": "0"
                        },
                        "meta": {},
                        "tainted": false
                    },
                    "deposed": [],
                    "provider": "provider.aws"
                },
                "aws_security_group.container_instance": {
                    "type": "aws_security_group",
                    "depends_on": [],
                    "primary": {
                        "id": "sg-0b2e7f848e15a5cc3",
                        "attributes": {
                            "arn": "arn:aws:ec2:us-east-1:672985825598:security-group/sg-0b2e7f848e15a5cc3",
                            "description": "Managed by Terraform",
                            "egress.#": "1",
                            "egress.482069346.cidr_blocks.#": "1",
                            "egress.482069346.cidr_blocks.0": "0.0.0.0/0",
                            "egress.482069346.description": "",
                            "egress.482069346.from_port": "0",
                            "egress.482069346.ipv6_cidr_blocks.#": "0",
                            "egress.482069346.prefix_list_ids.#": "0",
                            "egress.482069346.protocol": "-1",
                            "egress.482069346.security_groups.#": "0",
                            "egress.482069346.self": "false",
                            "egress.482069346.to_port": "0",
                            "id": "sg-0b2e7f848e15a5cc3",
                            "ingress.#": "1",
                            "ingress.3171731786.cidr_blocks.#": "0",
                            "ingress.3171731786.description": "",
                            "ingress.3171731786.from_port": "0",
                            "ingress.3171731786.ipv6_cidr_blocks.#": "0",
                            "ingress.3171731786.protocol": "-1",
                            "ingress.3171731786.security_groups.#": "1",
                            "ingress.3171731786.security_groups.815421651": "sg-0fb795b2b8dd80b8a",
                            "ingress.3171731786.self": "false",
                            "ingress.3171731786.to_port": "0",
                            "name": "terraform-20180810134818673800000001",
                            "owner_id": "672985825598",
                            "revoke_rules_on_delete": "false",
                            "tags.%": "3",
                            "tags.Environment": "Test",
                            "tags.Name": "sgContainerInstance",
                            "tags.Project": "Unknown",
                            "vpc_id": "vpc-727b9214"
                        },
                        "meta": {
                            "e2bfb730-ecaa-11e6-8f88-34363bc7c4c0": {
                                "create": 600000000000,
                                "delete": 600000000000
                            },
                            "schema_version": "1"
                        },
                        "tainted": false
                    },
                    "deposed": [],
                    "provider": "provider.aws"
                },
                "data.aws_ami.ecs_ami": {
                    "type": "aws_ami",
                    "depends_on": [],
                    "primary": {
                        "id": "ami-112e366e",
                        "attributes": {
                            "architecture": "x86_64",
                            "block_device_mappings.#": "2",
                            "block_device_mappings.2538004115.device_name": "/dev/xvdcz",
                            "block_device_mappings.2538004115.ebs.%": "5",
                            "block_device_mappings.2538004115.ebs.delete_on_termination": "true",
                            "block_device_mappings.2538004115.ebs.encrypted": "false",
                            "block_device_mappings.2538004115.ebs.iops": "0",
                            "block_device_mappings.2538004115.ebs.volume_size": "22",
                            "block_device_mappings.2538004115.ebs.volume_type": "gp2",
                            "block_device_mappings.2538004115.no_device": "",
                            "block_device_mappings.2538004115.virtual_name": "",
                            "block_device_mappings.340275815.device_name": "/dev/xvda",
                            "block_device_mappings.340275815.ebs.%": "6",
                            "block_device_mappings.340275815.ebs.delete_on_termination": "true",
                            "block_device_mappings.340275815.ebs.encrypted": "false",
                            "block_device_mappings.340275815.ebs.iops": "0",
                            "block_device_mappings.340275815.ebs.snapshot_id": "snap-0b1a9d35190f7cf5a",
                            "block_device_mappings.340275815.ebs.volume_size": "8",
                            "block_device_mappings.340275815.ebs.volume_type": "gp2",
                            "block_device_mappings.340275815.no_device": "",
                            "block_device_mappings.340275815.virtual_name": "",
                            "creation_date": "2018-08-06T20:51:33.000Z",
                            "description": "Amazon Linux AMI 2018.03.d x86_64 ECS HVM GP2",
                            "filter.#": "4",
                            "filter.3350713981.name": "name",
                            "filter.3350713981.values.#": "1",
                            "filter.3350713981.values.0": "amzn-ami-*-amazon-ecs-optimized",
                            "filter.3386043752.name": "architecture",
                            "filter.3386043752.values.#": "1",
                            "filter.3386043752.values.0": "x86_64",
                            "filter.490168357.name": "virtualization-type",
                            "filter.490168357.values.#": "1",
                            "filter.490168357.values.0": "hvm",
                            "filter.669378040.name": "owner-alias",
                            "filter.669378040.values.#": "3",
                            "filter.669378040.values.0": "self",
                            "filter.669378040.values.1": "amazon",
                            "filter.669378040.values.2": "aws-marketplace",
                            "hypervisor": "xen",
                            "id": "ami-112e366e",
                            "image_id": "ami-112e366e",
                            "image_location": "amazon/amzn-ami-2018.03.d-amazon-ecs-optimized",
                            "image_owner_alias": "amazon",
                            "image_type": "machine",
                            "most_recent": "true",
                            "name": "amzn-ami-2018.03.d-amazon-ecs-optimized",
                            "owner_id": "591542846629",
                            "product_codes.#": "0",
                            "public": "true",
                            "root_device_name": "/dev/xvda",
                            "root_device_type": "ebs",
                            "root_snapshot_id": "snap-0b1a9d35190f7cf5a",
                            "sriov_net_support": "simple",
                            "state": "available",
                            "state_reason.%": "2",
                            "state_reason.code": "UNSET",
                            "state_reason.message": "UNSET",
                            "tags.%": "0",
                            "virtualization_type": "hvm"
                        },
                        "meta": {},
                        "tainted": false
                    },
                    "deposed": [],
                    "provider": "provider.aws"
                },
                "data.aws_iam_policy_document.container_instance_ec2_assume_role": {
                    "type": "aws_iam_policy_document",
                    "depends_on": [],
                    "primary": {
                        "id": "1903849331",
                        "attributes": {
                            "id": "1903849331",
                            "json": "{\n  \"Version\": \"2012-10-17\",\n  \"Statement\": [\n    {\n      \"Sid\": \"\",\n      \"Effect\": \"Allow\",\n      \"Action\": \"sts:AssumeRole\",\n      \"Principal\": {\n        \"Service\": \"ec2.amazonaws.com\"\n      }\n    }\n  ]\n}",
                            "statement.#": "1",
                            "statement.0.actions.#": "1",
                            "statement.0.actions.2528466339": "sts:AssumeRole",
                            "statement.0.condition.#": "0",
                            "statement.0.effect": "Allow",
                            "statement.0.not_actions.#": "0",
                            "statement.0.not_principals.#": "0",
                            "statement.0.not_resources.#": "0",
                            "statement.0.principals.#": "1",
                            "statement.0.principals.1134724139.identifiers.#": "1",
                            "statement.0.principals.1134724139.identifiers.3655884555": "ec2.amazonaws.com",
                            "statement.0.principals.1134724139.type": "Service",
                            "statement.0.resources.#": "0",
                            "statement.0.sid": ""
                        },
                        "meta": {},
                        "tainted": false
                    },
                    "deposed": [],
                    "provider": "provider.aws"
                },
                "data.aws_iam_policy_document.ecs_assume_role": {
                    "type": "aws_iam_policy_document",
                    "depends_on": [],
                    "primary": {
                        "id": "3622649364",
                        "attributes": {
                            "id": "3622649364",
                            "json": "{\n  \"Version\": \"2012-10-17\",\n  \"Statement\": [\n    {\n      \"Sid\": \"\",\n      \"Effect\": \"Allow\",\n      \"Action\": \"sts:AssumeRole\",\n      \"Principal\": {\n        \"Service\": \"ecs.amazonaws.com\"\n      }\n    }\n  ]\n}",
                            "statement.#": "1",
                            "statement.0.actions.#": "1",
                            "statement.0.actions.2528466339": "sts:AssumeRole",
                            "statement.0.condition.#": "0",
                            "statement.0.effect": "Allow",
                            "statement.0.not_actions.#": "0",
                            "statement.0.not_principals.#": "0",
                            "statement.0.not_resources.#": "0",
                            "statement.0.principals.#": "1",
                            "statement.0.principals.1113412664.identifiers.#": "1",
                            "statement.0.principals.1113412664.identifiers.1509832800": "ecs.amazonaws.com",
                            "statement.0.principals.1113412664.type": "Service",
                            "statement.0.resources.#": "0",
                            "statement.0.sid": ""
                        },
                        "meta": {},
                        "tainted": false
                    },
                    "deposed": [],
                    "provider": "provider.aws"
                },
                "data.aws_iam_policy_document.ecs_autoscale_assume_role": {
                    "type": "aws_iam_policy_document",
                    "depends_on": [],
                    "primary": {
                        "id": "3468681342",
                        "attributes": {
                            "id": "3468681342",
                            "json": "{\n  \"Version\": \"2012-10-17\",\n  \"Statement\": [\n    {\n      \"Sid\": \"\",\n      \"Effect\": \"Allow\",\n      \"Action\": \"sts:AssumeRole\",\n      \"Principal\": {\n        \"Service\": \"application-autoscaling.amazonaws.com\"\n      }\n    }\n  ]\n}",
                            "statement.#": "1",
                            "statement.0.actions.#": "1",
                            "statement.0.actions.2528466339": "sts:AssumeRole",
                            "statement.0.condition.#": "0",
                            "statement.0.effect": "Allow",
                            "statement.0.not_actions.#": "0",
                            "statement.0.not_principals.#": "0",
                            "statement.0.not_resources.#": "0",
                            "statement.0.principals.#": "1",
                            "statement.0.principals.2577976815.identifiers.#": "1",
                            "statement.0.principals.2577976815.identifiers.2854123496": "application-autoscaling.amazonaws.com",
                            "statement.0.principals.2577976815.type": "Service",
                            "statement.0.resources.#": "0",
                            "statement.0.sid": ""
                        },
                        "meta": {},
                        "tainted": false
                    },
                    "deposed": [],
                    "provider": "provider.aws"
                },
                "data.template_file.container_instance_base_cloud_config": {
                    "type": "template_file",
                    "depends_on": [
                        "aws_ecs_cluster.cluster"
                    ],
                    "primary": {
                        "id": "9a2ffbfbd24ce3a8cd9eaa0b68659366fe1c4059cd2a8dc15bf75df2aa9cff18",
                        "attributes": {
                            "id": "9a2ffbfbd24ce3a8cd9eaa0b68659366fe1c4059cd2a8dc15bf75df2aa9cff18",
                            "rendered": "#!/bin/bash\nsudo yum -y update\necho ECS_CLUSTER=Clinfeed-Test\u003e\u003e /etc/ecs/ecs.config\n",
                            "template": "#!/bin/bash\nsudo yum -y update\necho ECS_CLUSTER=${ecs_cluster_name}\u003e\u003e /etc/ecs/ecs.config\n",
                            "vars.%": "2",
                            "vars.ecs_cluster_name": "Clinfeed-Test",
                            "vars.region": "us-east-1"
                        },
                        "meta": {},
                        "tainted": false
                    },
                    "deposed": [],
                    "provider": "provider.template"
                }
            },
            "depends_on": []
        },
        {
            "path": [
                "root",
                "ecs-clinfeed-service"
            ],
            "outputs": {
                "alb": {
                    "sensitive": false,
                    "type": "string",
                    "value": "internal-clinfeed-alb-test-294952780.us-east-1.elb.amazonaws.com"
                },
                "lb_security_group_id": {
                    "sensitive": false,
                    "type": "string",
                    "value": "sg-0fb795b2b8dd80b8a"
                }
            },
            "resources": {
                "aws_alb.main": {
                    "type": "aws_alb",
                    "depends_on": [
                        "aws_security_group.main"
                    ],
                    "primary": {
                        "id": "arn:aws:elasticloadbalancing:us-east-1:672985825598:loadbalancer/app/clinfeed-alb-test/ef9d93025be2c198",
                        "attributes": {
                            "access_logs.#": "0",
                            "arn": "arn:aws:elasticloadbalancing:us-east-1:672985825598:loadbalancer/app/clinfeed-alb-test/ef9d93025be2c198",
                            "arn_suffix": "app/clinfeed-alb-test/ef9d93025be2c198",
                            "dns_name": "internal-clinfeed-alb-test-294952780.us-east-1.elb.amazonaws.com",
                            "enable_deletion_protection": "false",
                            "enable_http2": "true",
                            "id": "arn:aws:elasticloadbalancing:us-east-1:672985825598:loadbalancer/app/clinfeed-alb-test/ef9d93025be2c198",
                            "idle_timeout": "60",
                            "internal": "true",
                            "ip_address_type": "ipv4",
                            "load_balancer_type": "application",
                            "name": "clinfeed-alb-test",
                            "security_groups.#": "1",
                            "security_groups.815421651": "sg-0fb795b2b8dd80b8a",
                            "subnet_mapping.#": "0",
                            "subnets.#": "2",
                            "subnets.2200454577": "subnet-7e109725",
                            "subnets.3708306562": "subnet-63f28f2a",
                            "tags.%": "3",
                            "tags.Environment": "test",
                            "tags.Name": "clinfeed-alb-test",
                            "tags.Project": "fls",
                            "vpc_id": "vpc-727b9214",
                            "zone_id": "Z35SXDOTRQ7X7K"
                        },
                        "meta": {
                            "e2bfb730-ecaa-11e6-8f88-34363bc7c4c0": {
                                "create": 600000000000,
                                "delete": 600000000000,
                                "update": 600000000000
                            }
                        },
                        "tainted": false
                    },
                    "deposed": [],
                    "provider": "provider.aws"
                },
                "aws_alb_listener.https": {
                    "type": "aws_alb_listener",
                    "depends_on": [
                        "aws_alb.main",
                        "aws_alb_target_group.main.*"
                    ],
                    "primary": {
                        "id": "arn:aws:elasticloadbalancing:us-east-1:672985825598:listener/app/clinfeed-alb-test/ef9d93025be2c198/783ebb5346921e7a",
                        "attributes": {
                            "arn": "arn:aws:elasticloadbalancing:us-east-1:672985825598:listener/app/clinfeed-alb-test/ef9d93025be2c198/783ebb5346921e7a",
                            "certificate_arn": "arn:aws:acm:us-east-1:672985825598:certificate/d1e71210-631e-4ee2-b0bb-5f97403c84a7",
                            "default_action.#": "1",
                            "default_action.0.target_group_arn": "arn:aws:elasticloadbalancing:us-east-1:672985825598:targetgroup/tgtestclinfeedui/e4251e8ceb143b5d",
                            "default_action.0.type": "forward",
                            "id": "arn:aws:elasticloadbalancing:us-east-1:672985825598:listener/app/clinfeed-alb-test/ef9d93025be2c198/783ebb5346921e7a",
                            "load_balancer_arn": "arn:aws:elasticloadbalancing:us-east-1:672985825598:loadbalancer/app/clinfeed-alb-test/ef9d93025be2c198",
                            "port": "443",
                            "protocol": "HTTPS",
                            "ssl_policy": "ELBSecurityPolicy-2015-05"
                        },
                        "meta": {},
                        "tainted": false
                    },
                    "deposed": [],
                    "provider": "provider.aws"
                },
                "aws_alb_target_group.main.0": {
                    "type": "aws_alb_target_group",
                    "depends_on": [],
                    "primary": {
                        "id": "arn:aws:elasticloadbalancing:us-east-1:672985825598:targetgroup/tgtestapprovals/00c15d328009f02d",
                        "attributes": {
                            "arn": "arn:aws:elasticloadbalancing:us-east-1:672985825598:targetgroup/tgtestapprovals/00c15d328009f02d",
                            "arn_suffix": "targetgroup/tgtestapprovals/00c15d328009f02d",
                            "deregistration_delay": "300",
                            "health_check.#": "1",
                            "health_check.0.healthy_threshold": "3",
                            "health_check.0.interval": "5",
                            "health_check.0.matcher": "200-499",
                            "health_check.0.path": "/api/approvals/health",
                            "health_check.0.port": "traffic-port",
                            "health_check.0.protocol": "HTTP",
                            "health_check.0.timeout": "3",
                            "health_check.0.unhealthy_threshold": "2",
                            "id": "arn:aws:elasticloadbalancing:us-east-1:672985825598:targetgroup/tgtestapprovals/00c15d328009f02d",
                            "name": "tgtestapprovals",
                            "port": "9000",
                            "protocol": "HTTP",
                            "proxy_protocol_v2": "false",
                            "slow_start": "0",
                            "stickiness.#": "1",
                            "stickiness.0.cookie_duration": "86400",
                            "stickiness.0.enabled": "false",
                            "stickiness.0.type": "lb_cookie",
                            "tags.%": "0",
                            "target_type": "instance",
                            "vpc_id": "vpc-727b9214"
                        },
                        "meta": {},
                        "tainted": false
                    },
                    "deposed": [],
                    "provider": "provider.aws"
                },
                "aws_alb_target_group.main.1": {
                    "type": "aws_alb_target_group",
                    "depends_on": [],
                    "primary": {
                        "id": "arn:aws:elasticloadbalancing:us-east-1:672985825598:targetgroup/tgtestauthorization/d3f39e8c31aa4cca",
                        "attributes": {
                            "arn": "arn:aws:elasticloadbalancing:us-east-1:672985825598:targetgroup/tgtestauthorization/d3f39e8c31aa4cca",
                            "arn_suffix": "targetgroup/tgtestauthorization/d3f39e8c31aa4cca",
                            "deregistration_delay": "300",
                            "health_check.#": "1",
                            "health_check.0.healthy_threshold": "3",
                            "health_check.0.interval": "5",
                            "health_check.0.matcher": "200-499",
                            "health_check.0.path": "/api/AuthorizationsService/health",
                            "health_check.0.port": "traffic-port",
                            "health_check.0.protocol": "HTTP",
                            "health_check.0.timeout": "3",
                            "health_check.0.unhealthy_threshold": "2",
                            "id": "arn:aws:elasticloadbalancing:us-east-1:672985825598:targetgroup/tgtestauthorization/d3f39e8c31aa4cca",
                            "name": "tgtestauthorization",
                            "port": "7080",
                            "protocol": "HTTP",
                            "proxy_protocol_v2": "false",
                            "slow_start": "0",
                            "stickiness.#": "1",
                            "stickiness.0.cookie_duration": "86400",
                            "stickiness.0.enabled": "false",
                            "stickiness.0.type": "lb_cookie",
                            "tags.%": "0",
                            "target_type": "instance",
                            "vpc_id": "vpc-727b9214"
                        },
                        "meta": {},
                        "tainted": false
                    },
                    "deposed": [],
                    "provider": "provider.aws"
                },
                "aws_alb_target_group.main.10": {
                    "type": "aws_alb_target_group",
                    "depends_on": [],
                    "primary": {
                        "id": "arn:aws:elasticloadbalancing:us-east-1:672985825598:targetgroup/tgteststorageservice/51ae506f501a0253",
                        "attributes": {
                            "arn": "arn:aws:elasticloadbalancing:us-east-1:672985825598:targetgroup/tgteststorageservice/51ae506f501a0253",
                            "arn_suffix": "targetgroup/tgteststorageservice/51ae506f501a0253",
                            "deregistration_delay": "300",
                            "health_check.#": "1",
                            "health_check.0.healthy_threshold": "3",
                            "health_check.0.interval": "5",
                            "health_check.0.matcher": "200-499",
                            "health_check.0.path": "/api/storageservice/health",
                            "health_check.0.port": "traffic-port",
                            "health_check.0.protocol": "HTTP",
                            "health_check.0.timeout": "3",
                            "health_check.0.unhealthy_threshold": "2",
                            "id": "arn:aws:elasticloadbalancing:us-east-1:672985825598:targetgroup/tgteststorageservice/51ae506f501a0253",
                            "name": "tgteststorageservice",
                            "port": "3000",
                            "protocol": "HTTP",
                            "proxy_protocol_v2": "false",
                            "slow_start": "0",
                            "stickiness.#": "1",
                            "stickiness.0.cookie_duration": "86400",
                            "stickiness.0.enabled": "false",
                            "stickiness.0.type": "lb_cookie",
                            "tags.%": "0",
                            "target_type": "instance",
                            "vpc_id": "vpc-727b9214"
                        },
                        "meta": {},
                        "tainted": false
                    },
                    "deposed": [],
                    "provider": "provider.aws"
                },
                "aws_alb_target_group.main.11": {
                    "type": "aws_alb_target_group",
                    "depends_on": [],
                    "primary": {
                        "id": "arn:aws:elasticloadbalancing:us-east-1:672985825598:targetgroup/tgteststudyconfiguration/1db88f8e449eb348",
                        "attributes": {
                            "arn": "arn:aws:elasticloadbalancing:us-east-1:672985825598:targetgroup/tgteststudyconfiguration/1db88f8e449eb348",
                            "arn_suffix": "targetgroup/tgteststudyconfiguration/1db88f8e449eb348",
                            "deregistration_delay": "300",
                            "health_check.#": "1",
                            "health_check.0.healthy_threshold": "3",
                            "health_check.0.interval": "5",
                            "health_check.0.matcher": "200-499",
                            "health_check.0.path": "/api/StudyConfigurationService/health",
                            "health_check.0.port": "traffic-port",
                            "health_check.0.protocol": "HTTP",
                            "health_check.0.timeout": "3",
                            "health_check.0.unhealthy_threshold": "2",
                            "id": "arn:aws:elasticloadbalancing:us-east-1:672985825598:targetgroup/tgteststudyconfiguration/1db88f8e449eb348",
                            "name": "tgteststudyconfiguration",
                            "port": "7070",
                            "protocol": "HTTP",
                            "proxy_protocol_v2": "false",
                            "slow_start": "0",
                            "stickiness.#": "1",
                            "stickiness.0.cookie_duration": "86400",
                            "stickiness.0.enabled": "false",
                            "stickiness.0.type": "lb_cookie",
                            "tags.%": "0",
                            "target_type": "instance",
                            "vpc_id": "vpc-727b9214"
                        },
                        "meta": {},
                        "tainted": false
                    },
                    "deposed": [],
                    "provider": "provider.aws"
                },
                "aws_alb_target_group.main.12": {
                    "type": "aws_alb_target_group",
                    "depends_on": [],
                    "primary": {
                        "id": "arn:aws:elasticloadbalancing:us-east-1:672985825598:targetgroup/tgteststudyevent-cvops/1075c0814353b7f8",
                        "attributes": {
                            "arn": "arn:aws:elasticloadbalancing:us-east-1:672985825598:targetgroup/tgteststudyevent-cvops/1075c0814353b7f8",
                            "arn_suffix": "targetgroup/tgteststudyevent-cvops/1075c0814353b7f8",
                            "deregistration_delay": "300",
                            "health_check.#": "1",
                            "health_check.0.healthy_threshold": "3",
                            "health_check.0.interval": "5",
                            "health_check.0.matcher": "200-499",
                            "health_check.0.path": "/api/StudyEventsService/health",
                            "health_check.0.port": "traffic-port",
                            "health_check.0.protocol": "HTTP",
                            "health_check.0.timeout": "3",
                            "health_check.0.unhealthy_threshold": "2",
                            "id": "arn:aws:elasticloadbalancing:us-east-1:672985825598:targetgroup/tgteststudyevent-cvops/1075c0814353b7f8",
                            "name": "tgteststudyevent-cvops",
                            "port": "5602",
                            "protocol": "HTTP",
                            "proxy_protocol_v2": "false",
                            "slow_start": "0",
                            "stickiness.#": "1",
                            "stickiness.0.cookie_duration": "86400",
                            "stickiness.0.enabled": "false",
                            "stickiness.0.type": "lb_cookie",
                            "tags.%": "0",
                            "target_type": "instance",
                            "vpc_id": "vpc-727b9214"
                        },
                        "meta": {},
                        "tainted": false
                    },
                    "deposed": [],
                    "provider": "provider.aws"
                },
                "aws_alb_target_group.main.13": {
                    "type": "aws_alb_target_group",
                    "depends_on": [],
                    "primary": {
                        "id": "arn:aws:elasticloadbalancing:us-east-1:672985825598:targetgroup/tgtesttransformevents/7f2ba447434ae7e2",
                        "attributes": {
                            "arn": "arn:aws:elasticloadbalancing:us-east-1:672985825598:targetgroup/tgtesttransformevents/7f2ba447434ae7e2",
                            "arn_suffix": "targetgroup/tgtesttransformevents/7f2ba447434ae7e2",
                            "deregistration_delay": "300",
                            "health_check.#": "1",
                            "health_check.0.healthy_threshold": "3",
                            "health_check.0.interval": "5",
                            "health_check.0.matcher": "200-499",
                            "health_check.0.path": "/api/TransformEventsService/health",
                            "health_check.0.port": "traffic-port",
                            "health_check.0.protocol": "HTTP",
                            "health_check.0.timeout": "3",
                            "health_check.0.unhealthy_threshold": "2",
                            "id": "arn:aws:elasticloadbalancing:us-east-1:672985825598:targetgroup/tgtesttransformevents/7f2ba447434ae7e2",
                            "name": "tgtesttransformevents",
                            "port": "7050",
                            "protocol": "HTTP",
                            "proxy_protocol_v2": "false",
                            "slow_start": "0",
                            "stickiness.#": "1",
                            "stickiness.0.cookie_duration": "86400",
                            "stickiness.0.enabled": "false",
                            "stickiness.0.type": "lb_cookie",
                            "tags.%": "0",
                            "target_type": "instance",
                            "vpc_id": "vpc-727b9214"
                        },
                        "meta": {},
                        "tainted": false
                    },
                    "deposed": [],
                    "provider": "provider.aws"
                },
                "aws_alb_target_group.main.14": {
                    "type": "aws_alb_target_group",
                    "depends_on": [],
                    "primary": {
                        "id": "arn:aws:elasticloadbalancing:us-east-1:672985825598:targetgroup/tgtestuiservice/92cd819185c767ad",
                        "attributes": {
                            "arn": "arn:aws:elasticloadbalancing:us-east-1:672985825598:targetgroup/tgtestuiservice/92cd819185c767ad",
                            "arn_suffix": "targetgroup/tgtestuiservice/92cd819185c767ad",
                            "deregistration_delay": "300",
                            "health_check.#": "1",
                            "health_check.0.healthy_threshold": "3",
                            "health_check.0.interval": "5",
                            "health_check.0.matcher": "200-499",
                            "health_check.0.path": "/api/uiservice/health",
                            "health_check.0.port": "traffic-port",
                            "health_check.0.protocol": "HTTP",
                            "health_check.0.timeout": "3",
                            "health_check.0.unhealthy_threshold": "2",
                            "id": "arn:aws:elasticloadbalancing:us-east-1:672985825598:targetgroup/tgtestuiservice/92cd819185c767ad",
                            "name": "tgtestuiservice",
                            "port": "7095",
                            "protocol": "HTTP",
                            "proxy_protocol_v2": "false",
                            "slow_start": "0",
                            "stickiness.#": "1",
                            "stickiness.0.cookie_duration": "86400",
                            "stickiness.0.enabled": "false",
                            "stickiness.0.type": "lb_cookie",
                            "tags.%": "0",
                            "target_type": "instance",
                            "vpc_id": "vpc-727b9214"
                        },
                        "meta": {},
                        "tainted": false
                    },
                    "deposed": [],
                    "provider": "provider.aws"
                },
                "aws_alb_target_group.main.15": {
                    "type": "aws_alb_target_group",
                    "depends_on": [],
                    "primary": {
                        "id": "arn:aws:elasticloadbalancing:us-east-1:672985825598:targetgroup/tgtestclinfeedui/e4251e8ceb143b5d",
                        "attributes": {
                            "arn": "arn:aws:elasticloadbalancing:us-east-1:672985825598:targetgroup/tgtestclinfeedui/e4251e8ceb143b5d",
                            "arn_suffix": "targetgroup/tgtestclinfeedui/e4251e8ceb143b5d",
                            "deregistration_delay": "300",
                            "health_check.#": "1",
                            "health_check.0.healthy_threshold": "3",
                            "health_check.0.interval": "5",
                            "health_check.0.matcher": "200-499",
                            "health_check.0.path": "/",
                            "health_check.0.port": "traffic-port",
                            "health_check.0.protocol": "HTTP",
                            "health_check.0.timeout": "3",
                            "health_check.0.unhealthy_threshold": "2",
                            "id": "arn:aws:elasticloadbalancing:us-east-1:672985825598:targetgroup/tgtestclinfeedui/e4251e8ceb143b5d",
                            "name": "tgtestclinfeedui",
                            "port": "4200",
                            "protocol": "HTTP",
                            "proxy_protocol_v2": "false",
                            "slow_start": "0",
                            "stickiness.#": "1",
                            "stickiness.0.cookie_duration": "86400",
                            "stickiness.0.enabled": "false",
                            "stickiness.0.type": "lb_cookie",
                            "tags.%": "0",
                            "target_type": "instance",
                            "vpc_id": "vpc-727b9214"
                        },
                        "meta": {},
                        "tainted": false
                    },
                    "deposed": [],
                    "provider": "provider.aws"
                },
                "aws_alb_target_group.main.2": {
                    "type": "aws_alb_target_group",
                    "depends_on": [],
                    "primary": {
                        "id": "arn:aws:elasticloadbalancing:us-east-1:672985825598:targetgroup/tgtestclinconnectbridge/1af4d0cd77467e1c",
                        "attributes": {
                            "arn": "arn:aws:elasticloadbalancing:us-east-1:672985825598:targetgroup/tgtestclinconnectbridge/1af4d0cd77467e1c",
                            "arn_suffix": "targetgroup/tgtestclinconnectbridge/1af4d0cd77467e1c",
                            "deregistration_delay": "300",
                            "health_check.#": "1",
                            "health_check.0.healthy_threshold": "3",
                            "health_check.0.interval": "5",
                            "health_check.0.matcher": "200-499",
                            "health_check.0.path": "/api/ClinConnectBridgeService",
                            "health_check.0.port": "traffic-port",
                            "health_check.0.protocol": "HTTP",
                            "health_check.0.timeout": "3",
                            "health_check.0.unhealthy_threshold": "2",
                            "id": "arn:aws:elasticloadbalancing:us-east-1:672985825598:targetgroup/tgtestclinconnectbridge/1af4d0cd77467e1c",
                            "name": "tgtestclinconnectbridge",
                            "port": "5800",
                            "protocol": "HTTP",
                            "proxy_protocol_v2": "false",
                            "slow_start": "0",
                            "stickiness.#": "1",
                            "stickiness.0.cookie_duration": "86400",
                            "stickiness.0.enabled": "false",
                            "stickiness.0.type": "lb_cookie",
                            "tags.%": "0",
                            "target_type": "instance",
                            "vpc_id": "vpc-727b9214"
                        },
                        "meta": {},
                        "tainted": false
                    },
                    "deposed": [],
                    "provider": "provider.aws"
                },
                "aws_alb_target_group.main.3": {
                    "type": "aws_alb_target_group",
                    "depends_on": [],
                    "primary": {
                        "id": "arn:aws:elasticloadbalancing:us-east-1:672985825598:targetgroup/tgtestclinpointbridge-cvops/86f2fabaf3d3ac2f",
                        "attributes": {
                            "arn": "arn:aws:elasticloadbalancing:us-east-1:672985825598:targetgroup/tgtestclinpointbridge-cvops/86f2fabaf3d3ac2f",
                            "arn_suffix": "targetgroup/tgtestclinpointbridge-cvops/86f2fabaf3d3ac2f",
                            "deregistration_delay": "300",
                            "health_check.#": "1",
                            "health_check.0.healthy_threshold": "3",
                            "health_check.0.interval": "5",
                            "health_check.0.matcher": "200-499",
                            "health_check.0.path": "/api/ClinPointBridge/testConnection",
                            "health_check.0.port": "traffic-port",
                            "health_check.0.protocol": "HTTP",
                            "health_check.0.timeout": "3",
                            "health_check.0.unhealthy_threshold": "2",
                            "id": "arn:aws:elasticloadbalancing:us-east-1:672985825598:targetgroup/tgtestclinpointbridge-cvops/86f2fabaf3d3ac2f",
                            "name": "tgtestclinpointbridge-cvops",
                            "port": "5702",
                            "protocol": "HTTP",
                            "proxy_protocol_v2": "false",
                            "slow_start": "0",
                            "stickiness.#": "1",
                            "stickiness.0.cookie_duration": "86400",
                            "stickiness.0.enabled": "false",
                            "stickiness.0.type": "lb_cookie",
                            "tags.%": "0",
                            "target_type": "instance",
                            "vpc_id": "vpc-727b9214"
                        },
                        "meta": {},
                        "tainted": false
                    },
                    "deposed": [],
                    "provider": "provider.aws"
                },
                "aws_alb_target_group.main.4": {
                    "type": "aws_alb_target_group",
                    "depends_on": [],
                    "primary": {
                        "id": "arn:aws:elasticloadbalancing:us-east-1:672985825598:targetgroup/tgtestemailgateway/9eb469a35f9ffecd",
                        "attributes": {
                            "arn": "arn:aws:elasticloadbalancing:us-east-1:672985825598:targetgroup/tgtestemailgateway/9eb469a35f9ffecd",
                            "arn_suffix": "targetgroup/tgtestemailgateway/9eb469a35f9ffecd",
                            "deregistration_delay": "300",
                            "health_check.#": "1",
                            "health_check.0.healthy_threshold": "3",
                            "health_check.0.interval": "5",
                            "health_check.0.matcher": "200-499",
                            "health_check.0.path": "/api/emailgatewayservice",
                            "health_check.0.port": "traffic-port",
                            "health_check.0.protocol": "HTTP",
                            "health_check.0.timeout": "3",
                            "health_check.0.unhealthy_threshold": "2",
                            "id": "arn:aws:elasticloadbalancing:us-east-1:672985825598:targetgroup/tgtestemailgateway/9eb469a35f9ffecd",
                            "name": "tgtestemailgateway",
                            "port": "7098",
                            "protocol": "HTTP",
                            "proxy_protocol_v2": "false",
                            "slow_start": "0",
                            "stickiness.#": "1",
                            "stickiness.0.cookie_duration": "86400",
                            "stickiness.0.enabled": "false",
                            "stickiness.0.type": "lb_cookie",
                            "tags.%": "0",
                            "target_type": "instance",
                            "vpc_id": "vpc-727b9214"
                        },
                        "meta": {},
                        "tainted": false
                    },
                    "deposed": [],
                    "provider": "provider.aws"
                },
                "aws_alb_target_group.main.5": {
                    "type": "aws_alb_target_group",
                    "depends_on": [],
                    "primary": {
                        "id": "arn:aws:elasticloadbalancing:us-east-1:672985825598:targetgroup/tgtesteventdateconfig/15b2a0d9d641f4ff",
                        "attributes": {
                            "arn": "arn:aws:elasticloadbalancing:us-east-1:672985825598:targetgroup/tgtesteventdateconfig/15b2a0d9d641f4ff",
                            "arn_suffix": "targetgroup/tgtesteventdateconfig/15b2a0d9d641f4ff",
                            "deregistration_delay": "300",
                            "health_check.#": "1",
                            "health_check.0.healthy_threshold": "3",
                            "health_check.0.interval": "5",
                            "health_check.0.matcher": "200-499",
                            "health_check.0.path": "/api/EventDateConfig/health",
                            "health_check.0.port": "traffic-port",
                            "health_check.0.protocol": "HTTP",
                            "health_check.0.timeout": "3",
                            "health_check.0.unhealthy_threshold": "2",
                            "id": "arn:aws:elasticloadbalancing:us-east-1:672985825598:targetgroup/tgtesteventdateconfig/15b2a0d9d641f4ff",
                            "name": "tgtesteventdateconfig",
                            "port": "5400",
                            "protocol": "HTTP",
                            "proxy_protocol_v2": "false",
                            "slow_start": "0",
                            "stickiness.#": "1",
                            "stickiness.0.cookie_duration": "86400",
                            "stickiness.0.enabled": "false",
                            "stickiness.0.type": "lb_cookie",
                            "tags.%": "0",
                            "target_type": "instance",
                            "vpc_id": "vpc-727b9214"
                        },
                        "meta": {},
                        "tainted": false
                    },
                    "deposed": [],
                    "provider": "provider.aws"
                },
                "aws_alb_target_group.main.6": {
                    "type": "aws_alb_target_group",
                    "depends_on": [],
                    "primary": {
                        "id": "arn:aws:elasticloadbalancing:us-east-1:672985825598:targetgroup/tgtestfeedservice/6d78728236e5382c",
                        "attributes": {
                            "arn": "arn:aws:elasticloadbalancing:us-east-1:672985825598:targetgroup/tgtestfeedservice/6d78728236e5382c",
                            "arn_suffix": "targetgroup/tgtestfeedservice/6d78728236e5382c",
                            "deregistration_delay": "300",
                            "health_check.#": "1",
                            "health_check.0.healthy_threshold": "3",
                            "health_check.0.interval": "5",
                            "health_check.0.matcher": "200-499",
                            "health_check.0.path": "/api/feedstore/health",
                            "health_check.0.port": "traffic-port",
                            "health_check.0.protocol": "HTTP",
                            "health_check.0.timeout": "3",
                            "health_check.0.unhealthy_threshold": "2",
                            "id": "arn:aws:elasticloadbalancing:us-east-1:672985825598:targetgroup/tgtestfeedservice/6d78728236e5382c",
                            "name": "tgtestfeedservice",
                            "port": "7000",
                            "protocol": "HTTP",
                            "proxy_protocol_v2": "false",
                            "slow_start": "0",
                            "stickiness.#": "1",
                            "stickiness.0.cookie_duration": "86400",
                            "stickiness.0.enabled": "false",
                            "stickiness.0.type": "lb_cookie",
                            "tags.%": "0",
                            "target_type": "instance",
                            "vpc_id": "vpc-727b9214"
                        },
                        "meta": {},
                        "tainted": false
                    },
                    "deposed": [],
                    "provider": "provider.aws"
                },
                "aws_alb_target_group.main.7": {
                    "type": "aws_alb_target_group",
                    "depends_on": [],
                    "primary": {
                        "id": "arn:aws:elasticloadbalancing:us-east-1:672985825598:targetgroup/tgtestmappingrules-cvops/d26beab9e599ad3f",
                        "attributes": {
                            "arn": "arn:aws:elasticloadbalancing:us-east-1:672985825598:targetgroup/tgtestmappingrules-cvops/d26beab9e599ad3f",
                            "arn_suffix": "targetgroup/tgtestmappingrules-cvops/d26beab9e599ad3f",
                            "deregistration_delay": "300",
                            "health_check.#": "1",
                            "health_check.0.healthy_threshold": "3",
                            "health_check.0.interval": "5",
                            "health_check.0.matcher": "200-499",
                            "health_check.0.path": "/api/mappingrules?studyid=",
                            "health_check.0.port": "traffic-port",
                            "health_check.0.protocol": "HTTP",
                            "health_check.0.timeout": "3",
                            "health_check.0.unhealthy_threshold": "2",
                            "id": "arn:aws:elasticloadbalancing:us-east-1:672985825598:targetgroup/tgtestmappingrules-cvops/d26beab9e599ad3f",
                            "name": "tgtestmappingrules-cvops",
                            "port": "5502",
                            "protocol": "HTTP",
                            "proxy_protocol_v2": "false",
                            "slow_start": "0",
                            "stickiness.#": "1",
                            "stickiness.0.cookie_duration": "86400",
                            "stickiness.0.enabled": "false",
                            "stickiness.0.type": "lb_cookie",
                            "tags.%": "0",
                            "target_type": "instance",
                            "vpc_id": "vpc-727b9214"
                        },
                        "meta": {},
                        "tainted": false
                    },
                    "deposed": [],
                    "provider": "provider.aws"
                },
                "aws_alb_target_group.main.8": {
                    "type": "aws_alb_target_group",
                    "depends_on": [],
                    "primary": {
                        "id": "arn:aws:elasticloadbalancing:us-east-1:672985825598:targetgroup/tgtestmessagebroker/ce81f65286d7162a",
                        "attributes": {
                            "arn": "arn:aws:elasticloadbalancing:us-east-1:672985825598:targetgroup/tgtestmessagebroker/ce81f65286d7162a",
                            "arn_suffix": "targetgroup/tgtestmessagebroker/ce81f65286d7162a",
                            "deregistration_delay": "300",
                            "health_check.#": "1",
                            "health_check.0.healthy_threshold": "3",
                            "health_check.0.interval": "5",
                            "health_check.0.matcher": "200-499",
                            "health_check.0.path": "/api/messagebroker/queues",
                            "health_check.0.port": "traffic-port",
                            "health_check.0.protocol": "HTTP",
                            "health_check.0.timeout": "3",
                            "health_check.0.unhealthy_threshold": "2",
                            "id": "arn:aws:elasticloadbalancing:us-east-1:672985825598:targetgroup/tgtestmessagebroker/ce81f65286d7162a",
                            "name": "tgtestmessagebroker",
                            "port": "5000",
                            "protocol": "HTTP",
                            "proxy_protocol_v2": "false",
                            "slow_start": "0",
                            "stickiness.#": "1",
                            "stickiness.0.cookie_duration": "86400",
                            "stickiness.0.enabled": "false",
                            "stickiness.0.type": "lb_cookie",
                            "tags.%": "0",
                            "target_type": "instance",
                            "vpc_id": "vpc-727b9214"
                        },
                        "meta": {},
                        "tainted": false
                    },
                    "deposed": [],
                    "provider": "provider.aws"
                },
                "aws_alb_target_group.main.9": {
                    "type": "aws_alb_target_group",
                    "depends_on": [],
                    "primary": {
                        "id": "arn:aws:elasticloadbalancing:us-east-1:672985825598:targetgroup/tgtestmultitenant/07c7571974c54039",
                        "attributes": {
                            "arn": "arn:aws:elasticloadbalancing:us-east-1:672985825598:targetgroup/tgtestmultitenant/07c7571974c54039",
                            "arn_suffix": "targetgroup/tgtestmultitenant/07c7571974c54039",
                            "deregistration_delay": "300",
                            "health_check.#": "1",
                            "health_check.0.healthy_threshold": "3",
                            "health_check.0.interval": "5",
                            "health_check.0.matcher": "200-499",
                            "health_check.0.path": "/api/MultiTenant/health",
                            "health_check.0.port": "traffic-port",
                            "health_check.0.protocol": "HTTP",
                            "health_check.0.timeout": "3",
                            "health_check.0.unhealthy_threshold": "2",
                            "id": "arn:aws:elasticloadbalancing:us-east-1:672985825598:targetgroup/tgtestmultitenant/07c7571974c54039",
                            "name": "tgtestmultitenant",
                            "port": "7900",
                            "protocol": "HTTP",
                            "proxy_protocol_v2": "false",
                            "slow_start": "0",
                            "stickiness.#": "1",
                            "stickiness.0.cookie_duration": "86400",
                            "stickiness.0.enabled": "false",
                            "stickiness.0.type": "lb_cookie",
                            "tags.%": "0",
                            "target_type": "instance",
                            "vpc_id": "vpc-727b9214"
                        },
                        "meta": {},
                        "tainted": false
                    },
                    "deposed": [],
                    "provider": "provider.aws"
                },
                "aws_ecs_service.main.0": {
                    "type": "aws_ecs_service",
                    "depends_on": [
                        "aws_alb.main",
                        "aws_alb_target_group.main.*",
                        "aws_ecs_task_definition.task_definition.*"
                    ],
                    "primary": {
                        "id": "arn:aws:ecs:us-east-1:672985825598:service/approvals",
                        "attributes": {
                            "cluster": "Clinfeed-Test",
                            "deployment_maximum_percent": "200",
                            "deployment_minimum_healthy_percent": "50",
                            "desired_count": "1",
                            "health_check_grace_period_seconds": "180",
                            "iam_role": "aws-service-role",
                            "id": "arn:aws:ecs:us-east-1:672985825598:service/approvals",
                            "launch_type": "EC2",
                            "load_balancer.#": "1",
                            "load_balancer.1766491283.container_name": "approvals",
                            "load_balancer.1766491283.container_port": "9000",
                            "load_balancer.1766491283.elb_name": "",
                            "load_balancer.1766491283.target_group_arn": "arn:aws:elasticloadbalancing:us-east-1:672985825598:targetgroup/tgtestapprovals/00c15d328009f02d",
                            "name": "approvals",
                            "network_configuration.#": "0",
                            "ordered_placement_strategy.#": "0",
                            "placement_constraints.#": "0",
                            "scheduling_strategy": "REPLICA",
                            "service_registries.#": "0",
                            "task_definition": "arn:aws:ecs:us-east-1:672985825598:task-definition/approvals-test:26"
                        },
                        "meta": {},
                        "tainted": false
                    },
                    "deposed": [],
                    "provider": "provider.aws"
                },
                "aws_ecs_service.main.1": {
                    "type": "aws_ecs_service",
                    "depends_on": [
                        "aws_alb.main",
                        "aws_alb_target_group.main.*",
                        "aws_ecs_task_definition.task_definition.*"
                    ],
                    "primary": {
                        "id": "arn:aws:ecs:us-east-1:672985825598:service/authorization",
                        "attributes": {
                            "cluster": "Clinfeed-Test",
                            "deployment_maximum_percent": "200",
                            "deployment_minimum_healthy_percent": "50",
                            "desired_count": "1",
                            "health_check_grace_period_seconds": "180",
                            "iam_role": "aws-service-role",
                            "id": "arn:aws:ecs:us-east-1:672985825598:service/authorization",
                            "launch_type": "EC2",
                            "load_balancer.#": "1",
                            "load_balancer.3169623955.container_name": "authorization",
                            "load_balancer.3169623955.container_port": "7080",
                            "load_balancer.3169623955.elb_name": "",
                            "load_balancer.3169623955.target_group_arn": "arn:aws:elasticloadbalancing:us-east-1:672985825598:targetgroup/tgtestauthorization/d3f39e8c31aa4cca",
                            "name": "authorization",
                            "network_configuration.#": "0",
                            "ordered_placement_strategy.#": "0",
                            "placement_constraints.#": "0",
                            "scheduling_strategy": "REPLICA",
                            "service_registries.#": "0",
                            "task_definition": "arn:aws:ecs:us-east-1:672985825598:task-definition/authorization-test:25"
                        },
                        "meta": {},
                        "tainted": false
                    },
                    "deposed": [],
                    "provider": "provider.aws"
                },
                "aws_ecs_service.main.10": {
                    "type": "aws_ecs_service",
                    "depends_on": [
                        "aws_alb.main",
                        "aws_alb_target_group.main.*",
                        "aws_ecs_task_definition.task_definition.*"
                    ],
                    "primary": {
                        "id": "arn:aws:ecs:us-east-1:672985825598:service/storageservice",
                        "attributes": {
                            "cluster": "Clinfeed-Test",
                            "deployment_maximum_percent": "200",
                            "deployment_minimum_healthy_percent": "50",
                            "desired_count": "1",
                            "health_check_grace_period_seconds": "180",
                            "iam_role": "aws-service-role",
                            "id": "arn:aws:ecs:us-east-1:672985825598:service/storageservice",
                            "launch_type": "EC2",
                            "load_balancer.#": "1",
                            "load_balancer.2698946498.container_name": "storageservice",
                            "load_balancer.2698946498.container_port": "3000",
                            "load_balancer.2698946498.elb_name": "",
                            "load_balancer.2698946498.target_group_arn": "arn:aws:elasticloadbalancing:us-east-1:672985825598:targetgroup/tgteststorageservice/51ae506f501a0253",
                            "name": "storageservice",
                            "network_configuration.#": "0",
                            "ordered_placement_strategy.#": "0",
                            "placement_constraints.#": "0",
                            "scheduling_strategy": "REPLICA",
                            "service_registries.#": "0",
                            "task_definition": "arn:aws:ecs:us-east-1:672985825598:task-definition/storageservice-test:20"
                        },
                        "meta": {},
                        "tainted": false
                    },
                    "deposed": [],
                    "provider": "provider.aws"
                },
                "aws_ecs_service.main.11": {
                    "type": "aws_ecs_service",
                    "depends_on": [
                        "aws_alb.main",
                        "aws_alb_target_group.main.*",
                        "aws_ecs_task_definition.task_definition.*"
                    ],
                    "primary": {
                        "id": "arn:aws:ecs:us-east-1:672985825598:service/studyconfiguration",
                        "attributes": {
                            "cluster": "Clinfeed-Test",
                            "deployment_maximum_percent": "200",
                            "deployment_minimum_healthy_percent": "50",
                            "desired_count": "1",
                            "health_check_grace_period_seconds": "180",
                            "iam_role": "aws-service-role",
                            "id": "arn:aws:ecs:us-east-1:672985825598:service/studyconfiguration",
                            "launch_type": "EC2",
                            "load_balancer.#": "1",
                            "load_balancer.166016142.container_name": "studyconfiguration",
                            "load_balancer.166016142.container_port": "7070",
                            "load_balancer.166016142.elb_name": "",
                            "load_balancer.166016142.target_group_arn": "arn:aws:elasticloadbalancing:us-east-1:672985825598:targetgroup/tgteststudyconfiguration/1db88f8e449eb348",
                            "name": "studyconfiguration",
                            "network_configuration.#": "0",
                            "ordered_placement_strategy.#": "0",
                            "placement_constraints.#": "0",
                            "scheduling_strategy": "REPLICA",
                            "service_registries.#": "0",
                            "task_definition": "arn:aws:ecs:us-east-1:672985825598:task-definition/studyconfiguration-test:20"
                        },
                        "meta": {},
                        "tainted": false
                    },
                    "deposed": [],
                    "provider": "provider.aws"
                },
                "aws_ecs_service.main.12": {
                    "type": "aws_ecs_service",
                    "depends_on": [
                        "aws_alb.main",
                        "aws_alb_target_group.main.*",
                        "aws_ecs_task_definition.task_definition.*"
                    ],
                    "primary": {
                        "id": "arn:aws:ecs:us-east-1:672985825598:service/studyevent-cvops",
                        "attributes": {
                            "cluster": "Clinfeed-Test",
                            "deployment_maximum_percent": "200",
                            "deployment_minimum_healthy_percent": "50",
                            "desired_count": "1",
                            "health_check_grace_period_seconds": "180",
                            "iam_role": "aws-service-role",
                            "id": "arn:aws:ecs:us-east-1:672985825598:service/studyevent-cvops",
                            "launch_type": "EC2",
                            "load_balancer.#": "1",
                            "load_balancer.3020542797.container_name": "studyevent-cvops",
                            "load_balancer.3020542797.container_port": "5600",
                            "load_balancer.3020542797.elb_name": "",
                            "load_balancer.3020542797.target_group_arn": "arn:aws:elasticloadbalancing:us-east-1:672985825598:targetgroup/tgteststudyevent-cvops/1075c0814353b7f8",
                            "name": "studyevent-cvops",
                            "network_configuration.#": "0",
                            "ordered_placement_strategy.#": "0",
                            "placement_constraints.#": "0",
                            "scheduling_strategy": "REPLICA",
                            "service_registries.#": "0",
                            "task_definition": "arn:aws:ecs:us-east-1:672985825598:task-definition/studyevent-cvops-test:20"
                        },
                        "meta": {},
                        "tainted": false
                    },
                    "deposed": [],
                    "provider": "provider.aws"
                },
                "aws_ecs_service.main.13": {
                    "type": "aws_ecs_service",
                    "depends_on": [
                        "aws_alb.main",
                        "aws_alb_target_group.main.*",
                        "aws_ecs_task_definition.task_definition.*"
                    ],
                    "primary": {
                        "id": "arn:aws:ecs:us-east-1:672985825598:service/transformevents",
                        "attributes": {
                            "cluster": "Clinfeed-Test",
                            "deployment_maximum_percent": "200",
                            "deployment_minimum_healthy_percent": "50",
                            "desired_count": "1",
                            "health_check_grace_period_seconds": "180",
                            "iam_role": "aws-service-role",
                            "id": "arn:aws:ecs:us-east-1:672985825598:service/transformevents",
                            "launch_type": "EC2",
                            "load_balancer.#": "1",
                            "load_balancer.1530169800.container_name": "transformevents",
                            "load_balancer.1530169800.container_port": "7050",
                            "load_balancer.1530169800.elb_name": "",
                            "load_balancer.1530169800.target_group_arn": "arn:aws:elasticloadbalancing:us-east-1:672985825598:targetgroup/tgtesttransformevents/7f2ba447434ae7e2",
                            "name": "transformevents",
                            "network_configuration.#": "0",
                            "ordered_placement_strategy.#": "0",
                            "placement_constraints.#": "0",
                            "scheduling_strategy": "REPLICA",
                            "service_registries.#": "0",
                            "task_definition": "arn:aws:ecs:us-east-1:672985825598:task-definition/transformevents-test:20"
                        },
                        "meta": {},
                        "tainted": false
                    },
                    "deposed": [],
                    "provider": "provider.aws"
                },
                "aws_ecs_service.main.14": {
                    "type": "aws_ecs_service",
                    "depends_on": [
                        "aws_alb.main",
                        "aws_alb_target_group.main.*",
                        "aws_ecs_task_definition.task_definition.*"
                    ],
                    "primary": {
                        "id": "arn:aws:ecs:us-east-1:672985825598:service/uiservice",
                        "attributes": {
                            "cluster": "Clinfeed-Test",
                            "deployment_maximum_percent": "200",
                            "deployment_minimum_healthy_percent": "50",
                            "desired_count": "1",
                            "health_check_grace_period_seconds": "180",
                            "iam_role": "aws-service-role",
                            "id": "arn:aws:ecs:us-east-1:672985825598:service/uiservice",
                            "launch_type": "EC2",
                            "load_balancer.#": "1",
                            "load_balancer.1985037386.container_name": "uiservice",
                            "load_balancer.1985037386.container_port": "7095",
                            "load_balancer.1985037386.elb_name": "",
                            "load_balancer.1985037386.target_group_arn": "arn:aws:elasticloadbalancing:us-east-1:672985825598:targetgroup/tgtestuiservice/92cd819185c767ad",
                            "name": "uiservice",
                            "network_configuration.#": "0",
                            "ordered_placement_strategy.#": "0",
                            "placement_constraints.#": "0",
                            "scheduling_strategy": "REPLICA",
                            "service_registries.#": "0",
                            "task_definition": "arn:aws:ecs:us-east-1:672985825598:task-definition/uiservice-test:20"
                        },
                        "meta": {},
                        "tainted": false
                    },
                    "deposed": [],
                    "provider": "provider.aws"
                },
                "aws_ecs_service.main.15": {
                    "type": "aws_ecs_service",
                    "depends_on": [
                        "aws_alb.main",
                        "aws_alb_target_group.main.*",
                        "aws_ecs_task_definition.task_definition.*"
                    ],
                    "primary": {
                        "id": "arn:aws:ecs:us-east-1:672985825598:service/clinfeedui",
                        "attributes": {
                            "cluster": "Clinfeed-Test",
                            "deployment_maximum_percent": "200",
                            "deployment_minimum_healthy_percent": "50",
                            "desired_count": "1",
                            "health_check_grace_period_seconds": "180",
                            "iam_role": "aws-service-role",
                            "id": "arn:aws:ecs:us-east-1:672985825598:service/clinfeedui",
                            "launch_type": "EC2",
                            "load_balancer.#": "1",
                            "load_balancer.4058797332.container_name": "clinfeedui",
                            "load_balancer.4058797332.container_port": "4200",
                            "load_balancer.4058797332.elb_name": "",
                            "load_balancer.4058797332.target_group_arn": "arn:aws:elasticloadbalancing:us-east-1:672985825598:targetgroup/tgtestclinfeedui/e4251e8ceb143b5d",
                            "name": "clinfeedui",
                            "network_configuration.#": "0",
                            "ordered_placement_strategy.#": "0",
                            "placement_constraints.#": "0",
                            "scheduling_strategy": "REPLICA",
                            "service_registries.#": "0",
                            "task_definition": "arn:aws:ecs:us-east-1:672985825598:task-definition/clinfeedui-test:15"
                        },
                        "meta": {},
                        "tainted": false
                    },
                    "deposed": [],
                    "provider": "provider.aws"
                },
                "aws_ecs_service.main.2": {
                    "type": "aws_ecs_service",
                    "depends_on": [
                        "aws_alb.main",
                        "aws_alb_target_group.main.*",
                        "aws_ecs_task_definition.task_definition.*"
                    ],
                    "primary": {
                        "id": "arn:aws:ecs:us-east-1:672985825598:service/clinconnectbridge",
                        "attributes": {
                            "cluster": "Clinfeed-Test",
                            "deployment_maximum_percent": "200",
                            "deployment_minimum_healthy_percent": "50",
                            "desired_count": "1",
                            "health_check_grace_period_seconds": "180",
                            "iam_role": "aws-service-role",
                            "id": "arn:aws:ecs:us-east-1:672985825598:service/clinconnectbridge",
                            "launch_type": "EC2",
                            "load_balancer.#": "1",
                            "load_balancer.1258910339.container_name": "clinconnectbridge",
                            "load_balancer.1258910339.container_port": "5800",
                            "load_balancer.1258910339.elb_name": "",
                            "load_balancer.1258910339.target_group_arn": "arn:aws:elasticloadbalancing:us-east-1:672985825598:targetgroup/tgtestclinconnectbridge/1af4d0cd77467e1c",
                            "name": "clinconnectbridge",
                            "network_configuration.#": "0",
                            "ordered_placement_strategy.#": "0",
                            "placement_constraints.#": "0",
                            "scheduling_strategy": "REPLICA",
                            "service_registries.#": "0",
                            "task_definition": "arn:aws:ecs:us-east-1:672985825598:task-definition/clinconnectbridge-test:26"
                        },
                        "meta": {},
                        "tainted": false
                    },
                    "deposed": [],
                    "provider": "provider.aws"
                },
                "aws_ecs_service.main.3": {
                    "type": "aws_ecs_service",
                    "depends_on": [
                        "aws_alb.main",
                        "aws_alb_target_group.main.*",
                        "aws_ecs_task_definition.task_definition.*"
                    ],
                    "primary": {
                        "id": "arn:aws:ecs:us-east-1:672985825598:service/clinpointbridge-cvops",
                        "attributes": {
                            "cluster": "Clinfeed-Test",
                            "deployment_maximum_percent": "200",
                            "deployment_minimum_healthy_percent": "50",
                            "desired_count": "1",
                            "health_check_grace_period_seconds": "180",
                            "iam_role": "aws-service-role",
                            "id": "arn:aws:ecs:us-east-1:672985825598:service/clinpointbridge-cvops",
                            "launch_type": "EC2",
                            "load_balancer.#": "1",
                            "load_balancer.124363537.container_name": "clinpointbridge-cvops",
                            "load_balancer.124363537.container_port": "5700",
                            "load_balancer.124363537.elb_name": "",
                            "load_balancer.124363537.target_group_arn": "arn:aws:elasticloadbalancing:us-east-1:672985825598:targetgroup/tgtestclinpointbridge-cvops/86f2fabaf3d3ac2f",
                            "name": "clinpointbridge-cvops",
                            "network_configuration.#": "0",
                            "ordered_placement_strategy.#": "0",
                            "placement_constraints.#": "0",
                            "scheduling_strategy": "REPLICA",
                            "service_registries.#": "0",
                            "task_definition": "arn:aws:ecs:us-east-1:672985825598:task-definition/clinpointbridge-cvops-test:24"
                        },
                        "meta": {},
                        "tainted": false
                    },
                    "deposed": [],
                    "provider": "provider.aws"
                },
                "aws_ecs_service.main.4": {
                    "type": "aws_ecs_service",
                    "depends_on": [
                        "aws_alb.main",
                        "aws_alb_target_group.main.*",
                        "aws_ecs_task_definition.task_definition.*"
                    ],
                    "primary": {
                        "id": "arn:aws:ecs:us-east-1:672985825598:service/emailgateway",
                        "attributes": {
                            "cluster": "Clinfeed-Test",
                            "deployment_maximum_percent": "200",
                            "deployment_minimum_healthy_percent": "50",
                            "desired_count": "1",
                            "health_check_grace_period_seconds": "180",
                            "iam_role": "aws-service-role",
                            "id": "arn:aws:ecs:us-east-1:672985825598:service/emailgateway",
                            "launch_type": "EC2",
                            "load_balancer.#": "1",
                            "load_balancer.1792701235.container_name": "emailgateway",
                            "load_balancer.1792701235.container_port": "7098",
                            "load_balancer.1792701235.elb_name": "",
                            "load_balancer.1792701235.target_group_arn": "arn:aws:elasticloadbalancing:us-east-1:672985825598:targetgroup/tgtestemailgateway/9eb469a35f9ffecd",
                            "name": "emailgateway",
                            "network_configuration.#": "0",
                            "ordered_placement_strategy.#": "0",
                            "placement_constraints.#": "0",
                            "scheduling_strategy": "REPLICA",
                            "service_registries.#": "0",
                            "task_definition": "arn:aws:ecs:us-east-1:672985825598:task-definition/emailgateway-test:20"
                        },
                        "meta": {},
                        "tainted": false
                    },
                    "deposed": [],
                    "provider": "provider.aws"
                },
                "aws_ecs_service.main.5": {
                    "type": "aws_ecs_service",
                    "depends_on": [
                        "aws_alb.main",
                        "aws_alb_target_group.main.*",
                        "aws_ecs_task_definition.task_definition.*"
                    ],
                    "primary": {
                        "id": "arn:aws:ecs:us-east-1:672985825598:service/eventdateconfig",
                        "attributes": {
                            "cluster": "Clinfeed-Test",
                            "deployment_maximum_percent": "200",
                            "deployment_minimum_healthy_percent": "50",
                            "desired_count": "1",
                            "health_check_grace_period_seconds": "180",
                            "iam_role": "aws-service-role",
                            "id": "arn:aws:ecs:us-east-1:672985825598:service/eventdateconfig",
                            "launch_type": "EC2",
                            "load_balancer.#": "1",
                            "load_balancer.2038309721.container_name": "eventdateconfig",
                            "load_balancer.2038309721.container_port": "5400",
                            "load_balancer.2038309721.elb_name": "",
                            "load_balancer.2038309721.target_group_arn": "arn:aws:elasticloadbalancing:us-east-1:672985825598:targetgroup/tgtesteventdateconfig/15b2a0d9d641f4ff",
                            "name": "eventdateconfig",
                            "network_configuration.#": "0",
                            "ordered_placement_strategy.#": "0",
                            "placement_constraints.#": "0",
                            "scheduling_strategy": "REPLICA",
                            "service_registries.#": "0",
                            "task_definition": "arn:aws:ecs:us-east-1:672985825598:task-definition/eventdateconfig-test:20"
                        },
                        "meta": {},
                        "tainted": false
                    },
                    "deposed": [],
                    "provider": "provider.aws"
                },
                "aws_ecs_service.main.6": {
                    "type": "aws_ecs_service",
                    "depends_on": [
                        "aws_alb.main",
                        "aws_alb_target_group.main.*",
                        "aws_ecs_task_definition.task_definition.*"
                    ],
                    "primary": {
                        "id": "arn:aws:ecs:us-east-1:672985825598:service/feedservice",
                        "attributes": {
                            "cluster": "Clinfeed-Test",
                            "deployment_maximum_percent": "200",
                            "deployment_minimum_healthy_percent": "50",
                            "desired_count": "1",
                            "health_check_grace_period_seconds": "180",
                            "iam_role": "aws-service-role",
                            "id": "arn:aws:ecs:us-east-1:672985825598:service/feedservice",
                            "launch_type": "EC2",
                            "load_balancer.#": "1",
                            "load_balancer.2236853284.container_name": "feedservice",
                            "load_balancer.2236853284.container_port": "7000",
                            "load_balancer.2236853284.elb_name": "",
                            "load_balancer.2236853284.target_group_arn": "arn:aws:elasticloadbalancing:us-east-1:672985825598:targetgroup/tgtestfeedservice/6d78728236e5382c",
                            "name": "feedservice",
                            "network_configuration.#": "0",
                            "ordered_placement_strategy.#": "0",
                            "placement_constraints.#": "0",
                            "scheduling_strategy": "REPLICA",
                            "service_registries.#": "0",
                            "task_definition": "arn:aws:ecs:us-east-1:672985825598:task-definition/feedservice-test:20"
                        },
                        "meta": {},
                        "tainted": false
                    },
                    "deposed": [],
                    "provider": "provider.aws"
                },
                "aws_ecs_service.main.7": {
                    "type": "aws_ecs_service",
                    "depends_on": [
                        "aws_alb.main",
                        "aws_alb_target_group.main.*",
                        "aws_ecs_task_definition.task_definition.*"
                    ],
                    "primary": {
                        "id": "arn:aws:ecs:us-east-1:672985825598:service/mappingrules-cvops",
                        "attributes": {
                            "cluster": "Clinfeed-Test",
                            "deployment_maximum_percent": "200",
                            "deployment_minimum_healthy_percent": "50",
                            "desired_count": "1",
                            "health_check_grace_period_seconds": "180",
                            "iam_role": "aws-service-role",
                            "id": "arn:aws:ecs:us-east-1:672985825598:service/mappingrules-cvops",
                            "launch_type": "EC2",
                            "load_balancer.#": "1",
                            "load_balancer.4064371816.container_name": "mappingrules-cvops",
                            "load_balancer.4064371816.container_port": "5500",
                            "load_balancer.4064371816.elb_name": "",
                            "load_balancer.4064371816.target_group_arn": "arn:aws:elasticloadbalancing:us-east-1:672985825598:targetgroup/tgtestmappingrules-cvops/d26beab9e599ad3f",
                            "name": "mappingrules-cvops",
                            "network_configuration.#": "0",
                            "ordered_placement_strategy.#": "0",
                            "placement_constraints.#": "0",
                            "scheduling_strategy": "REPLICA",
                            "service_registries.#": "0",
                            "task_definition": "arn:aws:ecs:us-east-1:672985825598:task-definition/mappingrules-cvops-test:20"
                        },
                        "meta": {},
                        "tainted": false
                    },
                    "deposed": [],
                    "provider": "provider.aws"
                },
                "aws_ecs_service.main.8": {
                    "type": "aws_ecs_service",
                    "depends_on": [
                        "aws_alb.main",
                        "aws_alb_target_group.main.*",
                        "aws_ecs_task_definition.task_definition.*"
                    ],
                    "primary": {
                        "id": "arn:aws:ecs:us-east-1:672985825598:service/messagebroker",
                        "attributes": {
                            "cluster": "Clinfeed-Test",
                            "deployment_maximum_percent": "200",
                            "deployment_minimum_healthy_percent": "50",
                            "desired_count": "1",
                            "health_check_grace_period_seconds": "180",
                            "iam_role": "aws-service-role",
                            "id": "arn:aws:ecs:us-east-1:672985825598:service/messagebroker",
                            "launch_type": "EC2",
                            "load_balancer.#": "1",
                            "load_balancer.4180165311.container_name": "messagebroker",
                            "load_balancer.4180165311.container_port": "5000",
                            "load_balancer.4180165311.elb_name": "",
                            "load_balancer.4180165311.target_group_arn": "arn:aws:elasticloadbalancing:us-east-1:672985825598:targetgroup/tgtestmessagebroker/ce81f65286d7162a",
                            "name": "messagebroker",
                            "network_configuration.#": "0",
                            "ordered_placement_strategy.#": "0",
                            "placement_constraints.#": "0",
                            "scheduling_strategy": "REPLICA",
                            "service_registries.#": "0",
                            "task_definition": "arn:aws:ecs:us-east-1:672985825598:task-definition/messagebroker-test:20"
                        },
                        "meta": {},
                        "tainted": false
                    },
                    "deposed": [],
                    "provider": "provider.aws"
                },
                "aws_ecs_service.main.9": {
                    "type": "aws_ecs_service",
                    "depends_on": [
                        "aws_alb.main",
                        "aws_alb_target_group.main.*",
                        "aws_ecs_task_definition.task_definition.*"
                    ],
                    "primary": {
                        "id": "arn:aws:ecs:us-east-1:672985825598:service/multitenant",
                        "attributes": {
                            "cluster": "Clinfeed-Test",
                            "deployment_maximum_percent": "200",
                            "deployment_minimum_healthy_percent": "50",
                            "desired_count": "1",
                            "health_check_grace_period_seconds": "180",
                            "iam_role": "aws-service-role",
                            "id": "arn:aws:ecs:us-east-1:672985825598:service/multitenant",
                            "launch_type": "EC2",
                            "load_balancer.#": "1",
                            "load_balancer.1308282516.container_name": "multitenant",
                            "load_balancer.1308282516.container_port": "7900",
                            "load_balancer.1308282516.elb_name": "",
                            "load_balancer.1308282516.target_group_arn": "arn:aws:elasticloadbalancing:us-east-1:672985825598:targetgroup/tgtestmultitenant/07c7571974c54039",
                            "name": "multitenant",
                            "network_configuration.#": "0",
                            "ordered_placement_strategy.#": "0",
                            "placement_constraints.#": "0",
                            "scheduling_strategy": "REPLICA",
                            "service_registries.#": "0",
                            "task_definition": "arn:aws:ecs:us-east-1:672985825598:task-definition/multitenant-test:20"
                        },
                        "meta": {},
                        "tainted": false
                    },
                    "deposed": [],
                    "provider": "provider.aws"
                },
                "aws_ecs_task_definition.task_definition.0": {
                    "type": "aws_ecs_task_definition",
                    "depends_on": [
                        "data.template_file.task_def.*"
                    ],
                    "primary": {
                        "id": "approvals-test",
                        "attributes": {
                            "arn": "arn:aws:ecs:us-east-1:672985825598:task-definition/approvals-test:26",
                            "container_definitions": "[{\"cpu\":512,\"environment\":[{\"name\":\"StorageService:BaseUrl\",\"value\":\"http://internal-clinfeed-alb-test-294952780.us-east-1.elb.amazonaws.com:3000/api/StorageService/\"},{\"name\":\"MessageBroker:BaseUrl\",\"value\":\"http://internal-clinfeed-alb-test-294952780.us-east-1.elb.amazonaws.com:5000/api/messagebroker\"},{\"name\":\"JwtOptions:Authority\",\"value\":\"https://fs.clinpay.com/adfs\"},{\"name\":\"ASPNETCORE_ENVIRONMENT\",\"value\":\"Development\"}],\"essential\":true,\"image\":\"672985825598.dkr.ecr.us-east-1.amazonaws.com/fls/approvals:latest\",\"logConfiguration\":{\"logDriver\":\"awslogs\",\"options\":{\"awslogs-group\":\"clinfeed-approvals-container-logs-test\",\"awslogs-region\":\"us-east-1\"}},\"memory\":1024,\"mountPoints\":[],\"name\":\"approvals\",\"portMappings\":[{\"containerPort\":9000,\"hostPort\":9000,\"protocol\":\"tcp\"}],\"volumesFrom\":[]}]",
                            "cpu": "",
                            "execution_role_arn": "",
                            "family": "approvals-test",
                            "id": "approvals-test",
                            "memory": "",
                            "network_mode": "bridge",
                            "placement_constraints.#": "0",
                            "requires_compatibilities.#": "0",
                            "revision": "26",
                            "task_role_arn": "",
                            "volume.#": "0"
                        },
                        "meta": {
                            "schema_version": "1"
                        },
                        "tainted": false
                    },
                    "deposed": [],
                    "provider": "provider.aws"
                },
                "aws_ecs_task_definition.task_definition.1": {
                    "type": "aws_ecs_task_definition",
                    "depends_on": [
                        "data.template_file.task_def.*"
                    ],
                    "primary": {
                        "id": "authorization-test",
                        "attributes": {
                            "arn": "arn:aws:ecs:us-east-1:672985825598:task-definition/authorization-test:25",
                            "container_definitions": "[{\"cpu\":512,\"environment\":[{\"name\":\"DataProvider:ConnectionString\",\"value\":\"Data Source=flsdb.czavkspy3bd9.us-east-1.rds.amazonaws.com;Initial Catalog=SystemDB;User Id=aoteam;Password=123@Queso;Integrated Security=false;Connection Timeout=60;MultipleActiveResultSets=false;\"},{\"name\":\"JwtOptions:Authority\",\"value\":\"https://fs.clinpay.com/adfs\"}],\"essential\":true,\"image\":\"672985825598.dkr.ecr.us-east-1.amazonaws.com/fls/authorization:latest\",\"logConfiguration\":{\"logDriver\":\"awslogs\",\"options\":{\"awslogs-group\":\"clinfeed-authorization-container-logs-test\",\"awslogs-region\":\"us-east-1\"}},\"memory\":1024,\"mountPoints\":[],\"name\":\"authorization\",\"portMappings\":[{\"containerPort\":7080,\"hostPort\":7080,\"protocol\":\"tcp\"}],\"volumesFrom\":[]}]",
                            "cpu": "",
                            "execution_role_arn": "",
                            "family": "authorization-test",
                            "id": "authorization-test",
                            "memory": "",
                            "network_mode": "bridge",
                            "placement_constraints.#": "0",
                            "requires_compatibilities.#": "0",
                            "revision": "25",
                            "task_role_arn": "",
                            "volume.#": "0"
                        },
                        "meta": {
                            "schema_version": "1"
                        },
                        "tainted": false
                    },
                    "deposed": [],
                    "provider": "provider.aws"
                },
                "aws_ecs_task_definition.task_definition.10": {
                    "type": "aws_ecs_task_definition",
                    "depends_on": [
                        "data.template_file.task_def.*"
                    ],
                    "primary": {
                        "id": "storageservice-test",
                        "attributes": {
                            "arn": "arn:aws:ecs:us-east-1:672985825598:task-definition/storageservice-test:20",
                            "container_definitions": "[{\"cpu\":256,\"environment\":[{\"name\":\"JwtOptions:Authority\",\"value\":\"https://fs.clinpay.com/adfs\"},{\"name\":\"StorageConfig:StorageMessageBrokerConnectionString\",\"value\":\"DefaultEndpointsProtocol=https;AccountName=clinfeedstoragedev;AccountKey=2wEq4KK+JtMc4O5Twtjcat61uIZiiZhCz405P2IA+ex4tUSCvCL5ge5H/AWmbyfFoMjKoMHGkbOVkTF4me7++A==;BlobEndpoint=https://clinfeedstoragedev.blob.core.windows.net/\"}],\"essential\":true,\"image\":\"672985825598.dkr.ecr.us-east-1.amazonaws.com/fls/storageservice:latest\",\"logConfiguration\":{\"logDriver\":\"awslogs\",\"options\":{\"awslogs-group\":\"clinfeed-storageservice-container-logs-test\",\"awslogs-region\":\"us-east-1\"}},\"memory\":512,\"mountPoints\":[],\"name\":\"storageservice\",\"portMappings\":[{\"containerPort\":3000,\"hostPort\":3000,\"protocol\":\"tcp\"}],\"volumesFrom\":[]}]",
                            "cpu": "",
                            "execution_role_arn": "",
                            "family": "storageservice-test",
                            "id": "storageservice-test",
                            "memory": "",
                            "network_mode": "bridge",
                            "placement_constraints.#": "0",
                            "requires_compatibilities.#": "0",
                            "revision": "20",
                            "task_role_arn": "",
                            "volume.#": "0"
                        },
                        "meta": {
                            "schema_version": "1"
                        },
                        "tainted": false
                    },
                    "deposed": [],
                    "provider": "provider.aws"
                },
                "aws_ecs_task_definition.task_definition.11": {
                    "type": "aws_ecs_task_definition",
                    "depends_on": [
                        "data.template_file.task_def.*"
                    ],
                    "primary": {
                        "id": "studyconfiguration-test",
                        "attributes": {
                            "arn": "arn:aws:ecs:us-east-1:672985825598:task-definition/studyconfiguration-test:20",
                            "container_definitions": "[{\"cpu\":256,\"environment\":[{\"name\":\"JwtOptions:Authority\",\"value\":\"https://fs.clinpay.com/adfs\"}],\"essential\":true,\"image\":\"672985825598.dkr.ecr.us-east-1.amazonaws.com/fls/studyconfiguration:latest\",\"logConfiguration\":{\"logDriver\":\"awslogs\",\"options\":{\"awslogs-group\":\"clinfeed-studyconfiguration-container-logs-test\",\"awslogs-region\":\"us-east-1\"}},\"memory\":512,\"mountPoints\":[],\"name\":\"studyconfiguration\",\"portMappings\":[{\"containerPort\":7070,\"hostPort\":7070,\"protocol\":\"tcp\"}],\"volumesFrom\":[]}]",
                            "cpu": "",
                            "execution_role_arn": "",
                            "family": "studyconfiguration-test",
                            "id": "studyconfiguration-test",
                            "memory": "",
                            "network_mode": "bridge",
                            "placement_constraints.#": "0",
                            "requires_compatibilities.#": "0",
                            "revision": "20",
                            "task_role_arn": "",
                            "volume.#": "0"
                        },
                        "meta": {
                            "schema_version": "1"
                        },
                        "tainted": false
                    },
                    "deposed": [],
                    "provider": "provider.aws"
                },
                "aws_ecs_task_definition.task_definition.12": {
                    "type": "aws_ecs_task_definition",
                    "depends_on": [
                        "data.template_file.task_def.*"
                    ],
                    "primary": {
                        "id": "studyevent-cvops-test",
                        "attributes": {
                            "arn": "arn:aws:ecs:us-east-1:672985825598:task-definition/studyevent-cvops-test:20",
                            "container_definitions": "[{\"cpu\":256,\"environment\":[{\"name\":\"ConnectionStrings:QueueStubStore\",\"value\":\"Data Source=flsdb.czavkspy3bd9.us-east-1.rds.amazonaws.com;Initial Catalog=StudyEventDB;User Id=ClinFeeduser;Password=Abcd@4321;Integrated Security=false;Connection Timeout=60;MultipleActiveResultSets=false;\"},{\"name\":\"JwtOptions:Authority\",\"value\":\"https://fs.clinpay.com/adfs\"},{\"name\":\"ExternalServices:QueueServiceURI\",\"value\":\"http://internal-clinfeed-alb-test-294952780.us-east-1.elb.amazonaws.com:5000/api/MessageBroker/queuemessage\"},{\"name\":\"ConnectionStrings:BlobStubStore\",\"value\":\"Data Source=flsdb.czavkspy3bd9.us-east-1.rds.amazonaws.com;Initial Catalog=StudyEventDB;User Id=ClinFeeduser;Password=Abcd@4321;Integrated Security=false;Connection Timeout=60;MultipleActiveResultSets=false;\"},{\"name\":\"ExternalServices:BlobServiceURI\",\"value\":\"http://internal-clinfeed-alb-test-294952780.us-east-1.elb.amazonaws.com:3000/api/StorageService/datablob\"},{\"name\":\"ConnectionStrings:SystemTenantDB\",\"value\":\"Data Source=flsdb.czavkspy3bd9.us-east-1.rds.amazonaws.com;Initial Catalog=SystemDB;User Id=ClinFeeduser;Password=Abcd@4321;Integrated Security=false;Connection Timeout=60;MultipleActiveResultSets=false;\"}],\"essential\":true,\"image\":\"672985825598.dkr.ecr.us-east-1.amazonaws.com/fls/studyevent:latest\",\"logConfiguration\":{\"logDriver\":\"awslogs\",\"options\":{\"awslogs-group\":\"clinfeed-studyevent-cvops-container-logs-test\",\"awslogs-region\":\"us-east-1\"}},\"memory\":512,\"mountPoints\":[],\"name\":\"studyevent-cvops\",\"portMappings\":[{\"containerPort\":5600,\"hostPort\":5602,\"protocol\":\"tcp\"}],\"volumesFrom\":[]}]",
                            "cpu": "",
                            "execution_role_arn": "",
                            "family": "studyevent-cvops-test",
                            "id": "studyevent-cvops-test",
                            "memory": "",
                            "network_mode": "bridge",
                            "placement_constraints.#": "0",
                            "requires_compatibilities.#": "0",
                            "revision": "20",
                            "task_role_arn": "",
                            "volume.#": "0"
                        },
                        "meta": {
                            "schema_version": "1"
                        },
                        "tainted": false
                    },
                    "deposed": [],
                    "provider": "provider.aws"
                },
                "aws_ecs_task_definition.task_definition.13": {
                    "type": "aws_ecs_task_definition",
                    "depends_on": [
                        "data.template_file.task_def.*"
                    ],
                    "primary": {
                        "id": "transformevents-test",
                        "attributes": {
                            "arn": "arn:aws:ecs:us-east-1:672985825598:task-definition/transformevents-test:20",
                            "container_definitions": "[{\"cpu\":256,\"environment\":[{\"name\":\"ExternalServices:EventDatesURI\",\"value\":\"dates/\"},{\"name\":\"JwtOptions:Authority\",\"value\":\"https://fs.clinpay.com/adfs\"},{\"name\":\"ExternalServices:FeedServiceQuery\",\"value\":\"feeds?id=\"},{\"name\":\"ExternalServices:EventDateServiceBase\",\"value\":\"http://internal-clinfeed-alb-test-294952780.us-east-1.elb.amazonaws.com:5400/api/eventdateconfig/\"},{\"name\":\"ExternalServices:FeedServiceBase\",\"value\":\"http://internal-clinfeed-alb-test-294952780.us-east-1.elb.amazonaws.com:7000/api/feedstore/\"}],\"essential\":true,\"image\":\"672985825598.dkr.ecr.us-east-1.amazonaws.com/fls/transformevents:latest\",\"logConfiguration\":{\"logDriver\":\"awslogs\",\"options\":{\"awslogs-group\":\"clinfeed-transformevents-container-logs-test\",\"awslogs-region\":\"us-east-1\"}},\"memory\":512,\"mountPoints\":[],\"name\":\"transformevents\",\"portMappings\":[{\"containerPort\":7050,\"hostPort\":7050,\"protocol\":\"tcp\"}],\"volumesFrom\":[]}]",
                            "cpu": "",
                            "execution_role_arn": "",
                            "family": "transformevents-test",
                            "id": "transformevents-test",
                            "memory": "",
                            "network_mode": "bridge",
                            "placement_constraints.#": "0",
                            "requires_compatibilities.#": "0",
                            "revision": "20",
                            "task_role_arn": "",
                            "volume.#": "0"
                        },
                        "meta": {
                            "schema_version": "1"
                        },
                        "tainted": false
                    },
                    "deposed": [],
                    "provider": "provider.aws"
                },
                "aws_ecs_task_definition.task_definition.14": {
                    "type": "aws_ecs_task_definition",
                    "depends_on": [
                        "data.template_file.task_def.*"
                    ],
                    "primary": {
                        "id": "uiservice-test",
                        "attributes": {
                            "arn": "arn:aws:ecs:us-east-1:672985825598:task-definition/uiservice-test:20",
                            "container_definitions": "[{\"cpu\":256,\"environment\":[{\"name\":\"ExternalServices:ApprovalServiceURI\",\"value\":\"http://internal-clinfeed-alb-test-294952780.us-east-1.elb.amazonaws.com:9000/api/approvals\"},{\"name\":\"JwtOptions:Authority\",\"value\":\"https://fs.clinpay.com/adfs\"},{\"name\":\"ExternalServices:FeedServiceURI\",\"value\":\"http://internal-clinfeed-alb-test-294952780.us-east-1.elb.amazonaws.com:7000/api/feedstore/\"}],\"essential\":true,\"image\":\"672985825598.dkr.ecr.us-east-1.amazonaws.com/fls/uiservice:latest\",\"logConfiguration\":{\"logDriver\":\"awslogs\",\"options\":{\"awslogs-group\":\"clinfeed-uiservice-container-logs-test\",\"awslogs-region\":\"us-east-1\"}},\"memory\":512,\"mountPoints\":[],\"name\":\"uiservice\",\"portMappings\":[{\"containerPort\":7095,\"hostPort\":7095,\"protocol\":\"tcp\"}],\"volumesFrom\":[]}]",
                            "cpu": "",
                            "execution_role_arn": "",
                            "family": "uiservice-test",
                            "id": "uiservice-test",
                            "memory": "",
                            "network_mode": "bridge",
                            "placement_constraints.#": "0",
                            "requires_compatibilities.#": "0",
                            "revision": "20",
                            "task_role_arn": "",
                            "volume.#": "0"
                        },
                        "meta": {
                            "schema_version": "1"
                        },
                        "tainted": false
                    },
                    "deposed": [],
                    "provider": "provider.aws"
                },
                "aws_ecs_task_definition.task_definition.15": {
                    "type": "aws_ecs_task_definition",
                    "depends_on": [
                        "data.template_file.task_def.*"
                    ],
                    "primary": {
                        "id": "clinfeedui-test",
                        "attributes": {
                            "arn": "arn:aws:ecs:us-east-1:672985825598:task-definition/clinfeedui-test:15",
                            "container_definitions": "[{\"cpu\":1024,\"environment\":[{\"name\":\"FEED_SERVICE_HOST\",\"value\":\"http://internal-clinfeed-alb-test-294952780.us-east-1.elb.amazonaws.com:7000\"},{\"name\":\"DATECONFIG_HOST\",\"value\":\"http://internal-clinfeed-alb-test-294952780.us-east-1.elb.amazonaws.com:5400\"},{\"name\":\"APPROVALS_HOST\",\"value\":\"http://internal-clinfeed-alb-test-294952780.us-east-1.elb.amazonaws.com:9000\"},{\"name\":\"MULTITENANTS_HOST\",\"value\":\"http://internal-clinfeed-alb-test-294952780.us-east-1.elb.amazonaws.com:7900\"},{\"name\":\"UISERVICE_HOST\",\"value\":\"http://internal-clinfeed-alb-test-294952780.us-east-1.elb.amazonaws.com:7095\"},{\"name\":\"AUTH_HOST\",\"value\":\"http://internal-clinfeed-alb-test-294952780.us-east-1.elb.amazonaws.com:7080\"},{\"name\":\"IDLE_TIMEOUT\",\"value\":\"600\"},{\"name\":\"THRESHOLD_HOST\",\"value\":\"http://internal-clinfeed-alb-test-294952780.us-east-1.elb.amazonaws.com:9000\"},{\"name\":\"MESSAGEBROKER_HOST\",\"value\":\"http://internal-clinfeed-alb-test-294952780.us-east-1.elb.amazonaws.com:5000\"},{\"name\":\"REFRESH_INTERVAL\",\"value\":\"3300\"},{\"name\":\"ADFSURL\",\"value\":\"https://fs.clinpay.com/adfs\"}],\"essential\":true,\"image\":\"672985825598.dkr.ecr.us-east-1.amazonaws.com/fls/clinfeedui:latest\",\"logConfiguration\":{\"logDriver\":\"awslogs\",\"options\":{\"awslogs-group\":\"clinfeed-clinfeedui-container-logs-test\",\"awslogs-region\":\"us-east-1\"}},\"memory\":2048,\"mountPoints\":[],\"name\":\"clinfeedui\",\"portMappings\":[{\"containerPort\":4200,\"hostPort\":4200,\"protocol\":\"tcp\"}],\"volumesFrom\":[]}]",
                            "cpu": "",
                            "execution_role_arn": "",
                            "family": "clinfeedui-test",
                            "id": "clinfeedui-test",
                            "memory": "",
                            "network_mode": "bridge",
                            "placement_constraints.#": "0",
                            "requires_compatibilities.#": "0",
                            "revision": "15",
                            "task_role_arn": "",
                            "volume.#": "0"
                        },
                        "meta": {
                            "schema_version": "1"
                        },
                        "tainted": false
                    },
                    "deposed": [],
                    "provider": "provider.aws"
                },
                "aws_ecs_task_definition.task_definition.2": {
                    "type": "aws_ecs_task_definition",
                    "depends_on": [
                        "data.template_file.task_def.*"
                    ],
                    "primary": {
                        "id": "clinconnectbridge-test",
                        "attributes": {
                            "arn": "arn:aws:ecs:us-east-1:672985825598:task-definition/clinconnectbridge-test:26",
                            "container_definitions": "[{\"cpu\":256,\"environment\":[{\"name\":\"JwtOptions:Authority\",\"value\":\"https://fs.clinpay.com/adfs\"}],\"essential\":true,\"image\":\"672985825598.dkr.ecr.us-east-1.amazonaws.com/fls/clinconnectbridge:latest\",\"logConfiguration\":{\"logDriver\":\"awslogs\",\"options\":{\"awslogs-group\":\"clinfeed-clinconnectbridge-container-logs-test\",\"awslogs-region\":\"us-east-1\"}},\"memory\":512,\"mountPoints\":[],\"name\":\"clinconnectbridge\",\"portMappings\":[{\"containerPort\":5800,\"hostPort\":5800,\"protocol\":\"tcp\"}],\"volumesFrom\":[]}]",
                            "cpu": "",
                            "execution_role_arn": "",
                            "family": "clinconnectbridge-test",
                            "id": "clinconnectbridge-test",
                            "memory": "",
                            "network_mode": "bridge",
                            "placement_constraints.#": "0",
                            "requires_compatibilities.#": "0",
                            "revision": "26",
                            "task_role_arn": "",
                            "volume.#": "0"
                        },
                        "meta": {
                            "schema_version": "1"
                        },
                        "tainted": false
                    },
                    "deposed": [],
                    "provider": "provider.aws"
                },
                "aws_ecs_task_definition.task_definition.3": {
                    "type": "aws_ecs_task_definition",
                    "depends_on": [
                        "data.template_file.task_def.*"
                    ],
                    "primary": {
                        "id": "clinpointbridge-cvops-test",
                        "attributes": {
                            "arn": "arn:aws:ecs:us-east-1:672985825598:task-definition/clinpointbridge-cvops-test:24",
                            "container_definitions": "[{\"cpu\":256,\"environment\":[{\"name\":\"DataProvider:ConnectionString\",\"value\":\"Data Source=flsdb.czavkspy3bd9.us-east-1.rds.amazonaws.com;Initial Catalog=ClinPointDB;User Id=ClinFeeduser;Password=Abcd@4321;Integrated Security=false;Connection Timeout=60;MultipleActiveResultSets=false;\"},{\"name\":\"JwtOptions:Authority\",\"value\":\"https://fs.clinpay.com/adfs\"}],\"essential\":true,\"image\":\"672985825598.dkr.ecr.us-east-1.amazonaws.com/fls/clinpointbridge:latest\",\"logConfiguration\":{\"logDriver\":\"awslogs\",\"options\":{\"awslogs-group\":\"clinfeed-clinpointbridge-cvops-container-logs-test\",\"awslogs-region\":\"us-east-1\"}},\"memory\":512,\"mountPoints\":[],\"name\":\"clinpointbridge-cvops\",\"portMappings\":[{\"containerPort\":5700,\"hostPort\":5702,\"protocol\":\"tcp\"}],\"volumesFrom\":[]}]",
                            "cpu": "",
                            "execution_role_arn": "",
                            "family": "clinpointbridge-cvops-test",
                            "id": "clinpointbridge-cvops-test",
                            "memory": "",
                            "network_mode": "bridge",
                            "placement_constraints.#": "0",
                            "requires_compatibilities.#": "0",
                            "revision": "24",
                            "task_role_arn": "",
                            "volume.#": "0"
                        },
                        "meta": {
                            "schema_version": "1"
                        },
                        "tainted": false
                    },
                    "deposed": [],
                    "provider": "provider.aws"
                },
                "aws_ecs_task_definition.task_definition.4": {
                    "type": "aws_ecs_task_definition",
                    "depends_on": [
                        "data.template_file.task_def.*"
                    ],
                    "primary": {
                        "id": "emailgateway-test",
                        "attributes": {
                            "arn": "arn:aws:ecs:us-east-1:672985825598:task-definition/emailgateway-test:20",
                            "container_definitions": "[{\"cpu\":256,\"environment\":[{\"name\":\"JwtOptions:Authority\",\"value\":\"https://fs.clinpay.com/adfs\"}],\"essential\":true,\"image\":\"672985825598.dkr.ecr.us-east-1.amazonaws.com/fls/emailgateway:latest\",\"logConfiguration\":{\"logDriver\":\"awslogs\",\"options\":{\"awslogs-group\":\"clinfeed-emailgateway-container-logs-test\",\"awslogs-region\":\"us-east-1\"}},\"memory\":512,\"mountPoints\":[],\"name\":\"emailgateway\",\"portMappings\":[{\"containerPort\":7098,\"hostPort\":7098,\"protocol\":\"tcp\"}],\"volumesFrom\":[]}]",
                            "cpu": "",
                            "execution_role_arn": "",
                            "family": "emailgateway-test",
                            "id": "emailgateway-test",
                            "memory": "",
                            "network_mode": "bridge",
                            "placement_constraints.#": "0",
                            "requires_compatibilities.#": "0",
                            "revision": "20",
                            "task_role_arn": "",
                            "volume.#": "0"
                        },
                        "meta": {
                            "schema_version": "1"
                        },
                        "tainted": false
                    },
                    "deposed": [],
                    "provider": "provider.aws"
                },
                "aws_ecs_task_definition.task_definition.5": {
                    "type": "aws_ecs_task_definition",
                    "depends_on": [
                        "data.template_file.task_def.*"
                    ],
                    "primary": {
                        "id": "eventdateconfig-test",
                        "attributes": {
                            "arn": "arn:aws:ecs:us-east-1:672985825598:task-definition/eventdateconfig-test:20",
                            "container_definitions": "[{\"cpu\":256,\"environment\":[{\"name\":\"ExternalServices:DateConfigContainer\",\"value\":\"dateconfigcontainer\"},{\"name\":\"JwtOptions:Authority\",\"value\":\"https://fs.clinpay.com/adfs\"},{\"name\":\"ExternalServices:StorageServiceURI\",\"value\":\"http://internal-clinfeed-alb-test-294952780.us-east-1.elb.amazonaws.com:3000/api/StorageService\"}],\"essential\":true,\"image\":\"672985825598.dkr.ecr.us-east-1.amazonaws.com/fls/eventdateconfig:latest\",\"logConfiguration\":{\"logDriver\":\"awslogs\",\"options\":{\"awslogs-group\":\"clinfeed-eventdateconfig-container-logs-test\",\"awslogs-region\":\"us-east-1\"}},\"memory\":512,\"mountPoints\":[],\"name\":\"eventdateconfig\",\"portMappings\":[{\"containerPort\":5400,\"hostPort\":5400,\"protocol\":\"tcp\"}],\"volumesFrom\":[]}]",
                            "cpu": "",
                            "execution_role_arn": "",
                            "family": "eventdateconfig-test",
                            "id": "eventdateconfig-test",
                            "memory": "",
                            "network_mode": "bridge",
                            "placement_constraints.#": "0",
                            "requires_compatibilities.#": "0",
                            "revision": "20",
                            "task_role_arn": "",
                            "volume.#": "0"
                        },
                        "meta": {
                            "schema_version": "1"
                        },
                        "tainted": false
                    },
                    "deposed": [],
                    "provider": "provider.aws"
                },
                "aws_ecs_task_definition.task_definition.6": {
                    "type": "aws_ecs_task_definition",
                    "depends_on": [
                        "data.template_file.task_def.*"
                    ],
                    "primary": {
                        "id": "feedservice-test",
                        "attributes": {
                            "arn": "arn:aws:ecs:us-east-1:672985825598:task-definition/feedservice-test:20",
                            "container_definitions": "[{\"cpu\":256,\"environment\":[{\"name\":\"StorageService:BaseUrl\",\"value\":\"http://internal-clinfeed-alb-test-294952780.us-east-1.elb.amazonaws.com:3000/api/storageservice/\"},{\"name\":\"MessageBroker:BaseUrl\",\"value\":\"http://internal-clinfeed-alb-test-294952780.us-east-1.elb.amazonaws.com:5000/api/messagebroker/\"},{\"name\":\"JwtOptions:Authority\",\"value\":\"https://fs.clinpay.com/adfs\"},{\"name\":\"FeedService:BaseUrl\",\"value\":\"http://internal-clinfeed-alb-test-294952780.us-east-1.elb.amazonaws.com:7000/api/feedstore/\"},{\"name\":\"ApprovalService:BaseUrl\",\"value\":\"http://internal-clinfeed-alb-test-294952780.us-east-1.elb.amazonaws.com:9000/api/approvals/\"}],\"essential\":true,\"image\":\"672985825598.dkr.ecr.us-east-1.amazonaws.com/fls/feedservice:latest\",\"logConfiguration\":{\"logDriver\":\"awslogs\",\"options\":{\"awslogs-group\":\"clinfeed-feedservice-container-logs-test\",\"awslogs-region\":\"us-east-1\"}},\"memory\":512,\"mountPoints\":[],\"name\":\"feedservice\",\"portMappings\":[{\"containerPort\":7000,\"hostPort\":7000,\"protocol\":\"tcp\"}],\"volumesFrom\":[]}]",
                            "cpu": "",
                            "execution_role_arn": "",
                            "family": "feedservice-test",
                            "id": "feedservice-test",
                            "memory": "",
                            "network_mode": "bridge",
                            "placement_constraints.#": "0",
                            "requires_compatibilities.#": "0",
                            "revision": "20",
                            "task_role_arn": "",
                            "volume.#": "0"
                        },
                        "meta": {
                            "schema_version": "1"
                        },
                        "tainted": false
                    },
                    "deposed": [],
                    "provider": "provider.aws"
                },
                "aws_ecs_task_definition.task_definition.7": {
                    "type": "aws_ecs_task_definition",
                    "depends_on": [
                        "data.template_file.task_def.*"
                    ],
                    "primary": {
                        "id": "mappingrules-cvops-test",
                        "attributes": {
                            "arn": "arn:aws:ecs:us-east-1:672985825598:task-definition/mappingrules-cvops-test:20",
                            "container_definitions": "[{\"cpu\":256,\"environment\":[{\"name\":\"JwtOptions:Authority\",\"value\":\"https://fs.clinpay.com/adfs\"},{\"name\":\"ClinpayConfig:SystemTenantDbConnString\",\"value\":\"Data Source=flsdb.czavkspy3bd9.us-east-1.rds.amazonaws.com;Initial Catalog=SystemDB;User Id=ClinFeeduser;Password=Abcd@4321;Integrated Security=false;Connection Timeout=60;MultipleActiveResultSets=false;\"}],\"essential\":true,\"image\":\"672985825598.dkr.ecr.us-east-1.amazonaws.com/fls/mappingrules:latest\",\"logConfiguration\":{\"logDriver\":\"awslogs\",\"options\":{\"awslogs-group\":\"clinfeed-mappingrules-cvops-container-logs-test\",\"awslogs-region\":\"us-east-1\"}},\"memory\":512,\"mountPoints\":[],\"name\":\"mappingrules-cvops\",\"portMappings\":[{\"containerPort\":5500,\"hostPort\":5502,\"protocol\":\"tcp\"}],\"volumesFrom\":[]}]",
                            "cpu": "",
                            "execution_role_arn": "",
                            "family": "mappingrules-cvops-test",
                            "id": "mappingrules-cvops-test",
                            "memory": "",
                            "network_mode": "bridge",
                            "placement_constraints.#": "0",
                            "requires_compatibilities.#": "0",
                            "revision": "20",
                            "task_role_arn": "",
                            "volume.#": "0"
                        },
                        "meta": {
                            "schema_version": "1"
                        },
                        "tainted": false
                    },
                    "deposed": [],
                    "provider": "provider.aws"
                },
                "aws_ecs_task_definition.task_definition.8": {
                    "type": "aws_ecs_task_definition",
                    "depends_on": [
                        "data.template_file.task_def.*"
                    ],
                    "primary": {
                        "id": "messagebroker-test",
                        "attributes": {
                            "arn": "arn:aws:ecs:us-east-1:672985825598:task-definition/messagebroker-test:20",
                            "container_definitions": "[{\"cpu\":256,\"environment\":[{\"name\":\"AnypointMqConfig:BaseUrl\",\"value\":\"https://mq-us-east-1.anypoint.mulesoft.com/api/v1/\"},{\"name\":\"JwtOptions:Authority\",\"value\":\"https://fs.clinpay.com/adfs\"},{\"name\":\"AnypointMqConfig:ClientId\",\"value\":\"f8452cc7acc649aaa6ca2c4030710473\"},{\"name\":\"AnypointMqConfig:ClientSecret\",\"value\":\"be8298a197514f0585226977042EBDEA\"}],\"essential\":true,\"image\":\"672985825598.dkr.ecr.us-east-1.amazonaws.com/fls/messagebroker:latest\",\"logConfiguration\":{\"logDriver\":\"awslogs\",\"options\":{\"awslogs-group\":\"clinfeed-messagebroker-container-logs-test\",\"awslogs-region\":\"us-east-1\"}},\"memory\":512,\"mountPoints\":[],\"name\":\"messagebroker\",\"portMappings\":[{\"containerPort\":5000,\"hostPort\":5000,\"protocol\":\"tcp\"}],\"volumesFrom\":[]}]",
                            "cpu": "",
                            "execution_role_arn": "",
                            "family": "messagebroker-test",
                            "id": "messagebroker-test",
                            "memory": "",
                            "network_mode": "bridge",
                            "placement_constraints.#": "0",
                            "requires_compatibilities.#": "0",
                            "revision": "20",
                            "task_role_arn": "",
                            "volume.#": "0"
                        },
                        "meta": {
                            "schema_version": "1"
                        },
                        "tainted": false
                    },
                    "deposed": [],
                    "provider": "provider.aws"
                },
                "aws_ecs_task_definition.task_definition.9": {
                    "type": "aws_ecs_task_definition",
                    "depends_on": [
                        "data.template_file.task_def.*"
                    ],
                    "primary": {
                        "id": "multitenant-test",
                        "attributes": {
                            "arn": "arn:aws:ecs:us-east-1:672985825598:task-definition/multitenant-test:20",
                            "container_definitions": "[{\"cpu\":256,\"environment\":[{\"name\":\"JwtOptions:Authority\",\"value\":\"https://fs.clinpay.com/adfs\"},{\"name\":\"ExternalServices:AuthorizationsTenantsURI\",\"value\":\"http://internal-clinfeed-alb-test-294952780.us-east-1.elb.amazonaws.com:7080/api/authorizationsservice/authorizationsTenants/\"},{\"name\":\"ExternalServices:AuthorizationsURI\",\"value\":\"http://internal-clinfeed-alb-test-294952780.us-east-1.elb.amazonaws.com:7080/api/authorizationsservice/authorizations/\"},{\"name\":\"ExternalServices:MultiTenantContainer\",\"value\":\"multitenantcontainer\"},{\"name\":\"ExternalServices:StorageServiceURI\",\"value\":\"http://internal-clinfeed-alb-test-294952780.us-east-1.elb.amazonaws.com:3000/api/StorageService/datablobs/\"}],\"essential\":true,\"image\":\"672985825598.dkr.ecr.us-east-1.amazonaws.com/fls/multitenant:latest\",\"logConfiguration\":{\"logDriver\":\"awslogs\",\"options\":{\"awslogs-group\":\"clinfeed-multitenant-container-logs-test\",\"awslogs-region\":\"us-east-1\"}},\"memory\":512,\"mountPoints\":[],\"name\":\"multitenant\",\"portMappings\":[{\"containerPort\":7900,\"hostPort\":7900,\"protocol\":\"tcp\"}],\"volumesFrom\":[]}]",
                            "cpu": "",
                            "execution_role_arn": "",
                            "family": "multitenant-test",
                            "id": "multitenant-test",
                            "memory": "",
                            "network_mode": "bridge",
                            "placement_constraints.#": "0",
                            "requires_compatibilities.#": "0",
                            "revision": "20",
                            "task_role_arn": "",
                            "volume.#": "0"
                        },
                        "meta": {
                            "schema_version": "1"
                        },
                        "tainted": false
                    },
                    "deposed": [],
                    "provider": "provider.aws"
                },
                "aws_lb_listener_rule.clinfeed.0": {
                    "type": "aws_lb_listener_rule",
                    "depends_on": [
                        "aws_alb_listener.https",
                        "aws_alb_target_group.main.*"
                    ],
                    "primary": {
                        "id": "arn:aws:elasticloadbalancing:us-east-1:672985825598:listener-rule/app/clinfeed-alb-test/ef9d93025be2c198/783ebb5346921e7a/ced2b9fc639ccd28",
                        "attributes": {
                            "action.#": "1",
                            "action.0.target_group_arn": "arn:aws:elasticloadbalancing:us-east-1:672985825598:targetgroup/tgtestapprovals/00c15d328009f02d",
                            "action.0.type": "forward",
                            "arn": "arn:aws:elasticloadbalancing:us-east-1:672985825598:listener-rule/app/clinfeed-alb-test/ef9d93025be2c198/783ebb5346921e7a/ced2b9fc639ccd28",
                            "condition.#": "1",
                            "condition.4011174674.field": "path-pattern",
                            "condition.4011174674.values.#": "1",
                            "condition.4011174674.values.0": "/api/approvals*",
                            "id": "arn:aws:elasticloadbalancing:us-east-1:672985825598:listener-rule/app/clinfeed-alb-test/ef9d93025be2c198/783ebb5346921e7a/ced2b9fc639ccd28",
                            "listener_arn": "arn:aws:elasticloadbalancing:us-east-1:672985825598:listener/app/clinfeed-alb-test/ef9d93025be2c198/783ebb5346921e7a",
                            "priority": "1"
                        },
                        "meta": {},
                        "tainted": false
                    },
                    "deposed": [],
                    "provider": "provider.aws"
                },
                "aws_lb_listener_rule.clinfeed.1": {
                    "type": "aws_lb_listener_rule",
                    "depends_on": [
                        "aws_alb_listener.https",
                        "aws_alb_target_group.main.*"
                    ],
                    "primary": {
                        "id": "arn:aws:elasticloadbalancing:us-east-1:672985825598:listener-rule/app/clinfeed-alb-test/ef9d93025be2c198/783ebb5346921e7a/c2786238623d0c4f",
                        "attributes": {
                            "action.#": "1",
                            "action.0.target_group_arn": "arn:aws:elasticloadbalancing:us-east-1:672985825598:targetgroup/tgtestauthorization/d3f39e8c31aa4cca",
                            "action.0.type": "forward",
                            "arn": "arn:aws:elasticloadbalancing:us-east-1:672985825598:listener-rule/app/clinfeed-alb-test/ef9d93025be2c198/783ebb5346921e7a/c2786238623d0c4f",
                            "condition.#": "1",
                            "condition.2473752528.field": "path-pattern",
                            "condition.2473752528.values.#": "1",
                            "condition.2473752528.values.0": "/api/authorization*",
                            "id": "arn:aws:elasticloadbalancing:us-east-1:672985825598:listener-rule/app/clinfeed-alb-test/ef9d93025be2c198/783ebb5346921e7a/c2786238623d0c4f",
                            "listener_arn": "arn:aws:elasticloadbalancing:us-east-1:672985825598:listener/app/clinfeed-alb-test/ef9d93025be2c198/783ebb5346921e7a",
                            "priority": "2"
                        },
                        "meta": {},
                        "tainted": false
                    },
                    "deposed": [],
                    "provider": "provider.aws"
                },
                "aws_lb_listener_rule.clinfeed.10": {
                    "type": "aws_lb_listener_rule",
                    "depends_on": [
                        "aws_alb_listener.https",
                        "aws_alb_target_group.main.*"
                    ],
                    "primary": {
                        "id": "arn:aws:elasticloadbalancing:us-east-1:672985825598:listener-rule/app/clinfeed-alb-test/ef9d93025be2c198/783ebb5346921e7a/74c838db435388e5",
                        "attributes": {
                            "action.#": "1",
                            "action.0.target_group_arn": "arn:aws:elasticloadbalancing:us-east-1:672985825598:targetgroup/tgteststorageservice/51ae506f501a0253",
                            "action.0.type": "forward",
                            "arn": "arn:aws:elasticloadbalancing:us-east-1:672985825598:listener-rule/app/clinfeed-alb-test/ef9d93025be2c198/783ebb5346921e7a/74c838db435388e5",
                            "condition.#": "1",
                            "condition.2676603609.field": "path-pattern",
                            "condition.2676603609.values.#": "1",
                            "condition.2676603609.values.0": "/api/storageservice*",
                            "id": "arn:aws:elasticloadbalancing:us-east-1:672985825598:listener-rule/app/clinfeed-alb-test/ef9d93025be2c198/783ebb5346921e7a/74c838db435388e5",
                            "listener_arn": "arn:aws:elasticloadbalancing:us-east-1:672985825598:listener/app/clinfeed-alb-test/ef9d93025be2c198/783ebb5346921e7a",
                            "priority": "11"
                        },
                        "meta": {},
                        "tainted": false
                    },
                    "deposed": [],
                    "provider": "provider.aws"
                },
                "aws_lb_listener_rule.clinfeed.11": {
                    "type": "aws_lb_listener_rule",
                    "depends_on": [
                        "aws_alb_listener.https",
                        "aws_alb_target_group.main.*"
                    ],
                    "primary": {
                        "id": "arn:aws:elasticloadbalancing:us-east-1:672985825598:listener-rule/app/clinfeed-alb-test/ef9d93025be2c198/783ebb5346921e7a/2ac20bf3a8e2fbcd",
                        "attributes": {
                            "action.#": "1",
                            "action.0.target_group_arn": "arn:aws:elasticloadbalancing:us-east-1:672985825598:targetgroup/tgteststudyconfiguration/1db88f8e449eb348",
                            "action.0.type": "forward",
                            "arn": "arn:aws:elasticloadbalancing:us-east-1:672985825598:listener-rule/app/clinfeed-alb-test/ef9d93025be2c198/783ebb5346921e7a/2ac20bf3a8e2fbcd",
                            "condition.#": "1",
                            "condition.1105114379.field": "path-pattern",
                            "condition.1105114379.values.#": "1",
                            "condition.1105114379.values.0": "/api/studyconfiguration*",
                            "id": "arn:aws:elasticloadbalancing:us-east-1:672985825598:listener-rule/app/clinfeed-alb-test/ef9d93025be2c198/783ebb5346921e7a/2ac20bf3a8e2fbcd",
                            "listener_arn": "arn:aws:elasticloadbalancing:us-east-1:672985825598:listener/app/clinfeed-alb-test/ef9d93025be2c198/783ebb5346921e7a",
                            "priority": "12"
                        },
                        "meta": {},
                        "tainted": false
                    },
                    "deposed": [],
                    "provider": "provider.aws"
                },
                "aws_lb_listener_rule.clinfeed.12": {
                    "type": "aws_lb_listener_rule",
                    "depends_on": [
                        "aws_alb_listener.https",
                        "aws_alb_target_group.main.*"
                    ],
                    "primary": {
                        "id": "arn:aws:elasticloadbalancing:us-east-1:672985825598:listener-rule/app/clinfeed-alb-test/ef9d93025be2c198/783ebb5346921e7a/0470c11bf4e72cbe",
                        "attributes": {
                            "action.#": "1",
                            "action.0.target_group_arn": "arn:aws:elasticloadbalancing:us-east-1:672985825598:targetgroup/tgteststudyevent-cvops/1075c0814353b7f8",
                            "action.0.type": "forward",
                            "arn": "arn:aws:elasticloadbalancing:us-east-1:672985825598:listener-rule/app/clinfeed-alb-test/ef9d93025be2c198/783ebb5346921e7a/0470c11bf4e72cbe",
                            "condition.#": "1",
                            "condition.2062513909.field": "path-pattern",
                            "condition.2062513909.values.#": "1",
                            "condition.2062513909.values.0": "/api/studyevent-cvops*",
                            "id": "arn:aws:elasticloadbalancing:us-east-1:672985825598:listener-rule/app/clinfeed-alb-test/ef9d93025be2c198/783ebb5346921e7a/0470c11bf4e72cbe",
                            "listener_arn": "arn:aws:elasticloadbalancing:us-east-1:672985825598:listener/app/clinfeed-alb-test/ef9d93025be2c198/783ebb5346921e7a",
                            "priority": "13"
                        },
                        "meta": {},
                        "tainted": false
                    },
                    "deposed": [],
                    "provider": "provider.aws"
                },
                "aws_lb_listener_rule.clinfeed.13": {
                    "type": "aws_lb_listener_rule",
                    "depends_on": [
                        "aws_alb_listener.https",
                        "aws_alb_target_group.main.*"
                    ],
                    "primary": {
                        "id": "arn:aws:elasticloadbalancing:us-east-1:672985825598:listener-rule/app/clinfeed-alb-test/ef9d93025be2c198/783ebb5346921e7a/b83a1a8ea599a041",
                        "attributes": {
                            "action.#": "1",
                            "action.0.target_group_arn": "arn:aws:elasticloadbalancing:us-east-1:672985825598:targetgroup/tgtesttransformevents/7f2ba447434ae7e2",
                            "action.0.type": "forward",
                            "arn": "arn:aws:elasticloadbalancing:us-east-1:672985825598:listener-rule/app/clinfeed-alb-test/ef9d93025be2c198/783ebb5346921e7a/b83a1a8ea599a041",
                            "condition.#": "1",
                            "condition.861431396.field": "path-pattern",
                            "condition.861431396.values.#": "1",
                            "condition.861431396.values.0": "/api/transformevents*",
                            "id": "arn:aws:elasticloadbalancing:us-east-1:672985825598:listener-rule/app/clinfeed-alb-test/ef9d93025be2c198/783ebb5346921e7a/b83a1a8ea599a041",
                            "listener_arn": "arn:aws:elasticloadbalancing:us-east-1:672985825598:listener/app/clinfeed-alb-test/ef9d93025be2c198/783ebb5346921e7a",
                            "priority": "14"
                        },
                        "meta": {},
                        "tainted": false
                    },
                    "deposed": [],
                    "provider": "provider.aws"
                },
                "aws_lb_listener_rule.clinfeed.14": {
                    "type": "aws_lb_listener_rule",
                    "depends_on": [
                        "aws_alb_listener.https",
                        "aws_alb_target_group.main.*"
                    ],
                    "primary": {
                        "id": "arn:aws:elasticloadbalancing:us-east-1:672985825598:listener-rule/app/clinfeed-alb-test/ef9d93025be2c198/783ebb5346921e7a/f51af9b096531d95",
                        "attributes": {
                            "action.#": "1",
                            "action.0.target_group_arn": "arn:aws:elasticloadbalancing:us-east-1:672985825598:targetgroup/tgtestuiservice/92cd819185c767ad",
                            "action.0.type": "forward",
                            "arn": "arn:aws:elasticloadbalancing:us-east-1:672985825598:listener-rule/app/clinfeed-alb-test/ef9d93025be2c198/783ebb5346921e7a/f51af9b096531d95",
                            "condition.#": "1",
                            "condition.639399701.field": "path-pattern",
                            "condition.639399701.values.#": "1",
                            "condition.639399701.values.0": "/api/uiservice*",
                            "id": "arn:aws:elasticloadbalancing:us-east-1:672985825598:listener-rule/app/clinfeed-alb-test/ef9d93025be2c198/783ebb5346921e7a/f51af9b096531d95",
                            "listener_arn": "arn:aws:elasticloadbalancing:us-east-1:672985825598:listener/app/clinfeed-alb-test/ef9d93025be2c198/783ebb5346921e7a",
                            "priority": "15"
                        },
                        "meta": {},
                        "tainted": false
                    },
                    "deposed": [],
                    "provider": "provider.aws"
                },
                "aws_lb_listener_rule.clinfeed.15": {
                    "type": "aws_lb_listener_rule",
                    "depends_on": [
                        "aws_alb_listener.https",
                        "aws_alb_target_group.main.*"
                    ],
                    "primary": {
                        "id": "arn:aws:elasticloadbalancing:us-east-1:672985825598:listener-rule/app/clinfeed-alb-test/ef9d93025be2c198/783ebb5346921e7a/2efd9469d32bf012",
                        "attributes": {
                            "action.#": "1",
                            "action.0.target_group_arn": "arn:aws:elasticloadbalancing:us-east-1:672985825598:targetgroup/tgtestclinfeedui/e4251e8ceb143b5d",
                            "action.0.type": "forward",
                            "arn": "arn:aws:elasticloadbalancing:us-east-1:672985825598:listener-rule/app/clinfeed-alb-test/ef9d93025be2c198/783ebb5346921e7a/2efd9469d32bf012",
                            "condition.#": "1",
                            "condition.4074101751.field": "path-pattern",
                            "condition.4074101751.values.#": "1",
                            "condition.4074101751.values.0": "/api/clinfeedui*",
                            "id": "arn:aws:elasticloadbalancing:us-east-1:672985825598:listener-rule/app/clinfeed-alb-test/ef9d93025be2c198/783ebb5346921e7a/2efd9469d32bf012",
                            "listener_arn": "arn:aws:elasticloadbalancing:us-east-1:672985825598:listener/app/clinfeed-alb-test/ef9d93025be2c198/783ebb5346921e7a",
                            "priority": "16"
                        },
                        "meta": {},
                        "tainted": false
                    },
                    "deposed": [],
                    "provider": "provider.aws"
                },
                "aws_lb_listener_rule.clinfeed.2": {
                    "type": "aws_lb_listener_rule",
                    "depends_on": [
                        "aws_alb_listener.https",
                        "aws_alb_target_group.main.*"
                    ],
                    "primary": {
                        "id": "arn:aws:elasticloadbalancing:us-east-1:672985825598:listener-rule/app/clinfeed-alb-test/ef9d93025be2c198/783ebb5346921e7a/13f6bbc28f9e887e",
                        "attributes": {
                            "action.#": "1",
                            "action.0.target_group_arn": "arn:aws:elasticloadbalancing:us-east-1:672985825598:targetgroup/tgtestclinconnectbridge/1af4d0cd77467e1c",
                            "action.0.type": "forward",
                            "arn": "arn:aws:elasticloadbalancing:us-east-1:672985825598:listener-rule/app/clinfeed-alb-test/ef9d93025be2c198/783ebb5346921e7a/13f6bbc28f9e887e",
                            "condition.#": "1",
                            "condition.3660812739.field": "path-pattern",
                            "condition.3660812739.values.#": "1",
                            "condition.3660812739.values.0": "/api/clinconnectbridge*",
                            "id": "arn:aws:elasticloadbalancing:us-east-1:672985825598:listener-rule/app/clinfeed-alb-test/ef9d93025be2c198/783ebb5346921e7a/13f6bbc28f9e887e",
                            "listener_arn": "arn:aws:elasticloadbalancing:us-east-1:672985825598:listener/app/clinfeed-alb-test/ef9d93025be2c198/783ebb5346921e7a",
                            "priority": "3"
                        },
                        "meta": {},
                        "tainted": false
                    },
                    "deposed": [],
                    "provider": "provider.aws"
                },
                "aws_lb_listener_rule.clinfeed.3": {
                    "type": "aws_lb_listener_rule",
                    "depends_on": [
                        "aws_alb_listener.https",
                        "aws_alb_target_group.main.*"
                    ],
                    "primary": {
                        "id": "arn:aws:elasticloadbalancing:us-east-1:672985825598:listener-rule/app/clinfeed-alb-test/ef9d93025be2c198/783ebb5346921e7a/8f1b4e721786de8f",
                        "attributes": {
                            "action.#": "1",
                            "action.0.target_group_arn": "arn:aws:elasticloadbalancing:us-east-1:672985825598:targetgroup/tgtestclinpointbridge-cvops/86f2fabaf3d3ac2f",
                            "action.0.type": "forward",
                            "arn": "arn:aws:elasticloadbalancing:us-east-1:672985825598:listener-rule/app/clinfeed-alb-test/ef9d93025be2c198/783ebb5346921e7a/8f1b4e721786de8f",
                            "condition.#": "1",
                            "condition.1085009017.field": "path-pattern",
                            "condition.1085009017.values.#": "1",
                            "condition.1085009017.values.0": "/api/clinpointbridge-cvops*",
                            "id": "arn:aws:elasticloadbalancing:us-east-1:672985825598:listener-rule/app/clinfeed-alb-test/ef9d93025be2c198/783ebb5346921e7a/8f1b4e721786de8f",
                            "listener_arn": "arn:aws:elasticloadbalancing:us-east-1:672985825598:listener/app/clinfeed-alb-test/ef9d93025be2c198/783ebb5346921e7a",
                            "priority": "4"
                        },
                        "meta": {},
                        "tainted": false
                    },
                    "deposed": [],
                    "provider": "provider.aws"
                },
                "aws_lb_listener_rule.clinfeed.4": {
                    "type": "aws_lb_listener_rule",
                    "depends_on": [
                        "aws_alb_listener.https",
                        "aws_alb_target_group.main.*"
                    ],
                    "primary": {
                        "id": "arn:aws:elasticloadbalancing:us-east-1:672985825598:listener-rule/app/clinfeed-alb-test/ef9d93025be2c198/783ebb5346921e7a/9776008ab278023d",
                        "attributes": {
                            "action.#": "1",
                            "action.0.target_group_arn": "arn:aws:elasticloadbalancing:us-east-1:672985825598:targetgroup/tgtestemailgateway/9eb469a35f9ffecd",
                            "action.0.type": "forward",
                            "arn": "arn:aws:elasticloadbalancing:us-east-1:672985825598:listener-rule/app/clinfeed-alb-test/ef9d93025be2c198/783ebb5346921e7a/9776008ab278023d",
                            "condition.#": "1",
                            "condition.1394310106.field": "path-pattern",
                            "condition.1394310106.values.#": "1",
                            "condition.1394310106.values.0": "/api/emailgateway*",
                            "id": "arn:aws:elasticloadbalancing:us-east-1:672985825598:listener-rule/app/clinfeed-alb-test/ef9d93025be2c198/783ebb5346921e7a/9776008ab278023d",
                            "listener_arn": "arn:aws:elasticloadbalancing:us-east-1:672985825598:listener/app/clinfeed-alb-test/ef9d93025be2c198/783ebb5346921e7a",
                            "priority": "5"
                        },
                        "meta": {},
                        "tainted": false
                    },
                    "deposed": [],
                    "provider": "provider.aws"
                },
                "aws_lb_listener_rule.clinfeed.5": {
                    "type": "aws_lb_listener_rule",
                    "depends_on": [
                        "aws_alb_listener.https",
                        "aws_alb_target_group.main.*"
                    ],
                    "primary": {
                        "id": "arn:aws:elasticloadbalancing:us-east-1:672985825598:listener-rule/app/clinfeed-alb-test/ef9d93025be2c198/783ebb5346921e7a/c598da976f65c21a",
                        "attributes": {
                            "action.#": "1",
                            "action.0.target_group_arn": "arn:aws:elasticloadbalancing:us-east-1:672985825598:targetgroup/tgtesteventdateconfig/15b2a0d9d641f4ff",
                            "action.0.type": "forward",
                            "arn": "arn:aws:elasticloadbalancing:us-east-1:672985825598:listener-rule/app/clinfeed-alb-test/ef9d93025be2c198/783ebb5346921e7a/c598da976f65c21a",
                            "condition.#": "1",
                            "condition.335501318.field": "path-pattern",
                            "condition.335501318.values.#": "1",
                            "condition.335501318.values.0": "/api/eventdateconfig*",
                            "id": "arn:aws:elasticloadbalancing:us-east-1:672985825598:listener-rule/app/clinfeed-alb-test/ef9d93025be2c198/783ebb5346921e7a/c598da976f65c21a",
                            "listener_arn": "arn:aws:elasticloadbalancing:us-east-1:672985825598:listener/app/clinfeed-alb-test/ef9d93025be2c198/783ebb5346921e7a",
                            "priority": "6"
                        },
                        "meta": {},
                        "tainted": false
                    },
                    "deposed": [],
                    "provider": "provider.aws"
                },
                "aws_lb_listener_rule.clinfeed.6": {
                    "type": "aws_lb_listener_rule",
                    "depends_on": [
                        "aws_alb_listener.https",
                        "aws_alb_target_group.main.*"
                    ],
                    "primary": {
                        "id": "arn:aws:elasticloadbalancing:us-east-1:672985825598:listener-rule/app/clinfeed-alb-test/ef9d93025be2c198/783ebb5346921e7a/d63cf8b7dcd6505f",
                        "attributes": {
                            "action.#": "1",
                            "action.0.target_group_arn": "arn:aws:elasticloadbalancing:us-east-1:672985825598:targetgroup/tgtestfeedservice/6d78728236e5382c",
                            "action.0.type": "forward",
                            "arn": "arn:aws:elasticloadbalancing:us-east-1:672985825598:listener-rule/app/clinfeed-alb-test/ef9d93025be2c198/783ebb5346921e7a/d63cf8b7dcd6505f",
                            "condition.#": "1",
                            "condition.3495295112.field": "path-pattern",
                            "condition.3495295112.values.#": "1",
                            "condition.3495295112.values.0": "/api/feedservice*",
                            "id": "arn:aws:elasticloadbalancing:us-east-1:672985825598:listener-rule/app/clinfeed-alb-test/ef9d93025be2c198/783ebb5346921e7a/d63cf8b7dcd6505f",
                            "listener_arn": "arn:aws:elasticloadbalancing:us-east-1:672985825598:listener/app/clinfeed-alb-test/ef9d93025be2c198/783ebb5346921e7a",
                            "priority": "7"
                        },
                        "meta": {},
                        "tainted": false
                    },
                    "deposed": [],
                    "provider": "provider.aws"
                },
                "aws_lb_listener_rule.clinfeed.7": {
                    "type": "aws_lb_listener_rule",
                    "depends_on": [
                        "aws_alb_listener.https",
                        "aws_alb_target_group.main.*"
                    ],
                    "primary": {
                        "id": "arn:aws:elasticloadbalancing:us-east-1:672985825598:listener-rule/app/clinfeed-alb-test/ef9d93025be2c198/783ebb5346921e7a/e52f21aa58527cbd",
                        "attributes": {
                            "action.#": "1",
                            "action.0.target_group_arn": "arn:aws:elasticloadbalancing:us-east-1:672985825598:targetgroup/tgtestmappingrules-cvops/d26beab9e599ad3f",
                            "action.0.type": "forward",
                            "arn": "arn:aws:elasticloadbalancing:us-east-1:672985825598:listener-rule/app/clinfeed-alb-test/ef9d93025be2c198/783ebb5346921e7a/e52f21aa58527cbd",
                            "condition.#": "1",
                            "condition.1425767451.field": "path-pattern",
                            "condition.1425767451.values.#": "1",
                            "condition.1425767451.values.0": "/api/mappingrules-cvops*",
                            "id": "arn:aws:elasticloadbalancing:us-east-1:672985825598:listener-rule/app/clinfeed-alb-test/ef9d93025be2c198/783ebb5346921e7a/e52f21aa58527cbd",
                            "listener_arn": "arn:aws:elasticloadbalancing:us-east-1:672985825598:listener/app/clinfeed-alb-test/ef9d93025be2c198/783ebb5346921e7a",
                            "priority": "8"
                        },
                        "meta": {},
                        "tainted": false
                    },
                    "deposed": [],
                    "provider": "provider.aws"
                },
                "aws_lb_listener_rule.clinfeed.8": {
                    "type": "aws_lb_listener_rule",
                    "depends_on": [
                        "aws_alb_listener.https",
                        "aws_alb_target_group.main.*"
                    ],
                    "primary": {
                        "id": "arn:aws:elasticloadbalancing:us-east-1:672985825598:listener-rule/app/clinfeed-alb-test/ef9d93025be2c198/783ebb5346921e7a/d105dab05d01a80c",
                        "attributes": {
                            "action.#": "1",
                            "action.0.target_group_arn": "arn:aws:elasticloadbalancing:us-east-1:672985825598:targetgroup/tgtestmessagebroker/ce81f65286d7162a",
                            "action.0.type": "forward",
                            "arn": "arn:aws:elasticloadbalancing:us-east-1:672985825598:listener-rule/app/clinfeed-alb-test/ef9d93025be2c198/783ebb5346921e7a/d105dab05d01a80c",
                            "condition.#": "1",
                            "condition.628160262.field": "path-pattern",
                            "condition.628160262.values.#": "1",
                            "condition.628160262.values.0": "/api/messagebroker*",
                            "id": "arn:aws:elasticloadbalancing:us-east-1:672985825598:listener-rule/app/clinfeed-alb-test/ef9d93025be2c198/783ebb5346921e7a/d105dab05d01a80c",
                            "listener_arn": "arn:aws:elasticloadbalancing:us-east-1:672985825598:listener/app/clinfeed-alb-test/ef9d93025be2c198/783ebb5346921e7a",
                            "priority": "9"
                        },
                        "meta": {},
                        "tainted": false
                    },
                    "deposed": [],
                    "provider": "provider.aws"
                },
                "aws_lb_listener_rule.clinfeed.9": {
                    "type": "aws_lb_listener_rule",
                    "depends_on": [
                        "aws_alb_listener.https",
                        "aws_alb_target_group.main.*"
                    ],
                    "primary": {
                        "id": "arn:aws:elasticloadbalancing:us-east-1:672985825598:listener-rule/app/clinfeed-alb-test/ef9d93025be2c198/783ebb5346921e7a/2b28df9ef006cd82",
                        "attributes": {
                            "action.#": "1",
                            "action.0.target_group_arn": "arn:aws:elasticloadbalancing:us-east-1:672985825598:targetgroup/tgtestmultitenant/07c7571974c54039",
                            "action.0.type": "forward",
                            "arn": "arn:aws:elasticloadbalancing:us-east-1:672985825598:listener-rule/app/clinfeed-alb-test/ef9d93025be2c198/783ebb5346921e7a/2b28df9ef006cd82",
                            "condition.#": "1",
                            "condition.3534034234.field": "path-pattern",
                            "condition.3534034234.values.#": "1",
                            "condition.3534034234.values.0": "/api/multitenant*",
                            "id": "arn:aws:elasticloadbalancing:us-east-1:672985825598:listener-rule/app/clinfeed-alb-test/ef9d93025be2c198/783ebb5346921e7a/2b28df9ef006cd82",
                            "listener_arn": "arn:aws:elasticloadbalancing:us-east-1:672985825598:listener/app/clinfeed-alb-test/ef9d93025be2c198/783ebb5346921e7a",
                            "priority": "10"
                        },
                        "meta": {},
                        "tainted": false
                    },
                    "deposed": [],
                    "provider": "provider.aws"
                },
                "aws_security_group.main": {
                    "type": "aws_security_group",
                    "depends_on": [],
                    "primary": {
                        "id": "sg-0fb795b2b8dd80b8a",
                        "attributes": {
                            "arn": "arn:aws:ec2:us-east-1:672985825598:security-group/sg-0fb795b2b8dd80b8a",
                            "description": "Managed by Terraform",
                            "egress.#": "1",
                            "egress.482069346.cidr_blocks.#": "1",
                            "egress.482069346.cidr_blocks.0": "0.0.0.0/0",
                            "egress.482069346.description": "",
                            "egress.482069346.from_port": "0",
                            "egress.482069346.ipv6_cidr_blocks.#": "0",
                            "egress.482069346.prefix_list_ids.#": "0",
                            "egress.482069346.protocol": "-1",
                            "egress.482069346.security_groups.#": "0",
                            "egress.482069346.self": "false",
                            "egress.482069346.to_port": "0",
                            "id": "sg-0fb795b2b8dd80b8a",
                            "ingress.#": "1",
                            "ingress.956249133.cidr_blocks.#": "1",
                            "ingress.956249133.cidr_blocks.0": "10.0.0.0/8",
                            "ingress.956249133.description": "",
                            "ingress.956249133.from_port": "0",
                            "ingress.956249133.ipv6_cidr_blocks.#": "0",
                            "ingress.956249133.protocol": "-1",
                            "ingress.956249133.security_groups.#": "0",
                            "ingress.956249133.self": "false",
                            "ingress.956249133.to_port": "0",
                            "name": "terraform-20180810134818676100000002",
                            "owner_id": "672985825598",
                            "revoke_rules_on_delete": "false",
                            "tags.%": "3",
                            "tags.Environment": "test",
                            "tags.Name": "ClinFeedsgLoadBalancer",
                            "tags.Project": "fls",
                            "vpc_id": "vpc-727b9214"
                        },
                        "meta": {
                            "e2bfb730-ecaa-11e6-8f88-34363bc7c4c0": {
                                "create": 600000000000,
                                "delete": 600000000000
                            },
                            "schema_version": "1"
                        },
                        "tainted": false
                    },
                    "deposed": [],
                    "provider": "provider.aws"
                },
                "data.template_file.task_def.0": {
                    "type": "template_file",
                    "depends_on": [
                        "aws_alb.main"
                    ],
                    "primary": {
                        "id": "1cde5eaabec5dc32fdf25c32374e05f45155bba18f253e22387443e26d087e2b",
                        "attributes": {
                            "id": "1cde5eaabec5dc32fdf25c32374e05f45155bba18f253e22387443e26d087e2b",
                            "rendered": "[\r\n  {\r\n  \"environment\": [\r\n    {\r\n      \"name\": \"ASPNETCORE_ENVIRONMENT\",\r\n      \"value\": \"Development\"\r\n    },\r\n    {\r\n      \"name\": \"StorageService:BaseUrl\",\r\n      \"value\": \"http://internal-clinfeed-alb-test-294952780.us-east-1.elb.amazonaws.com:3000/api/StorageService/\"\r\n    },\r\n    {\r\n      \"name\": \"MessageBroker:BaseUrl\",\r\n      \"value\": \"http://internal-clinfeed-alb-test-294952780.us-east-1.elb.amazonaws.com:5000/api/messagebroker\"\r\n    },\r\n    {\r\n      \"name\": \"JwtOptions:Authority\",\r\n      \"value\": \"https://fs.clinpay.com/adfs\"\r\n    }\r\n  ],\r\n  \"essential\": true,\r\n  \"image\": \"672985825598.dkr.ecr.us-east-1.amazonaws.com/fls/approvals:latest\",\r\n  \"logConfiguration\": {\r\n    \"logDriver\": \"awslogs\",\r\n    \"options\": {\r\n      \"awslogs-group\": \"clinfeed-approvals-container-logs-test\",\r\n      \"awslogs-region\": \"us-east-1\"\r\n    }\r\n  },\r\n  \"memory\": 1024,\r\n  \"cpu\": 512,\r\n  \"name\": \"approvals\",\r\n  \"network_mode\": \"bridge\",\r\n  \"portMappings\": [\r\n    {\r\n      \"containerPort\": 9000,\r\n      \"hostPort\": 9000,\r\n      \"protocol\": \"tcp\"\r\n    }\r\n  ]\r\n  }\r\n]",
                            "template": "[\r\n  {\r\n  \"environment\": [\r\n    {\r\n      \"name\": \"ASPNETCORE_ENVIRONMENT\",\r\n      \"value\": \"${ASPNETCORE_ENVIRONMENT}\"\r\n    },\r\n    {\r\n      \"name\": \"StorageService:BaseUrl\",\r\n      \"value\": \"http://${ALB}:3000/api/StorageService/\"\r\n    },\r\n    {\r\n      \"name\": \"MessageBroker:BaseUrl\",\r\n      \"value\": \"http://${ALB}:5000/api/messagebroker\"\r\n    },\r\n    {\r\n      \"name\": \"JwtOptions:Authority\",\r\n      \"value\": \"${adfs.url}\"\r\n    }\r\n  ],\r\n  \"essential\": true,\r\n  \"image\": \"672985825598.dkr.ecr.us-east-1.amazonaws.com/fls/approvals:latest\",\r\n  \"logConfiguration\": {\r\n    \"logDriver\": \"awslogs\",\r\n    \"options\": {\r\n      \"awslogs-group\": \"${LOG_GROUP}\",\r\n      \"awslogs-region\": \"us-east-1\"\r\n    }\r\n  },\r\n  \"memory\": 1024,\r\n  \"cpu\": 512,\r\n  \"name\": \"approvals\",\r\n  \"network_mode\": \"bridge\",\r\n  \"portMappings\": [\r\n    {\r\n      \"containerPort\": 9000,\r\n      \"hostPort\": 9000,\r\n      \"protocol\": \"tcp\"\r\n    }\r\n  ]\r\n  }\r\n]",
                            "vars.%": "13",
                            "vars.ALB": "internal-clinfeed-alb-test-294952780.us-east-1.elb.amazonaws.com",
                            "vars.ASPNETCORE_ENVIRONMENT": "Development",
                            "vars.AnypointMqConfigBaseUrl": "https://mq-us-east-1.anypoint.mulesoft.com/api/v1/",
                            "vars.AnypointMqConfigClientId": "f8452cc7acc649aaa6ca2c4030710473",
                            "vars.AnypointMqConfigClientSecret": "be8298a197514f0585226977042EBDEA",
                            "vars.BlobStorage": "DefaultEndpointsProtocol=https;AccountName=clinfeedstoragedev;AccountKey=2wEq4KK+JtMc4O5Twtjcat61uIZiiZhCz405P2IA+ex4tUSCvCL5ge5H/AWmbyfFoMjKoMHGkbOVkTF4me7++A==;BlobEndpoint=https://clinfeedstoragedev.blob.core.windows.net/",
                            "vars.CVOPS_DB": "flsdb.czavkspy3bd9.us-east-1.rds.amazonaws.com",
                            "vars.ClinPointDbConnString_flscvops": "Data Source=flsdb.czavkspy3bd9.us-east-1.rds.amazonaws.com;Initial Catalog=ClinPointDB;User Id=ClinFeeduser;Password=Abcd@4321;Integrated Security=false;Connection Timeout=60;MultipleActiveResultSets=false;",
                            "vars.ClinPointDbConnString_flsdev4": "Data Source=flsdb.czavkspy3bd9.us-east-1.rds.amazonaws.com;Initial Catalog=ClinPointDB;User Id=ClinFeeduser;Password=Abcd@4321;Integrated Security=false;Connection Timeout=60;MultipleActiveResultSets=false;",
                            "vars.ConnectionString": "Data Source=flsdb.czavkspy3bd9.us-east-1.rds.amazonaws.com;Initial Catalog=SystemDB;User Id=aoteam;Password=123@Queso;Integrated Security=false;Connection Timeout=60;MultipleActiveResultSets=false;",
                            "vars.DEV4_DB": "flsdb.czavkspy3bd9.us-east-1.rds.amazonaws.com",
                            "vars.LOG_GROUP": "clinfeed-approvals-container-logs-test",
                            "vars.adfs.url": "https://fs.clinpay.com/adfs"
                        },
                        "meta": {},
                        "tainted": false
                    },
                    "deposed": [],
                    "provider": "provider.template"
                },
                "data.template_file.task_def.1": {
                    "type": "template_file",
                    "depends_on": [
                        "aws_alb.main"
                    ],
                    "primary": {
                        "id": "4ca16f7aa991454b7f974c942d4ef1c170bd6b61fb4147d8b5a3b9d2e906f398",
                        "attributes": {
                            "id": "4ca16f7aa991454b7f974c942d4ef1c170bd6b61fb4147d8b5a3b9d2e906f398",
                            "rendered": "[\r\n  {\r\n    \"environment\": [\r\n      {\r\n        \"name\": \"DataProvider:ConnectionString\",\r\n        \"value\": \"Data Source=flsdb.czavkspy3bd9.us-east-1.rds.amazonaws.com;Initial Catalog=SystemDB;User Id=aoteam;Password=123@Queso;Integrated Security=false;Connection Timeout=60;MultipleActiveResultSets=false;\"\r\n      },\r\n      {\r\n        \"name\": \"JwtOptions:Authority\",\r\n        \"value\": \"https://fs.clinpay.com/adfs\"\r\n      }\r\n    ],\r\n    \"essential\": true,\r\n    \"image\": \"672985825598.dkr.ecr.us-east-1.amazonaws.com/fls/authorization:latest\",\r\n    \"logConfiguration\": {\r\n      \"logDriver\": \"awslogs\",\r\n      \"options\": {\r\n        \"awslogs-group\": \"clinfeed-authorization-container-logs-test\",\r\n        \"awslogs-region\": \"us-east-1\"\r\n      }\r\n    },\r\n    \"memory\": 1024,\r\n    \"cpu\": 512,\r\n    \"name\": \"authorization\",\r\n    \"network_mode\": \"bridge\",\r\n    \"portMappings\": [\r\n      {\r\n        \"containerPort\": 7080,\r\n        \"hostPort\": 7080,\r\n        \"protocol\": \"tcp\"\r\n      }\r\n    ]\r\n  }\r\n]",
                            "template": "[\r\n  {\r\n    \"environment\": [\r\n      {\r\n        \"name\": \"DataProvider:ConnectionString\",\r\n        \"value\": \"${ConnectionString}\"\r\n      },\r\n      {\r\n        \"name\": \"JwtOptions:Authority\",\r\n        \"value\": \"${adfs.url}\"\r\n      }\r\n    ],\r\n    \"essential\": true,\r\n    \"image\": \"672985825598.dkr.ecr.us-east-1.amazonaws.com/fls/authorization:latest\",\r\n    \"logConfiguration\": {\r\n      \"logDriver\": \"awslogs\",\r\n      \"options\": {\r\n        \"awslogs-group\": \"${LOG_GROUP}\",\r\n        \"awslogs-region\": \"us-east-1\"\r\n      }\r\n    },\r\n    \"memory\": 1024,\r\n    \"cpu\": 512,\r\n    \"name\": \"authorization\",\r\n    \"network_mode\": \"bridge\",\r\n    \"portMappings\": [\r\n      {\r\n        \"containerPort\": 7080,\r\n        \"hostPort\": 7080,\r\n        \"protocol\": \"tcp\"\r\n      }\r\n    ]\r\n  }\r\n]",
                            "vars.%": "13",
                            "vars.ALB": "internal-clinfeed-alb-test-294952780.us-east-1.elb.amazonaws.com",
                            "vars.ASPNETCORE_ENVIRONMENT": "Development",
                            "vars.AnypointMqConfigBaseUrl": "https://mq-us-east-1.anypoint.mulesoft.com/api/v1/",
                            "vars.AnypointMqConfigClientId": "f8452cc7acc649aaa6ca2c4030710473",
                            "vars.AnypointMqConfigClientSecret": "be8298a197514f0585226977042EBDEA",
                            "vars.BlobStorage": "DefaultEndpointsProtocol=https;AccountName=clinfeedstoragedev;AccountKey=2wEq4KK+JtMc4O5Twtjcat61uIZiiZhCz405P2IA+ex4tUSCvCL5ge5H/AWmbyfFoMjKoMHGkbOVkTF4me7++A==;BlobEndpoint=https://clinfeedstoragedev.blob.core.windows.net/",
                            "vars.CVOPS_DB": "flsdb.czavkspy3bd9.us-east-1.rds.amazonaws.com",
                            "vars.ClinPointDbConnString_flscvops": "Data Source=flsdb.czavkspy3bd9.us-east-1.rds.amazonaws.com;Initial Catalog=ClinPointDB;User Id=ClinFeeduser;Password=Abcd@4321;Integrated Security=false;Connection Timeout=60;MultipleActiveResultSets=false;",
                            "vars.ClinPointDbConnString_flsdev4": "Data Source=flsdb.czavkspy3bd9.us-east-1.rds.amazonaws.com;Initial Catalog=ClinPointDB;User Id=ClinFeeduser;Password=Abcd@4321;Integrated Security=false;Connection Timeout=60;MultipleActiveResultSets=false;",
                            "vars.ConnectionString": "Data Source=flsdb.czavkspy3bd9.us-east-1.rds.amazonaws.com;Initial Catalog=SystemDB;User Id=aoteam;Password=123@Queso;Integrated Security=false;Connection Timeout=60;MultipleActiveResultSets=false;",
                            "vars.DEV4_DB": "flsdb.czavkspy3bd9.us-east-1.rds.amazonaws.com",
                            "vars.LOG_GROUP": "clinfeed-authorization-container-logs-test",
                            "vars.adfs.url": "https://fs.clinpay.com/adfs"
                        },
                        "meta": {},
                        "tainted": false
                    },
                    "deposed": [],
                    "provider": "provider.template"
                },
                "data.template_file.task_def.10": {
                    "type": "template_file",
                    "depends_on": [
                        "aws_alb.main"
                    ],
                    "primary": {
                        "id": "653c98466357237bb22ba4a96c3a3176edf9e56b843312b24ae26e229ab1331c",
                        "attributes": {
                            "id": "653c98466357237bb22ba4a96c3a3176edf9e56b843312b24ae26e229ab1331c",
                            "rendered": "[\r\n  {\r\n    \"environment\": [\r\n      {\r\n        \"name\": \"JwtOptions:Authority\",\r\n        \"value\": \"https://fs.clinpay.com/adfs\"\r\n      },\r\n      {\r\n        \"name\": \"StorageConfig:StorageMessageBrokerConnectionString\",\r\n        \"value\": \"DefaultEndpointsProtocol=https;AccountName=clinfeedstoragedev;AccountKey=2wEq4KK+JtMc4O5Twtjcat61uIZiiZhCz405P2IA+ex4tUSCvCL5ge5H/AWmbyfFoMjKoMHGkbOVkTF4me7++A==;BlobEndpoint=https://clinfeedstoragedev.blob.core.windows.net/\"\r\n      }\r\n    ],\r\n    \"essential\": true,\r\n    \"image\": \"672985825598.dkr.ecr.us-east-1.amazonaws.com/fls/storageservice:latest\",\r\n    \"logConfiguration\": {\r\n      \"logDriver\": \"awslogs\",\r\n      \"options\": {\r\n        \"awslogs-group\": \"clinfeed-storageservice-container-logs-test\",\r\n        \"awslogs-region\": \"us-east-1\"\r\n      }\r\n    },\r\n    \"memory\": 512,\r\n    \"cpu\": 256,\r\n    \"name\": \"storageservice\",\r\n    \"network_mode\": \"bridge\",\r\n    \"portMappings\": [\r\n      {\r\n        \"containerPort\": 3000,\r\n        \"hostPort\": 3000,\r\n        \"protocol\": \"tcp\"\r\n      }\r\n    ]\r\n  }\r\n]",
                            "template": "[\r\n  {\r\n    \"environment\": [\r\n      {\r\n        \"name\": \"JwtOptions:Authority\",\r\n        \"value\": \"${adfs.url}\"\r\n      },\r\n      {\r\n        \"name\": \"StorageConfig:StorageMessageBrokerConnectionString\",\r\n        \"value\": \"${BlobStorage}\"\r\n      }\r\n    ],\r\n    \"essential\": true,\r\n    \"image\": \"672985825598.dkr.ecr.us-east-1.amazonaws.com/fls/storageservice:latest\",\r\n    \"logConfiguration\": {\r\n      \"logDriver\": \"awslogs\",\r\n      \"options\": {\r\n        \"awslogs-group\": \"${LOG_GROUP}\",\r\n        \"awslogs-region\": \"us-east-1\"\r\n      }\r\n    },\r\n    \"memory\": 512,\r\n    \"cpu\": 256,\r\n    \"name\": \"storageservice\",\r\n    \"network_mode\": \"bridge\",\r\n    \"portMappings\": [\r\n      {\r\n        \"containerPort\": 3000,\r\n        \"hostPort\": 3000,\r\n        \"protocol\": \"tcp\"\r\n      }\r\n    ]\r\n  }\r\n]",
                            "vars.%": "13",
                            "vars.ALB": "internal-clinfeed-alb-test-294952780.us-east-1.elb.amazonaws.com",
                            "vars.ASPNETCORE_ENVIRONMENT": "Development",
                            "vars.AnypointMqConfigBaseUrl": "https://mq-us-east-1.anypoint.mulesoft.com/api/v1/",
                            "vars.AnypointMqConfigClientId": "f8452cc7acc649aaa6ca2c4030710473",
                            "vars.AnypointMqConfigClientSecret": "be8298a197514f0585226977042EBDEA",
                            "vars.BlobStorage": "DefaultEndpointsProtocol=https;AccountName=clinfeedstoragedev;AccountKey=2wEq4KK+JtMc4O5Twtjcat61uIZiiZhCz405P2IA+ex4tUSCvCL5ge5H/AWmbyfFoMjKoMHGkbOVkTF4me7++A==;BlobEndpoint=https://clinfeedstoragedev.blob.core.windows.net/",
                            "vars.CVOPS_DB": "flsdb.czavkspy3bd9.us-east-1.rds.amazonaws.com",
                            "vars.ClinPointDbConnString_flscvops": "Data Source=flsdb.czavkspy3bd9.us-east-1.rds.amazonaws.com;Initial Catalog=ClinPointDB;User Id=ClinFeeduser;Password=Abcd@4321;Integrated Security=false;Connection Timeout=60;MultipleActiveResultSets=false;",
                            "vars.ClinPointDbConnString_flsdev4": "Data Source=flsdb.czavkspy3bd9.us-east-1.rds.amazonaws.com;Initial Catalog=ClinPointDB;User Id=ClinFeeduser;Password=Abcd@4321;Integrated Security=false;Connection Timeout=60;MultipleActiveResultSets=false;",
                            "vars.ConnectionString": "Data Source=flsdb.czavkspy3bd9.us-east-1.rds.amazonaws.com;Initial Catalog=SystemDB;User Id=aoteam;Password=123@Queso;Integrated Security=false;Connection Timeout=60;MultipleActiveResultSets=false;",
                            "vars.DEV4_DB": "flsdb.czavkspy3bd9.us-east-1.rds.amazonaws.com",
                            "vars.LOG_GROUP": "clinfeed-storageservice-container-logs-test",
                            "vars.adfs.url": "https://fs.clinpay.com/adfs"
                        },
                        "meta": {},
                        "tainted": false
                    },
                    "deposed": [],
                    "provider": "provider.template"
                },
                "data.template_file.task_def.11": {
                    "type": "template_file",
                    "depends_on": [
                        "aws_alb.main"
                    ],
                    "primary": {
                        "id": "816137087c3e5ec4414f7d21235254754b414d71ba15e57de529df1da3864597",
                        "attributes": {
                            "id": "816137087c3e5ec4414f7d21235254754b414d71ba15e57de529df1da3864597",
                            "rendered": "[\r\n  {\r\n    \"environment\": [\r\n      {\r\n        \"name\": \"JwtOptions:Authority\",\r\n        \"value\": \"https://fs.clinpay.com/adfs\"\r\n      }\r\n    ],\r\n    \"essential\": true,\r\n    \"image\": \"672985825598.dkr.ecr.us-east-1.amazonaws.com/fls/studyconfiguration:latest\",\r\n    \"logConfiguration\": {\r\n      \"logDriver\": \"awslogs\",\r\n      \"options\": {\r\n        \"awslogs-group\": \"clinfeed-studyconfiguration-container-logs-test\",\r\n        \"awslogs-region\": \"us-east-1\"\r\n      }\r\n    },\r\n    \"memory\": 512,\r\n    \"cpu\": 256,\r\n    \"name\": \"studyconfiguration\",\r\n    \"network_mode\": \"bridge\",\r\n    \"portMappings\": [\r\n      {\r\n        \"containerPort\": 7070,\r\n        \"hostPort\": 7070,\r\n        \"protocol\": \"tcp\"\r\n      }\r\n    ]\r\n  }\r\n]",
                            "template": "[\r\n  {\r\n    \"environment\": [\r\n      {\r\n        \"name\": \"JwtOptions:Authority\",\r\n        \"value\": \"${adfs.url}\"\r\n      }\r\n    ],\r\n    \"essential\": true,\r\n    \"image\": \"672985825598.dkr.ecr.us-east-1.amazonaws.com/fls/studyconfiguration:latest\",\r\n    \"logConfiguration\": {\r\n      \"logDriver\": \"awslogs\",\r\n      \"options\": {\r\n        \"awslogs-group\": \"${LOG_GROUP}\",\r\n        \"awslogs-region\": \"us-east-1\"\r\n      }\r\n    },\r\n    \"memory\": 512,\r\n    \"cpu\": 256,\r\n    \"name\": \"studyconfiguration\",\r\n    \"network_mode\": \"bridge\",\r\n    \"portMappings\": [\r\n      {\r\n        \"containerPort\": 7070,\r\n        \"hostPort\": 7070,\r\n        \"protocol\": \"tcp\"\r\n      }\r\n    ]\r\n  }\r\n]",
                            "vars.%": "13",
                            "vars.ALB": "internal-clinfeed-alb-test-294952780.us-east-1.elb.amazonaws.com",
                            "vars.ASPNETCORE_ENVIRONMENT": "Development",
                            "vars.AnypointMqConfigBaseUrl": "https://mq-us-east-1.anypoint.mulesoft.com/api/v1/",
                            "vars.AnypointMqConfigClientId": "f8452cc7acc649aaa6ca2c4030710473",
                            "vars.AnypointMqConfigClientSecret": "be8298a197514f0585226977042EBDEA",
                            "vars.BlobStorage": "DefaultEndpointsProtocol=https;AccountName=clinfeedstoragedev;AccountKey=2wEq4KK+JtMc4O5Twtjcat61uIZiiZhCz405P2IA+ex4tUSCvCL5ge5H/AWmbyfFoMjKoMHGkbOVkTF4me7++A==;BlobEndpoint=https://clinfeedstoragedev.blob.core.windows.net/",
                            "vars.CVOPS_DB": "flsdb.czavkspy3bd9.us-east-1.rds.amazonaws.com",
                            "vars.ClinPointDbConnString_flscvops": "Data Source=flsdb.czavkspy3bd9.us-east-1.rds.amazonaws.com;Initial Catalog=ClinPointDB;User Id=ClinFeeduser;Password=Abcd@4321;Integrated Security=false;Connection Timeout=60;MultipleActiveResultSets=false;",
                            "vars.ClinPointDbConnString_flsdev4": "Data Source=flsdb.czavkspy3bd9.us-east-1.rds.amazonaws.com;Initial Catalog=ClinPointDB;User Id=ClinFeeduser;Password=Abcd@4321;Integrated Security=false;Connection Timeout=60;MultipleActiveResultSets=false;",
                            "vars.ConnectionString": "Data Source=flsdb.czavkspy3bd9.us-east-1.rds.amazonaws.com;Initial Catalog=SystemDB;User Id=aoteam;Password=123@Queso;Integrated Security=false;Connection Timeout=60;MultipleActiveResultSets=false;",
                            "vars.DEV4_DB": "flsdb.czavkspy3bd9.us-east-1.rds.amazonaws.com",
                            "vars.LOG_GROUP": "clinfeed-studyconfiguration-container-logs-test",
                            "vars.adfs.url": "https://fs.clinpay.com/adfs"
                        },
                        "meta": {},
                        "tainted": false
                    },
                    "deposed": [],
                    "provider": "provider.template"
                },
                "data.template_file.task_def.12": {
                    "type": "template_file",
                    "depends_on": [
                        "aws_alb.main"
                    ],
                    "primary": {
                        "id": "612e7e8d9e9e572353f09e4e6889061ddfd2205b8e3f1fbfb095e22a69562b60",
                        "attributes": {
                            "id": "612e7e8d9e9e572353f09e4e6889061ddfd2205b8e3f1fbfb095e22a69562b60",
                            "rendered": "[\r\n  {\r\n    \"environment\": [\r\n      {\r\n        \"name\": \"JwtOptions:Authority\",\r\n        \"value\": \"https://fs.clinpay.com/adfs\"\r\n      },\r\n      {\r\n        \"name\": \"ExternalServices:QueueServiceURI\",\r\n        \"value\": \"http://internal-clinfeed-alb-test-294952780.us-east-1.elb.amazonaws.com:5000/api/MessageBroker/queuemessage\"\r\n      },\r\n      {\r\n        \"name\": \"ExternalServices:BlobServiceURI\",\r\n        \"value\": \"http://internal-clinfeed-alb-test-294952780.us-east-1.elb.amazonaws.com:3000/api/StorageService/datablob\"\r\n      },\r\n      {\r\n        \"name\": \"ConnectionStrings:QueueStubStore\",\r\n        \"value\": \"Data Source=flsdb.czavkspy3bd9.us-east-1.rds.amazonaws.com;Initial Catalog=StudyEventDB;User Id=ClinFeeduser;Password=Abcd@4321;Integrated Security=false;Connection Timeout=60;MultipleActiveResultSets=false;\"\r\n      },\r\n      {\r\n        \"name\": \"ConnectionStrings:BlobStubStore\",\r\n        \"value\": \"Data Source=flsdb.czavkspy3bd9.us-east-1.rds.amazonaws.com;Initial Catalog=StudyEventDB;User Id=ClinFeeduser;Password=Abcd@4321;Integrated Security=false;Connection Timeout=60;MultipleActiveResultSets=false;\"\r\n      },\r\n      {\r\n        \"name\": \"ConnectionStrings:SystemTenantDB\",\r\n        \"value\": \"Data Source=flsdb.czavkspy3bd9.us-east-1.rds.amazonaws.com;Initial Catalog=SystemDB;User Id=ClinFeeduser;Password=Abcd@4321;Integrated Security=false;Connection Timeout=60;MultipleActiveResultSets=false;\"\r\n      }\r\n    ],\r\n    \"essential\": true,\r\n    \"image\": \"672985825598.dkr.ecr.us-east-1.amazonaws.com/fls/studyevent:latest\",\r\n    \"logConfiguration\": {\r\n      \"logDriver\": \"awslogs\",\r\n      \"options\": {\r\n        \"awslogs-group\": \"clinfeed-studyevent-cvops-container-logs-test\",\r\n        \"awslogs-region\": \"us-east-1\"\r\n      }\r\n    },\r\n    \"memory\": 512,\r\n    \"cpu\": 256,\r\n    \"name\": \"studyevent-cvops\",\r\n    \"network_mode\": \"bridge\",\r\n    \"portMappings\": [\r\n      {\r\n        \"containerPort\": 5600,\r\n        \"hostPort\": 5602,\r\n        \"protocol\": \"tcp\"\r\n      }\r\n    ]\r\n  }\r\n]",
                            "template": "[\r\n  {\r\n    \"environment\": [\r\n      {\r\n        \"name\": \"JwtOptions:Authority\",\r\n        \"value\": \"${adfs.url}\"\r\n      },\r\n      {\r\n        \"name\": \"ExternalServices:QueueServiceURI\",\r\n        \"value\": \"http://${ALB}:5000/api/MessageBroker/queuemessage\"\r\n      },\r\n      {\r\n        \"name\": \"ExternalServices:BlobServiceURI\",\r\n        \"value\": \"http://${ALB}:3000/api/StorageService/datablob\"\r\n      },\r\n      {\r\n        \"name\": \"ConnectionStrings:QueueStubStore\",\r\n        \"value\": \"Data Source=${CVOPS_DB};Initial Catalog=StudyEventDB;User Id=ClinFeeduser;Password=Abcd@4321;Integrated Security=false;Connection Timeout=60;MultipleActiveResultSets=false;\"\r\n      },\r\n      {\r\n        \"name\": \"ConnectionStrings:BlobStubStore\",\r\n        \"value\": \"Data Source=${CVOPS_DB};Initial Catalog=StudyEventDB;User Id=ClinFeeduser;Password=Abcd@4321;Integrated Security=false;Connection Timeout=60;MultipleActiveResultSets=false;\"\r\n      },\r\n      {\r\n        \"name\": \"ConnectionStrings:SystemTenantDB\",\r\n        \"value\": \"Data Source=${CVOPS_DB};Initial Catalog=SystemDB;User Id=ClinFeeduser;Password=Abcd@4321;Integrated Security=false;Connection Timeout=60;MultipleActiveResultSets=false;\"\r\n      }\r\n    ],\r\n    \"essential\": true,\r\n    \"image\": \"672985825598.dkr.ecr.us-east-1.amazonaws.com/fls/studyevent:latest\",\r\n    \"logConfiguration\": {\r\n      \"logDriver\": \"awslogs\",\r\n      \"options\": {\r\n        \"awslogs-group\": \"${LOG_GROUP}\",\r\n        \"awslogs-region\": \"us-east-1\"\r\n      }\r\n    },\r\n    \"memory\": 512,\r\n    \"cpu\": 256,\r\n    \"name\": \"studyevent-cvops\",\r\n    \"network_mode\": \"bridge\",\r\n    \"portMappings\": [\r\n      {\r\n        \"containerPort\": 5600,\r\n        \"hostPort\": 5602,\r\n        \"protocol\": \"tcp\"\r\n      }\r\n    ]\r\n  }\r\n]",
                            "vars.%": "13",
                            "vars.ALB": "internal-clinfeed-alb-test-294952780.us-east-1.elb.amazonaws.com",
                            "vars.ASPNETCORE_ENVIRONMENT": "Development",
                            "vars.AnypointMqConfigBaseUrl": "https://mq-us-east-1.anypoint.mulesoft.com/api/v1/",
                            "vars.AnypointMqConfigClientId": "f8452cc7acc649aaa6ca2c4030710473",
                            "vars.AnypointMqConfigClientSecret": "be8298a197514f0585226977042EBDEA",
                            "vars.BlobStorage": "DefaultEndpointsProtocol=https;AccountName=clinfeedstoragedev;AccountKey=2wEq4KK+JtMc4O5Twtjcat61uIZiiZhCz405P2IA+ex4tUSCvCL5ge5H/AWmbyfFoMjKoMHGkbOVkTF4me7++A==;BlobEndpoint=https://clinfeedstoragedev.blob.core.windows.net/",
                            "vars.CVOPS_DB": "flsdb.czavkspy3bd9.us-east-1.rds.amazonaws.com",
                            "vars.ClinPointDbConnString_flscvops": "Data Source=flsdb.czavkspy3bd9.us-east-1.rds.amazonaws.com;Initial Catalog=ClinPointDB;User Id=ClinFeeduser;Password=Abcd@4321;Integrated Security=false;Connection Timeout=60;MultipleActiveResultSets=false;",
                            "vars.ClinPointDbConnString_flsdev4": "Data Source=flsdb.czavkspy3bd9.us-east-1.rds.amazonaws.com;Initial Catalog=ClinPointDB;User Id=ClinFeeduser;Password=Abcd@4321;Integrated Security=false;Connection Timeout=60;MultipleActiveResultSets=false;",
                            "vars.ConnectionString": "Data Source=flsdb.czavkspy3bd9.us-east-1.rds.amazonaws.com;Initial Catalog=SystemDB;User Id=aoteam;Password=123@Queso;Integrated Security=false;Connection Timeout=60;MultipleActiveResultSets=false;",
                            "vars.DEV4_DB": "flsdb.czavkspy3bd9.us-east-1.rds.amazonaws.com",
                            "vars.LOG_GROUP": "clinfeed-studyevent-cvops-container-logs-test",
                            "vars.adfs.url": "https://fs.clinpay.com/adfs"
                        },
                        "meta": {},
                        "tainted": false
                    },
                    "deposed": [],
                    "provider": "provider.template"
                },
                "data.template_file.task_def.13": {
                    "type": "template_file",
                    "depends_on": [
                        "aws_alb.main"
                    ],
                    "primary": {
                        "id": "ea26b32c3420d5ffc7b2d2d9d51d69fb8fcfbdf4f41c8f0384b98e85de09a122",
                        "attributes": {
                            "id": "ea26b32c3420d5ffc7b2d2d9d51d69fb8fcfbdf4f41c8f0384b98e85de09a122",
                            "rendered": "[\r\n  {\r\n    \"environment\": [\r\n      {\r\n        \"name\": \"JwtOptions:Authority\",\r\n        \"value\": \"https://fs.clinpay.com/adfs\"\r\n      },\r\n      {\r\n        \"name\": \"ExternalServices:FeedServiceBase\",\r\n        \"value\": \"http://internal-clinfeed-alb-test-294952780.us-east-1.elb.amazonaws.com:7000/api/feedstore/\"\r\n      },\r\n      {\r\n        \"name\": \"ExternalServices:FeedServiceQuery\",\r\n        \"value\": \"feeds?id=\"\r\n      },\r\n      {\r\n        \"name\": \"ExternalServices:EventDatesURI\",\r\n        \"value\": \"dates/\"\r\n      },\r\n      {\r\n        \"name\": \"ExternalServices:EventDateServiceBase\",\r\n        \"value\": \"http://internal-clinfeed-alb-test-294952780.us-east-1.elb.amazonaws.com:5400/api/eventdateconfig/\"\r\n      }\r\n    ],\r\n    \"essential\": true,\r\n    \"image\": \"672985825598.dkr.ecr.us-east-1.amazonaws.com/fls/transformevents:latest\",\r\n    \"logConfiguration\": {\r\n      \"logDriver\": \"awslogs\",\r\n      \"options\": {\r\n        \"awslogs-group\": \"clinfeed-transformevents-container-logs-test\",\r\n        \"awslogs-region\": \"us-east-1\"\r\n      }\r\n    },\r\n    \"memory\": 512,\r\n    \"cpu\": 256,\r\n    \"name\": \"transformevents\",\r\n    \"network_mode\": \"bridge\",\r\n    \"portMappings\": [\r\n      {\r\n        \"containerPort\": 7050,\r\n        \"hostPort\": 7050,\r\n        \"protocol\": \"tcp\"\r\n      }\r\n    ]\r\n  }\r\n]",
                            "template": "[\r\n  {\r\n    \"environment\": [\r\n      {\r\n        \"name\": \"JwtOptions:Authority\",\r\n        \"value\": \"${adfs.url}\"\r\n      },\r\n      {\r\n        \"name\": \"ExternalServices:FeedServiceBase\",\r\n        \"value\": \"http://${ALB}:7000/api/feedstore/\"\r\n      },\r\n      {\r\n        \"name\": \"ExternalServices:FeedServiceQuery\",\r\n        \"value\": \"feeds?id=\"\r\n      },\r\n      {\r\n        \"name\": \"ExternalServices:EventDatesURI\",\r\n        \"value\": \"dates/\"\r\n      },\r\n      {\r\n        \"name\": \"ExternalServices:EventDateServiceBase\",\r\n        \"value\": \"http://${ALB}:5400/api/eventdateconfig/\"\r\n      }\r\n    ],\r\n    \"essential\": true,\r\n    \"image\": \"672985825598.dkr.ecr.us-east-1.amazonaws.com/fls/transformevents:latest\",\r\n    \"logConfiguration\": {\r\n      \"logDriver\": \"awslogs\",\r\n      \"options\": {\r\n        \"awslogs-group\": \"${LOG_GROUP}\",\r\n        \"awslogs-region\": \"us-east-1\"\r\n      }\r\n    },\r\n    \"memory\": 512,\r\n    \"cpu\": 256,\r\n    \"name\": \"transformevents\",\r\n    \"network_mode\": \"bridge\",\r\n    \"portMappings\": [\r\n      {\r\n        \"containerPort\": 7050,\r\n        \"hostPort\": 7050,\r\n        \"protocol\": \"tcp\"\r\n      }\r\n    ]\r\n  }\r\n]",
                            "vars.%": "13",
                            "vars.ALB": "internal-clinfeed-alb-test-294952780.us-east-1.elb.amazonaws.com",
                            "vars.ASPNETCORE_ENVIRONMENT": "Development",
                            "vars.AnypointMqConfigBaseUrl": "https://mq-us-east-1.anypoint.mulesoft.com/api/v1/",
                            "vars.AnypointMqConfigClientId": "f8452cc7acc649aaa6ca2c4030710473",
                            "vars.AnypointMqConfigClientSecret": "be8298a197514f0585226977042EBDEA",
                            "vars.BlobStorage": "DefaultEndpointsProtocol=https;AccountName=clinfeedstoragedev;AccountKey=2wEq4KK+JtMc4O5Twtjcat61uIZiiZhCz405P2IA+ex4tUSCvCL5ge5H/AWmbyfFoMjKoMHGkbOVkTF4me7++A==;BlobEndpoint=https://clinfeedstoragedev.blob.core.windows.net/",
                            "vars.CVOPS_DB": "flsdb.czavkspy3bd9.us-east-1.rds.amazonaws.com",
                            "vars.ClinPointDbConnString_flscvops": "Data Source=flsdb.czavkspy3bd9.us-east-1.rds.amazonaws.com;Initial Catalog=ClinPointDB;User Id=ClinFeeduser;Password=Abcd@4321;Integrated Security=false;Connection Timeout=60;MultipleActiveResultSets=false;",
                            "vars.ClinPointDbConnString_flsdev4": "Data Source=flsdb.czavkspy3bd9.us-east-1.rds.amazonaws.com;Initial Catalog=ClinPointDB;User Id=ClinFeeduser;Password=Abcd@4321;Integrated Security=false;Connection Timeout=60;MultipleActiveResultSets=false;",
                            "vars.ConnectionString": "Data Source=flsdb.czavkspy3bd9.us-east-1.rds.amazonaws.com;Initial Catalog=SystemDB;User Id=aoteam;Password=123@Queso;Integrated Security=false;Connection Timeout=60;MultipleActiveResultSets=false;",
                            "vars.DEV4_DB": "flsdb.czavkspy3bd9.us-east-1.rds.amazonaws.com",
                            "vars.LOG_GROUP": "clinfeed-transformevents-container-logs-test",
                            "vars.adfs.url": "https://fs.clinpay.com/adfs"
                        },
                        "meta": {},
                        "tainted": false
                    },
                    "deposed": [],
                    "provider": "provider.template"
                },
                "data.template_file.task_def.14": {
                    "type": "template_file",
                    "depends_on": [
                        "aws_alb.main"
                    ],
                    "primary": {
                        "id": "141280532ab39533ca72e616b63fb242e1b786c41d8bda4006d1cfc22770f39e",
                        "attributes": {
                            "id": "141280532ab39533ca72e616b63fb242e1b786c41d8bda4006d1cfc22770f39e",
                            "rendered": "[\r\n  {\r\n    \"environment\": [\r\n      {\r\n        \"name\": \"JwtOptions:Authority\",\r\n        \"value\": \"https://fs.clinpay.com/adfs\"\r\n      },\r\n      {\r\n        \"name\": \"ExternalServices:FeedServiceURI\",\r\n        \"value\": \"http://internal-clinfeed-alb-test-294952780.us-east-1.elb.amazonaws.com:7000/api/feedstore/\"\r\n      },\r\n      {\r\n        \"name\": \"ExternalServices:ApprovalServiceURI\",\r\n        \"value\": \"http://internal-clinfeed-alb-test-294952780.us-east-1.elb.amazonaws.com:9000/api/approvals\"\r\n      }\r\n    ],\r\n    \"essential\": true,\r\n    \"image\": \"672985825598.dkr.ecr.us-east-1.amazonaws.com/fls/uiservice:latest\",\r\n    \"logConfiguration\": {\r\n      \"logDriver\": \"awslogs\",\r\n      \"options\": {\r\n        \"awslogs-group\": \"clinfeed-uiservice-container-logs-test\",\r\n        \"awslogs-region\": \"us-east-1\"\r\n      }\r\n    },\r\n    \"memory\": 512,\r\n    \"cpu\": 256,\r\n    \"name\": \"uiservice\",\r\n    \"network_mode\": \"bridge\",\r\n    \"portMappings\": [\r\n      {\r\n        \"containerPort\": 7095,\r\n        \"hostPort\": 7095,\r\n        \"protocol\": \"tcp\"\r\n      }\r\n    ]\r\n  }\r\n]",
                            "template": "[\r\n  {\r\n    \"environment\": [\r\n      {\r\n        \"name\": \"JwtOptions:Authority\",\r\n        \"value\": \"${adfs.url}\"\r\n      },\r\n      {\r\n        \"name\": \"ExternalServices:FeedServiceURI\",\r\n        \"value\": \"http://${ALB}:7000/api/feedstore/\"\r\n      },\r\n      {\r\n        \"name\": \"ExternalServices:ApprovalServiceURI\",\r\n        \"value\": \"http://${ALB}:9000/api/approvals\"\r\n      }\r\n    ],\r\n    \"essential\": true,\r\n    \"image\": \"672985825598.dkr.ecr.us-east-1.amazonaws.com/fls/uiservice:latest\",\r\n    \"logConfiguration\": {\r\n      \"logDriver\": \"awslogs\",\r\n      \"options\": {\r\n        \"awslogs-group\": \"${LOG_GROUP}\",\r\n        \"awslogs-region\": \"us-east-1\"\r\n      }\r\n    },\r\n    \"memory\": 512,\r\n    \"cpu\": 256,\r\n    \"name\": \"uiservice\",\r\n    \"network_mode\": \"bridge\",\r\n    \"portMappings\": [\r\n      {\r\n        \"containerPort\": 7095,\r\n        \"hostPort\": 7095,\r\n        \"protocol\": \"tcp\"\r\n      }\r\n    ]\r\n  }\r\n]",
                            "vars.%": "13",
                            "vars.ALB": "internal-clinfeed-alb-test-294952780.us-east-1.elb.amazonaws.com",
                            "vars.ASPNETCORE_ENVIRONMENT": "Development",
                            "vars.AnypointMqConfigBaseUrl": "https://mq-us-east-1.anypoint.mulesoft.com/api/v1/",
                            "vars.AnypointMqConfigClientId": "f8452cc7acc649aaa6ca2c4030710473",
                            "vars.AnypointMqConfigClientSecret": "be8298a197514f0585226977042EBDEA",
                            "vars.BlobStorage": "DefaultEndpointsProtocol=https;AccountName=clinfeedstoragedev;AccountKey=2wEq4KK+JtMc4O5Twtjcat61uIZiiZhCz405P2IA+ex4tUSCvCL5ge5H/AWmbyfFoMjKoMHGkbOVkTF4me7++A==;BlobEndpoint=https://clinfeedstoragedev.blob.core.windows.net/",
                            "vars.CVOPS_DB": "flsdb.czavkspy3bd9.us-east-1.rds.amazonaws.com",
                            "vars.ClinPointDbConnString_flscvops": "Data Source=flsdb.czavkspy3bd9.us-east-1.rds.amazonaws.com;Initial Catalog=ClinPointDB;User Id=ClinFeeduser;Password=Abcd@4321;Integrated Security=false;Connection Timeout=60;MultipleActiveResultSets=false;",
                            "vars.ClinPointDbConnString_flsdev4": "Data Source=flsdb.czavkspy3bd9.us-east-1.rds.amazonaws.com;Initial Catalog=ClinPointDB;User Id=ClinFeeduser;Password=Abcd@4321;Integrated Security=false;Connection Timeout=60;MultipleActiveResultSets=false;",
                            "vars.ConnectionString": "Data Source=flsdb.czavkspy3bd9.us-east-1.rds.amazonaws.com;Initial Catalog=SystemDB;User Id=aoteam;Password=123@Queso;Integrated Security=false;Connection Timeout=60;MultipleActiveResultSets=false;",
                            "vars.DEV4_DB": "flsdb.czavkspy3bd9.us-east-1.rds.amazonaws.com",
                            "vars.LOG_GROUP": "clinfeed-uiservice-container-logs-test",
                            "vars.adfs.url": "https://fs.clinpay.com/adfs"
                        },
                        "meta": {},
                        "tainted": false
                    },
                    "deposed": [],
                    "provider": "provider.template"
                },
                "data.template_file.task_def.15": {
                    "type": "template_file",
                    "depends_on": [
                        "aws_alb.main"
                    ],
                    "primary": {
                        "id": "f43652418d9c39ceb2d39be55d09961e404f26e3f063ad16790a3f3779dc2ffe",
                        "attributes": {
                            "id": "f43652418d9c39ceb2d39be55d09961e404f26e3f063ad16790a3f3779dc2ffe",
                            "rendered": "[\r\n  {\r\n    \"environment\": [\r\n      {\r\n        \"name\": \"ADFSURL\",\r\n        \"value\": \"https://fs.clinpay.com/adfs\"\r\n      },\r\n      {\r\n        \"name\": \"APPROVALS_HOST\",\r\n        \"value\": \"http://internal-clinfeed-alb-test-294952780.us-east-1.elb.amazonaws.com:9000\"\r\n      },\r\n      {\r\n        \"name\": \"AUTH_HOST\",\r\n        \"value\": \"http://internal-clinfeed-alb-test-294952780.us-east-1.elb.amazonaws.com:7080\"\r\n      },\r\n      {\r\n        \"name\": \"DATECONFIG_HOST\",\r\n        \"value\": \"http://internal-clinfeed-alb-test-294952780.us-east-1.elb.amazonaws.com:5400\"\r\n      },\r\n      {\r\n        \"name\": \"FEED_SERVICE_HOST\",\r\n        \"value\": \"http://internal-clinfeed-alb-test-294952780.us-east-1.elb.amazonaws.com:7000\"\r\n      },\r\n      {\r\n        \"name\": \"IDLE_TIMEOUT\",\r\n        \"value\": \"600\"\r\n      },\r\n      {\r\n        \"name\": \"MESSAGEBROKER_HOST\",\r\n        \"value\": \"http://internal-clinfeed-alb-test-294952780.us-east-1.elb.amazonaws.com:5000\"\r\n      },\r\n      {\r\n        \"name\": \"MULTITENANTS_HOST\",\r\n        \"value\": \"http://internal-clinfeed-alb-test-294952780.us-east-1.elb.amazonaws.com:7900\"\r\n      },\r\n      {\r\n        \"name\": \"REFRESH_INTERVAL\",\r\n        \"value\": \"3300\"\r\n      },\r\n      {\r\n        \"name\": \"THRESHOLD_HOST\",\r\n        \"value\": \"http://internal-clinfeed-alb-test-294952780.us-east-1.elb.amazonaws.com:9000\"\r\n      },\r\n      {\r\n        \"name\": \"UISERVICE_HOST\",\r\n        \"value\": \"http://internal-clinfeed-alb-test-294952780.us-east-1.elb.amazonaws.com:7095\"\r\n      }\r\n    ],\r\n    \"essential\": true,\r\n    \"image\": \"672985825598.dkr.ecr.us-east-1.amazonaws.com/fls/clinfeedui:latest\",\r\n    \"logConfiguration\": {\r\n      \"logDriver\": \"awslogs\",\r\n      \"options\": {\r\n        \"awslogs-group\": \"clinfeed-clinfeedui-container-logs-test\",\r\n        \"awslogs-region\": \"us-east-1\"\r\n      }\r\n    },\r\n    \"memory\": 2048,\r\n    \"cpu\": 1024,\r\n    \"name\": \"clinfeedui\",\r\n    \"network_mode\": \"bridge\",\r\n    \"portMappings\": [\r\n      {\r\n        \"containerPort\": 4200,\r\n        \"hostPort\": 4200,\r\n        \"protocol\": \"tcp\"\r\n      }\r\n    ]\r\n  }\r\n]",
                            "template": "[\r\n  {\r\n    \"environment\": [\r\n      {\r\n        \"name\": \"ADFSURL\",\r\n        \"value\": \"${adfs.url}\"\r\n      },\r\n      {\r\n        \"name\": \"APPROVALS_HOST\",\r\n        \"value\": \"http://${ALB}:9000\"\r\n      },\r\n      {\r\n        \"name\": \"AUTH_HOST\",\r\n        \"value\": \"http://${ALB}:7080\"\r\n      },\r\n      {\r\n        \"name\": \"DATECONFIG_HOST\",\r\n        \"value\": \"http://${ALB}:5400\"\r\n      },\r\n      {\r\n        \"name\": \"FEED_SERVICE_HOST\",\r\n        \"value\": \"http://${ALB}:7000\"\r\n      },\r\n      {\r\n        \"name\": \"IDLE_TIMEOUT\",\r\n        \"value\": \"600\"\r\n      },\r\n      {\r\n        \"name\": \"MESSAGEBROKER_HOST\",\r\n        \"value\": \"http://${ALB}:5000\"\r\n      },\r\n      {\r\n        \"name\": \"MULTITENANTS_HOST\",\r\n        \"value\": \"http://${ALB}:7900\"\r\n      },\r\n      {\r\n        \"name\": \"REFRESH_INTERVAL\",\r\n        \"value\": \"3300\"\r\n      },\r\n      {\r\n        \"name\": \"THRESHOLD_HOST\",\r\n        \"value\": \"http://${ALB}:9000\"\r\n      },\r\n      {\r\n        \"name\": \"UISERVICE_HOST\",\r\n        \"value\": \"http://${ALB}:7095\"\r\n      }\r\n    ],\r\n    \"essential\": true,\r\n    \"image\": \"672985825598.dkr.ecr.us-east-1.amazonaws.com/fls/clinfeedui:latest\",\r\n    \"logConfiguration\": {\r\n      \"logDriver\": \"awslogs\",\r\n      \"options\": {\r\n        \"awslogs-group\": \"${LOG_GROUP}\",\r\n        \"awslogs-region\": \"us-east-1\"\r\n      }\r\n    },\r\n    \"memory\": 2048,\r\n    \"cpu\": 1024,\r\n    \"name\": \"clinfeedui\",\r\n    \"network_mode\": \"bridge\",\r\n    \"portMappings\": [\r\n      {\r\n        \"containerPort\": 4200,\r\n        \"hostPort\": 4200,\r\n        \"protocol\": \"tcp\"\r\n      }\r\n    ]\r\n  }\r\n]",
                            "vars.%": "13",
                            "vars.ALB": "internal-clinfeed-alb-test-294952780.us-east-1.elb.amazonaws.com",
                            "vars.ASPNETCORE_ENVIRONMENT": "Development",
                            "vars.AnypointMqConfigBaseUrl": "https://mq-us-east-1.anypoint.mulesoft.com/api/v1/",
                            "vars.AnypointMqConfigClientId": "f8452cc7acc649aaa6ca2c4030710473",
                            "vars.AnypointMqConfigClientSecret": "be8298a197514f0585226977042EBDEA",
                            "vars.BlobStorage": "DefaultEndpointsProtocol=https;AccountName=clinfeedstoragedev;AccountKey=2wEq4KK+JtMc4O5Twtjcat61uIZiiZhCz405P2IA+ex4tUSCvCL5ge5H/AWmbyfFoMjKoMHGkbOVkTF4me7++A==;BlobEndpoint=https://clinfeedstoragedev.blob.core.windows.net/",
                            "vars.CVOPS_DB": "flsdb.czavkspy3bd9.us-east-1.rds.amazonaws.com",
                            "vars.ClinPointDbConnString_flscvops": "Data Source=flsdb.czavkspy3bd9.us-east-1.rds.amazonaws.com;Initial Catalog=ClinPointDB;User Id=ClinFeeduser;Password=Abcd@4321;Integrated Security=false;Connection Timeout=60;MultipleActiveResultSets=false;",
                            "vars.ClinPointDbConnString_flsdev4": "Data Source=flsdb.czavkspy3bd9.us-east-1.rds.amazonaws.com;Initial Catalog=ClinPointDB;User Id=ClinFeeduser;Password=Abcd@4321;Integrated Security=false;Connection Timeout=60;MultipleActiveResultSets=false;",
                            "vars.ConnectionString": "Data Source=flsdb.czavkspy3bd9.us-east-1.rds.amazonaws.com;Initial Catalog=SystemDB;User Id=aoteam;Password=123@Queso;Integrated Security=false;Connection Timeout=60;MultipleActiveResultSets=false;",
                            "vars.DEV4_DB": "flsdb.czavkspy3bd9.us-east-1.rds.amazonaws.com",
                            "vars.LOG_GROUP": "clinfeed-clinfeedui-container-logs-test",
                            "vars.adfs.url": "https://fs.clinpay.com/adfs"
                        },
                        "meta": {},
                        "tainted": false
                    },
                    "deposed": [],
                    "provider": "provider.template"
                },
                "data.template_file.task_def.2": {
                    "type": "template_file",
                    "depends_on": [
                        "aws_alb.main"
                    ],
                    "primary": {
                        "id": "2b5c62fa707414efffab799e80a7043be3dd500a1163b78dfd51d43f0a4e7310",
                        "attributes": {
                            "id": "2b5c62fa707414efffab799e80a7043be3dd500a1163b78dfd51d43f0a4e7310",
                            "rendered": "[\r\n  {\r\n    \"environment\": [\r\n      {\r\n        \"name\": \"JwtOptions:Authority\",\r\n        \"value\": \"https://fs.clinpay.com/adfs\"\r\n      }\r\n    ],\r\n    \"essential\": true,\r\n    \"image\": \"672985825598.dkr.ecr.us-east-1.amazonaws.com/fls/clinconnectbridge:latest\",\r\n    \"logConfiguration\": {\r\n      \"logDriver\": \"awslogs\",\r\n      \"options\": {\r\n        \"awslogs-group\": \"clinfeed-clinconnectbridge-container-logs-test\",\r\n        \"awslogs-region\": \"us-east-1\"\r\n      }\r\n    },\r\n    \"memory\": 512,\r\n    \"cpu\": 256,\r\n    \"name\": \"clinconnectbridge\",\r\n    \"network_mode\": \"bridge\",\r\n    \"portMappings\": [\r\n      {\r\n        \"containerPort\": 5800,\r\n        \"hostPort\": 5800,\r\n        \"protocol\": \"tcp\"\r\n      }\r\n    ]\r\n  }\r\n]",
                            "template": "[\r\n  {\r\n    \"environment\": [\r\n      {\r\n        \"name\": \"JwtOptions:Authority\",\r\n        \"value\": \"${adfs.url}\"\r\n      }\r\n    ],\r\n    \"essential\": true,\r\n    \"image\": \"672985825598.dkr.ecr.us-east-1.amazonaws.com/fls/clinconnectbridge:latest\",\r\n    \"logConfiguration\": {\r\n      \"logDriver\": \"awslogs\",\r\n      \"options\": {\r\n        \"awslogs-group\": \"${LOG_GROUP}\",\r\n        \"awslogs-region\": \"us-east-1\"\r\n      }\r\n    },\r\n    \"memory\": 512,\r\n    \"cpu\": 256,\r\n    \"name\": \"clinconnectbridge\",\r\n    \"network_mode\": \"bridge\",\r\n    \"portMappings\": [\r\n      {\r\n        \"containerPort\": 5800,\r\n        \"hostPort\": 5800,\r\n        \"protocol\": \"tcp\"\r\n      }\r\n    ]\r\n  }\r\n]",
                            "vars.%": "13",
                            "vars.ALB": "internal-clinfeed-alb-test-294952780.us-east-1.elb.amazonaws.com",
                            "vars.ASPNETCORE_ENVIRONMENT": "Development",
                            "vars.AnypointMqConfigBaseUrl": "https://mq-us-east-1.anypoint.mulesoft.com/api/v1/",
                            "vars.AnypointMqConfigClientId": "f8452cc7acc649aaa6ca2c4030710473",
                            "vars.AnypointMqConfigClientSecret": "be8298a197514f0585226977042EBDEA",
                            "vars.BlobStorage": "DefaultEndpointsProtocol=https;AccountName=clinfeedstoragedev;AccountKey=2wEq4KK+JtMc4O5Twtjcat61uIZiiZhCz405P2IA+ex4tUSCvCL5ge5H/AWmbyfFoMjKoMHGkbOVkTF4me7++A==;BlobEndpoint=https://clinfeedstoragedev.blob.core.windows.net/",
                            "vars.CVOPS_DB": "flsdb.czavkspy3bd9.us-east-1.rds.amazonaws.com",
                            "vars.ClinPointDbConnString_flscvops": "Data Source=flsdb.czavkspy3bd9.us-east-1.rds.amazonaws.com;Initial Catalog=ClinPointDB;User Id=ClinFeeduser;Password=Abcd@4321;Integrated Security=false;Connection Timeout=60;MultipleActiveResultSets=false;",
                            "vars.ClinPointDbConnString_flsdev4": "Data Source=flsdb.czavkspy3bd9.us-east-1.rds.amazonaws.com;Initial Catalog=ClinPointDB;User Id=ClinFeeduser;Password=Abcd@4321;Integrated Security=false;Connection Timeout=60;MultipleActiveResultSets=false;",
                            "vars.ConnectionString": "Data Source=flsdb.czavkspy3bd9.us-east-1.rds.amazonaws.com;Initial Catalog=SystemDB;User Id=aoteam;Password=123@Queso;Integrated Security=false;Connection Timeout=60;MultipleActiveResultSets=false;",
                            "vars.DEV4_DB": "flsdb.czavkspy3bd9.us-east-1.rds.amazonaws.com",
                            "vars.LOG_GROUP": "clinfeed-clinconnectbridge-container-logs-test",
                            "vars.adfs.url": "https://fs.clinpay.com/adfs"
                        },
                        "meta": {},
                        "tainted": false
                    },
                    "deposed": [],
                    "provider": "provider.template"
                },
                "data.template_file.task_def.3": {
                    "type": "template_file",
                    "depends_on": [
                        "aws_alb.main"
                    ],
                    "primary": {
                        "id": "df956572033ab768a864ac0447f60ae2d1cbae34c33f3949c79d79e6081463b6",
                        "attributes": {
                            "id": "df956572033ab768a864ac0447f60ae2d1cbae34c33f3949c79d79e6081463b6",
                            "rendered": "[\r\n  {\r\n    \"environment\": [\r\n      {\r\n        \"name\": \"DataProvider:ConnectionString\",\r\n        \"value\": \"Data Source=flsdb.czavkspy3bd9.us-east-1.rds.amazonaws.com;Initial Catalog=ClinPointDB;User Id=ClinFeeduser;Password=Abcd@4321;Integrated Security=false;Connection Timeout=60;MultipleActiveResultSets=false;\"\r\n      },\r\n      {\r\n        \"name\": \"JwtOptions:Authority\",\r\n        \"value\": \"https://fs.clinpay.com/adfs\"\r\n      }\r\n    ],\r\n    \"essential\": true,\r\n    \"image\": \"672985825598.dkr.ecr.us-east-1.amazonaws.com/fls/clinpointbridge:latest\",\r\n    \"logConfiguration\": {\r\n      \"logDriver\": \"awslogs\",\r\n      \"options\": {\r\n        \"awslogs-group\": \"clinfeed-clinpointbridge-cvops-container-logs-test\",\r\n        \"awslogs-region\": \"us-east-1\"\r\n      }\r\n    },\r\n    \"memory\": 512,\r\n    \"cpu\": 256,\r\n    \"name\": \"clinpointbridge-cvops\",\r\n    \"network_mode\": \"bridge\",\r\n    \"portMappings\": [\r\n      {\r\n        \"containerPort\": 5700,\r\n        \"hostPort\": 5702,\r\n        \"protocol\": \"tcp\"\r\n      }\r\n    ]\r\n  }\r\n]",
                            "template": "[\r\n  {\r\n    \"environment\": [\r\n      {\r\n        \"name\": \"DataProvider:ConnectionString\",\r\n        \"value\": \"${ClinPointDbConnString_flscvops}\"\r\n      },\r\n      {\r\n        \"name\": \"JwtOptions:Authority\",\r\n        \"value\": \"${adfs.url}\"\r\n      }\r\n    ],\r\n    \"essential\": true,\r\n    \"image\": \"672985825598.dkr.ecr.us-east-1.amazonaws.com/fls/clinpointbridge:latest\",\r\n    \"logConfiguration\": {\r\n      \"logDriver\": \"awslogs\",\r\n      \"options\": {\r\n        \"awslogs-group\": \"${LOG_GROUP}\",\r\n        \"awslogs-region\": \"us-east-1\"\r\n      }\r\n    },\r\n    \"memory\": 512,\r\n    \"cpu\": 256,\r\n    \"name\": \"clinpointbridge-cvops\",\r\n    \"network_mode\": \"bridge\",\r\n    \"portMappings\": [\r\n      {\r\n        \"containerPort\": 5700,\r\n        \"hostPort\": 5702,\r\n        \"protocol\": \"tcp\"\r\n      }\r\n    ]\r\n  }\r\n]",
                            "vars.%": "13",
                            "vars.ALB": "internal-clinfeed-alb-test-294952780.us-east-1.elb.amazonaws.com",
                            "vars.ASPNETCORE_ENVIRONMENT": "Development",
                            "vars.AnypointMqConfigBaseUrl": "https://mq-us-east-1.anypoint.mulesoft.com/api/v1/",
                            "vars.AnypointMqConfigClientId": "f8452cc7acc649aaa6ca2c4030710473",
                            "vars.AnypointMqConfigClientSecret": "be8298a197514f0585226977042EBDEA",
                            "vars.BlobStorage": "DefaultEndpointsProtocol=https;AccountName=clinfeedstoragedev;AccountKey=2wEq4KK+JtMc4O5Twtjcat61uIZiiZhCz405P2IA+ex4tUSCvCL5ge5H/AWmbyfFoMjKoMHGkbOVkTF4me7++A==;BlobEndpoint=https://clinfeedstoragedev.blob.core.windows.net/",
                            "vars.CVOPS_DB": "flsdb.czavkspy3bd9.us-east-1.rds.amazonaws.com",
                            "vars.ClinPointDbConnString_flscvops": "Data Source=flsdb.czavkspy3bd9.us-east-1.rds.amazonaws.com;Initial Catalog=ClinPointDB;User Id=ClinFeeduser;Password=Abcd@4321;Integrated Security=false;Connection Timeout=60;MultipleActiveResultSets=false;",
                            "vars.ClinPointDbConnString_flsdev4": "Data Source=flsdb.czavkspy3bd9.us-east-1.rds.amazonaws.com;Initial Catalog=ClinPointDB;User Id=ClinFeeduser;Password=Abcd@4321;Integrated Security=false;Connection Timeout=60;MultipleActiveResultSets=false;",
                            "vars.ConnectionString": "Data Source=flsdb.czavkspy3bd9.us-east-1.rds.amazonaws.com;Initial Catalog=SystemDB;User Id=aoteam;Password=123@Queso;Integrated Security=false;Connection Timeout=60;MultipleActiveResultSets=false;",
                            "vars.DEV4_DB": "flsdb.czavkspy3bd9.us-east-1.rds.amazonaws.com",
                            "vars.LOG_GROUP": "clinfeed-clinpointbridge-cvops-container-logs-test",
                            "vars.adfs.url": "https://fs.clinpay.com/adfs"
                        },
                        "meta": {},
                        "tainted": false
                    },
                    "deposed": [],
                    "provider": "provider.template"
                },
                "data.template_file.task_def.4": {
                    "type": "template_file",
                    "depends_on": [
                        "aws_alb.main"
                    ],
                    "primary": {
                        "id": "94a40efca22f67fa458e0c1e91d4995bd325044385f9f277ffd176d4bd10a849",
                        "attributes": {
                            "id": "94a40efca22f67fa458e0c1e91d4995bd325044385f9f277ffd176d4bd10a849",
                            "rendered": "[\r\n  {\r\n    \"environment\": [\r\n      {\r\n        \"name\": \"JwtOptions:Authority\",\r\n        \"value\": \"https://fs.clinpay.com/adfs\"\r\n      }\r\n    ],\r\n    \"essential\": true,\r\n    \"image\": \"672985825598.dkr.ecr.us-east-1.amazonaws.com/fls/emailgateway:latest\",\r\n    \"logConfiguration\": {\r\n      \"logDriver\": \"awslogs\",\r\n      \"options\": {\r\n        \"awslogs-group\": \"clinfeed-emailgateway-container-logs-test\",\r\n        \"awslogs-region\": \"us-east-1\"\r\n      }\r\n    },\r\n    \"memory\": 512,\r\n    \"cpu\": 256,\r\n    \"name\": \"emailgateway\",\r\n    \"network_mode\": \"bridge\",\r\n    \"portMappings\": [\r\n      {\r\n        \"containerPort\": 7098,\r\n        \"hostPort\": 7098,\r\n        \"protocol\": \"tcp\"\r\n      }\r\n    ]\r\n  }\r\n]",
                            "template": "[\r\n  {\r\n    \"environment\": [\r\n      {\r\n        \"name\": \"JwtOptions:Authority\",\r\n        \"value\": \"${adfs.url}\"\r\n      }\r\n    ],\r\n    \"essential\": true,\r\n    \"image\": \"672985825598.dkr.ecr.us-east-1.amazonaws.com/fls/emailgateway:latest\",\r\n    \"logConfiguration\": {\r\n      \"logDriver\": \"awslogs\",\r\n      \"options\": {\r\n        \"awslogs-group\": \"${LOG_GROUP}\",\r\n        \"awslogs-region\": \"us-east-1\"\r\n      }\r\n    },\r\n    \"memory\": 512,\r\n    \"cpu\": 256,\r\n    \"name\": \"emailgateway\",\r\n    \"network_mode\": \"bridge\",\r\n    \"portMappings\": [\r\n      {\r\n        \"containerPort\": 7098,\r\n        \"hostPort\": 7098,\r\n        \"protocol\": \"tcp\"\r\n      }\r\n    ]\r\n  }\r\n]",
                            "vars.%": "13",
                            "vars.ALB": "internal-clinfeed-alb-test-294952780.us-east-1.elb.amazonaws.com",
                            "vars.ASPNETCORE_ENVIRONMENT": "Development",
                            "vars.AnypointMqConfigBaseUrl": "https://mq-us-east-1.anypoint.mulesoft.com/api/v1/",
                            "vars.AnypointMqConfigClientId": "f8452cc7acc649aaa6ca2c4030710473",
                            "vars.AnypointMqConfigClientSecret": "be8298a197514f0585226977042EBDEA",
                            "vars.BlobStorage": "DefaultEndpointsProtocol=https;AccountName=clinfeedstoragedev;AccountKey=2wEq4KK+JtMc4O5Twtjcat61uIZiiZhCz405P2IA+ex4tUSCvCL5ge5H/AWmbyfFoMjKoMHGkbOVkTF4me7++A==;BlobEndpoint=https://clinfeedstoragedev.blob.core.windows.net/",
                            "vars.CVOPS_DB": "flsdb.czavkspy3bd9.us-east-1.rds.amazonaws.com",
                            "vars.ClinPointDbConnString_flscvops": "Data Source=flsdb.czavkspy3bd9.us-east-1.rds.amazonaws.com;Initial Catalog=ClinPointDB;User Id=ClinFeeduser;Password=Abcd@4321;Integrated Security=false;Connection Timeout=60;MultipleActiveResultSets=false;",
                            "vars.ClinPointDbConnString_flsdev4": "Data Source=flsdb.czavkspy3bd9.us-east-1.rds.amazonaws.com;Initial Catalog=ClinPointDB;User Id=ClinFeeduser;Password=Abcd@4321;Integrated Security=false;Connection Timeout=60;MultipleActiveResultSets=false;",
                            "vars.ConnectionString": "Data Source=flsdb.czavkspy3bd9.us-east-1.rds.amazonaws.com;Initial Catalog=SystemDB;User Id=aoteam;Password=123@Queso;Integrated Security=false;Connection Timeout=60;MultipleActiveResultSets=false;",
                            "vars.DEV4_DB": "flsdb.czavkspy3bd9.us-east-1.rds.amazonaws.com",
                            "vars.LOG_GROUP": "clinfeed-emailgateway-container-logs-test",
                            "vars.adfs.url": "https://fs.clinpay.com/adfs"
                        },
                        "meta": {},
                        "tainted": false
                    },
                    "deposed": [],
                    "provider": "provider.template"
                },
                "data.template_file.task_def.5": {
                    "type": "template_file",
                    "depends_on": [
                        "aws_alb.main"
                    ],
                    "primary": {
                        "id": "382c1ae6edde76b9ee115694b0dbf79d57b0028bb5b75e7e9e1fb95631272460",
                        "attributes": {
                            "id": "382c1ae6edde76b9ee115694b0dbf79d57b0028bb5b75e7e9e1fb95631272460",
                            "rendered": "[\r\n  {\r\n    \"environment\": [\r\n      {\r\n        \"name\": \"ExternalServices:StorageServiceURI\",\r\n        \"value\": \"http://internal-clinfeed-alb-test-294952780.us-east-1.elb.amazonaws.com:3000/api/StorageService\"\r\n      },\r\n      {\r\n        \"name\": \"ExternalServices:DateConfigContainer\",\r\n        \"value\": \"dateconfigcontainer\"\r\n      },\r\n      {\r\n        \"name\": \"JwtOptions:Authority\",\r\n        \"value\": \"https://fs.clinpay.com/adfs\"\r\n      }\r\n    ],\r\n    \"essential\": true,\r\n    \"image\": \"672985825598.dkr.ecr.us-east-1.amazonaws.com/fls/eventdateconfig:latest\",\r\n    \"logConfiguration\": {\r\n      \"logDriver\": \"awslogs\",\r\n      \"options\": {\r\n        \"awslogs-group\": \"clinfeed-eventdateconfig-container-logs-test\",\r\n        \"awslogs-region\": \"us-east-1\"\r\n      }\r\n    },\r\n    \"memory\": 512,\r\n    \"cpu\": 256,\r\n    \"name\": \"eventdateconfig\",\r\n    \"network_mode\": \"bridge\",\r\n    \"portMappings\": [\r\n      {\r\n        \"containerPort\": 5400,\r\n        \"hostPort\": 5400,\r\n        \"protocol\": \"tcp\"\r\n      }\r\n    ]\r\n  }\r\n]",
                            "template": "[\r\n  {\r\n    \"environment\": [\r\n      {\r\n        \"name\": \"ExternalServices:StorageServiceURI\",\r\n        \"value\": \"http://${ALB}:3000/api/StorageService\"\r\n      },\r\n      {\r\n        \"name\": \"ExternalServices:DateConfigContainer\",\r\n        \"value\": \"dateconfigcontainer\"\r\n      },\r\n      {\r\n        \"name\": \"JwtOptions:Authority\",\r\n        \"value\": \"${adfs.url}\"\r\n      }\r\n    ],\r\n    \"essential\": true,\r\n    \"image\": \"672985825598.dkr.ecr.us-east-1.amazonaws.com/fls/eventdateconfig:latest\",\r\n    \"logConfiguration\": {\r\n      \"logDriver\": \"awslogs\",\r\n      \"options\": {\r\n        \"awslogs-group\": \"${LOG_GROUP}\",\r\n        \"awslogs-region\": \"us-east-1\"\r\n      }\r\n    },\r\n    \"memory\": 512,\r\n    \"cpu\": 256,\r\n    \"name\": \"eventdateconfig\",\r\n    \"network_mode\": \"bridge\",\r\n    \"portMappings\": [\r\n      {\r\n        \"containerPort\": 5400,\r\n        \"hostPort\": 5400,\r\n        \"protocol\": \"tcp\"\r\n      }\r\n    ]\r\n  }\r\n]",
                            "vars.%": "13",
                            "vars.ALB": "internal-clinfeed-alb-test-294952780.us-east-1.elb.amazonaws.com",
                            "vars.ASPNETCORE_ENVIRONMENT": "Development",
                            "vars.AnypointMqConfigBaseUrl": "https://mq-us-east-1.anypoint.mulesoft.com/api/v1/",
                            "vars.AnypointMqConfigClientId": "f8452cc7acc649aaa6ca2c4030710473",
                            "vars.AnypointMqConfigClientSecret": "be8298a197514f0585226977042EBDEA",
                            "vars.BlobStorage": "DefaultEndpointsProtocol=https;AccountName=clinfeedstoragedev;AccountKey=2wEq4KK+JtMc4O5Twtjcat61uIZiiZhCz405P2IA+ex4tUSCvCL5ge5H/AWmbyfFoMjKoMHGkbOVkTF4me7++A==;BlobEndpoint=https://clinfeedstoragedev.blob.core.windows.net/",
                            "vars.CVOPS_DB": "flsdb.czavkspy3bd9.us-east-1.rds.amazonaws.com",
                            "vars.ClinPointDbConnString_flscvops": "Data Source=flsdb.czavkspy3bd9.us-east-1.rds.amazonaws.com;Initial Catalog=ClinPointDB;User Id=ClinFeeduser;Password=Abcd@4321;Integrated Security=false;Connection Timeout=60;MultipleActiveResultSets=false;",
                            "vars.ClinPointDbConnString_flsdev4": "Data Source=flsdb.czavkspy3bd9.us-east-1.rds.amazonaws.com;Initial Catalog=ClinPointDB;User Id=ClinFeeduser;Password=Abcd@4321;Integrated Security=false;Connection Timeout=60;MultipleActiveResultSets=false;",
                            "vars.ConnectionString": "Data Source=flsdb.czavkspy3bd9.us-east-1.rds.amazonaws.com;Initial Catalog=SystemDB;User Id=aoteam;Password=123@Queso;Integrated Security=false;Connection Timeout=60;MultipleActiveResultSets=false;",
                            "vars.DEV4_DB": "flsdb.czavkspy3bd9.us-east-1.rds.amazonaws.com",
                            "vars.LOG_GROUP": "clinfeed-eventdateconfig-container-logs-test",
                            "vars.adfs.url": "https://fs.clinpay.com/adfs"
                        },
                        "meta": {},
                        "tainted": false
                    },
                    "deposed": [],
                    "provider": "provider.template"
                },
                "data.template_file.task_def.6": {
                    "type": "template_file",
                    "depends_on": [
                        "aws_alb.main"
                    ],
                    "primary": {
                        "id": "dcfeb0c9ce1fb002d5230c1e5f247157f77efcf8d392cf38fc466b4a6626cb1b",
                        "attributes": {
                            "id": "dcfeb0c9ce1fb002d5230c1e5f247157f77efcf8d392cf38fc466b4a6626cb1b",
                            "rendered": "[\r\n  {\r\n    \"environment\": [\r\n      {\r\n        \"name\": \"JwtOptions:Authority\",\r\n        \"value\": \"https://fs.clinpay.com/adfs\"\r\n      },\r\n      {\r\n        \"name\": \"StorageService:BaseUrl\",\r\n        \"value\": \"http://internal-clinfeed-alb-test-294952780.us-east-1.elb.amazonaws.com:3000/api/storageservice/\"\r\n      },\r\n      {\r\n        \"name\": \"MessageBroker:BaseUrl\",\r\n        \"value\": \"http://internal-clinfeed-alb-test-294952780.us-east-1.elb.amazonaws.com:5000/api/messagebroker/\"\r\n      },\r\n      {\r\n        \"name\": \"FeedService:BaseUrl\",\r\n        \"value\": \"http://internal-clinfeed-alb-test-294952780.us-east-1.elb.amazonaws.com:7000/api/feedstore/\"\r\n      },\r\n      {\r\n        \"name\": \"ApprovalService:BaseUrl\",\r\n        \"value\": \"http://internal-clinfeed-alb-test-294952780.us-east-1.elb.amazonaws.com:9000/api/approvals/\"\r\n      }\r\n    ],\r\n    \"essential\": true,\r\n    \"image\": \"672985825598.dkr.ecr.us-east-1.amazonaws.com/fls/feedservice:latest\",\r\n    \"logConfiguration\": {\r\n      \"logDriver\": \"awslogs\",\r\n      \"options\": {\r\n        \"awslogs-group\": \"clinfeed-feedservice-container-logs-test\",\r\n        \"awslogs-region\": \"us-east-1\"\r\n      }\r\n    },\r\n    \"memory\": 512,\r\n    \"cpu\": 256,\r\n    \"name\": \"feedservice\",\r\n    \"network_mode\": \"bridge\",\r\n    \"portMappings\": [\r\n      {\r\n        \"containerPort\": 7000,\r\n        \"hostPort\": 7000,\r\n        \"protocol\": \"tcp\"\r\n      }\r\n    ]\r\n  }\r\n]",
                            "template": "[\r\n  {\r\n    \"environment\": [\r\n      {\r\n        \"name\": \"JwtOptions:Authority\",\r\n        \"value\": \"${adfs.url}\"\r\n      },\r\n      {\r\n        \"name\": \"StorageService:BaseUrl\",\r\n        \"value\": \"http://${ALB}:3000/api/storageservice/\"\r\n      },\r\n      {\r\n        \"name\": \"MessageBroker:BaseUrl\",\r\n        \"value\": \"http://${ALB}:5000/api/messagebroker/\"\r\n      },\r\n      {\r\n        \"name\": \"FeedService:BaseUrl\",\r\n        \"value\": \"http://${ALB}:7000/api/feedstore/\"\r\n      },\r\n      {\r\n        \"name\": \"ApprovalService:BaseUrl\",\r\n        \"value\": \"http://${ALB}:9000/api/approvals/\"\r\n      }\r\n    ],\r\n    \"essential\": true,\r\n    \"image\": \"672985825598.dkr.ecr.us-east-1.amazonaws.com/fls/feedservice:latest\",\r\n    \"logConfiguration\": {\r\n      \"logDriver\": \"awslogs\",\r\n      \"options\": {\r\n        \"awslogs-group\": \"${LOG_GROUP}\",\r\n        \"awslogs-region\": \"us-east-1\"\r\n      }\r\n    },\r\n    \"memory\": 512,\r\n    \"cpu\": 256,\r\n    \"name\": \"feedservice\",\r\n    \"network_mode\": \"bridge\",\r\n    \"portMappings\": [\r\n      {\r\n        \"containerPort\": 7000,\r\n        \"hostPort\": 7000,\r\n        \"protocol\": \"tcp\"\r\n      }\r\n    ]\r\n  }\r\n]",
                            "vars.%": "13",
                            "vars.ALB": "internal-clinfeed-alb-test-294952780.us-east-1.elb.amazonaws.com",
                            "vars.ASPNETCORE_ENVIRONMENT": "Development",
                            "vars.AnypointMqConfigBaseUrl": "https://mq-us-east-1.anypoint.mulesoft.com/api/v1/",
                            "vars.AnypointMqConfigClientId": "f8452cc7acc649aaa6ca2c4030710473",
                            "vars.AnypointMqConfigClientSecret": "be8298a197514f0585226977042EBDEA",
                            "vars.BlobStorage": "DefaultEndpointsProtocol=https;AccountName=clinfeedstoragedev;AccountKey=2wEq4KK+JtMc4O5Twtjcat61uIZiiZhCz405P2IA+ex4tUSCvCL5ge5H/AWmbyfFoMjKoMHGkbOVkTF4me7++A==;BlobEndpoint=https://clinfeedstoragedev.blob.core.windows.net/",
                            "vars.CVOPS_DB": "flsdb.czavkspy3bd9.us-east-1.rds.amazonaws.com",
                            "vars.ClinPointDbConnString_flscvops": "Data Source=flsdb.czavkspy3bd9.us-east-1.rds.amazonaws.com;Initial Catalog=ClinPointDB;User Id=ClinFeeduser;Password=Abcd@4321;Integrated Security=false;Connection Timeout=60;MultipleActiveResultSets=false;",
                            "vars.ClinPointDbConnString_flsdev4": "Data Source=flsdb.czavkspy3bd9.us-east-1.rds.amazonaws.com;Initial Catalog=ClinPointDB;User Id=ClinFeeduser;Password=Abcd@4321;Integrated Security=false;Connection Timeout=60;MultipleActiveResultSets=false;",
                            "vars.ConnectionString": "Data Source=flsdb.czavkspy3bd9.us-east-1.rds.amazonaws.com;Initial Catalog=SystemDB;User Id=aoteam;Password=123@Queso;Integrated Security=false;Connection Timeout=60;MultipleActiveResultSets=false;",
                            "vars.DEV4_DB": "flsdb.czavkspy3bd9.us-east-1.rds.amazonaws.com",
                            "vars.LOG_GROUP": "clinfeed-feedservice-container-logs-test",
                            "vars.adfs.url": "https://fs.clinpay.com/adfs"
                        },
                        "meta": {},
                        "tainted": false
                    },
                    "deposed": [],
                    "provider": "provider.template"
                },
                "data.template_file.task_def.7": {
                    "type": "template_file",
                    "depends_on": [
                        "aws_alb.main"
                    ],
                    "primary": {
                        "id": "1ff2fab0c3e0d0587142ddfe8edc12b24a7c8aeaf6fa98496806a2ff0a392fd1",
                        "attributes": {
                            "id": "1ff2fab0c3e0d0587142ddfe8edc12b24a7c8aeaf6fa98496806a2ff0a392fd1",
                            "rendered": "[\r\n  {\r\n    \"environment\": [\r\n      {\r\n        \"name\": \"JwtOptions:Authority\",\r\n        \"value\": \"https://fs.clinpay.com/adfs\"\r\n      },\r\n      {\r\n        \"name\": \"ClinpayConfig:SystemTenantDbConnString\",\r\n        \"value\": \"Data Source=flsdb.czavkspy3bd9.us-east-1.rds.amazonaws.com;Initial Catalog=SystemDB;User Id=ClinFeeduser;Password=Abcd@4321;Integrated Security=false;Connection Timeout=60;MultipleActiveResultSets=false;\"\r\n      }\r\n    ],\r\n    \"essential\": true,\r\n    \"image\": \"672985825598.dkr.ecr.us-east-1.amazonaws.com/fls/mappingrules:latest\",\r\n    \"logConfiguration\": {\r\n      \"logDriver\": \"awslogs\",\r\n      \"options\": {\r\n        \"awslogs-group\": \"clinfeed-mappingrules-cvops-container-logs-test\",\r\n        \"awslogs-region\": \"us-east-1\"\r\n      }\r\n    },\r\n    \"memory\": 512,\r\n    \"cpu\": 256,\r\n    \"name\": \"mappingrules-cvops\",\r\n    \"network_mode\": \"bridge\",\r\n    \"portMappings\": [\r\n      {\r\n        \"containerPort\": 5500,\r\n        \"hostPort\": 5502,\r\n        \"protocol\": \"tcp\"\r\n      }\r\n    ]\r\n  }\r\n]",
                            "template": "[\r\n  {\r\n    \"environment\": [\r\n      {\r\n        \"name\": \"JwtOptions:Authority\",\r\n        \"value\": \"${adfs.url}\"\r\n      },\r\n      {\r\n        \"name\": \"ClinpayConfig:SystemTenantDbConnString\",\r\n        \"value\": \"Data Source=${CVOPS_DB};Initial Catalog=SystemDB;User Id=ClinFeeduser;Password=Abcd@4321;Integrated Security=false;Connection Timeout=60;MultipleActiveResultSets=false;\"\r\n      }\r\n    ],\r\n    \"essential\": true,\r\n    \"image\": \"672985825598.dkr.ecr.us-east-1.amazonaws.com/fls/mappingrules:latest\",\r\n    \"logConfiguration\": {\r\n      \"logDriver\": \"awslogs\",\r\n      \"options\": {\r\n        \"awslogs-group\": \"${LOG_GROUP}\",\r\n        \"awslogs-region\": \"us-east-1\"\r\n      }\r\n    },\r\n    \"memory\": 512,\r\n    \"cpu\": 256,\r\n    \"name\": \"mappingrules-cvops\",\r\n    \"network_mode\": \"bridge\",\r\n    \"portMappings\": [\r\n      {\r\n        \"containerPort\": 5500,\r\n        \"hostPort\": 5502,\r\n        \"protocol\": \"tcp\"\r\n      }\r\n    ]\r\n  }\r\n]",
                            "vars.%": "13",
                            "vars.ALB": "internal-clinfeed-alb-test-294952780.us-east-1.elb.amazonaws.com",
                            "vars.ASPNETCORE_ENVIRONMENT": "Development",
                            "vars.AnypointMqConfigBaseUrl": "https://mq-us-east-1.anypoint.mulesoft.com/api/v1/",
                            "vars.AnypointMqConfigClientId": "f8452cc7acc649aaa6ca2c4030710473",
                            "vars.AnypointMqConfigClientSecret": "be8298a197514f0585226977042EBDEA",
                            "vars.BlobStorage": "DefaultEndpointsProtocol=https;AccountName=clinfeedstoragedev;AccountKey=2wEq4KK+JtMc4O5Twtjcat61uIZiiZhCz405P2IA+ex4tUSCvCL5ge5H/AWmbyfFoMjKoMHGkbOVkTF4me7++A==;BlobEndpoint=https://clinfeedstoragedev.blob.core.windows.net/",
                            "vars.CVOPS_DB": "flsdb.czavkspy3bd9.us-east-1.rds.amazonaws.com",
                            "vars.ClinPointDbConnString_flscvops": "Data Source=flsdb.czavkspy3bd9.us-east-1.rds.amazonaws.com;Initial Catalog=ClinPointDB;User Id=ClinFeeduser;Password=Abcd@4321;Integrated Security=false;Connection Timeout=60;MultipleActiveResultSets=false;",
                            "vars.ClinPointDbConnString_flsdev4": "Data Source=flsdb.czavkspy3bd9.us-east-1.rds.amazonaws.com;Initial Catalog=ClinPointDB;User Id=ClinFeeduser;Password=Abcd@4321;Integrated Security=false;Connection Timeout=60;MultipleActiveResultSets=false;",
                            "vars.ConnectionString": "Data Source=flsdb.czavkspy3bd9.us-east-1.rds.amazonaws.com;Initial Catalog=SystemDB;User Id=aoteam;Password=123@Queso;Integrated Security=false;Connection Timeout=60;MultipleActiveResultSets=false;",
                            "vars.DEV4_DB": "flsdb.czavkspy3bd9.us-east-1.rds.amazonaws.com",
                            "vars.LOG_GROUP": "clinfeed-mappingrules-cvops-container-logs-test",
                            "vars.adfs.url": "https://fs.clinpay.com/adfs"
                        },
                        "meta": {},
                        "tainted": false
                    },
                    "deposed": [],
                    "provider": "provider.template"
                },
                "data.template_file.task_def.8": {
                    "type": "template_file",
                    "depends_on": [
                        "aws_alb.main"
                    ],
                    "primary": {
                        "id": "1c10823d75ec6714898af8efa0b92c40d3d8b2d3266ab1b35468e0763cfaf387",
                        "attributes": {
                            "id": "1c10823d75ec6714898af8efa0b92c40d3d8b2d3266ab1b35468e0763cfaf387",
                            "rendered": "[\r\n  {\r\n    \"environment\": [\r\n      {\r\n        \"name\": \"JwtOptions:Authority\",\r\n        \"value\": \"https://fs.clinpay.com/adfs\"\r\n      },\r\n      {\r\n        \"name\": \"AnypointMqConfig:BaseUrl\",\r\n        \"value\": \"https://mq-us-east-1.anypoint.mulesoft.com/api/v1/\"\r\n      },\r\n      {\r\n        \"name\": \"AnypointMqConfig:ClientId\",\r\n        \"value\": \"f8452cc7acc649aaa6ca2c4030710473\"\r\n      },\r\n      {\r\n        \"name\": \"AnypointMqConfig:ClientSecret\",\r\n        \"value\": \"be8298a197514f0585226977042EBDEA\"\r\n      }\r\n    ],\r\n    \"essential\": true,\r\n    \"image\": \"672985825598.dkr.ecr.us-east-1.amazonaws.com/fls/messagebroker:latest\",\r\n    \"logConfiguration\": {\r\n      \"logDriver\": \"awslogs\",\r\n      \"options\": {\r\n        \"awslogs-group\": \"clinfeed-messagebroker-container-logs-test\",\r\n        \"awslogs-region\": \"us-east-1\"\r\n      }\r\n    },\r\n    \"memory\": 512,\r\n    \"cpu\": 256,\r\n    \"name\": \"messagebroker\",\r\n    \"network_mode\": \"bridge\",\r\n    \"portMappings\": [\r\n      {\r\n        \"containerPort\": 5000,\r\n        \"hostPort\": 5000,\r\n        \"protocol\": \"tcp\"\r\n      }\r\n    ]\r\n  }\r\n]",
                            "template": "[\r\n  {\r\n    \"environment\": [\r\n      {\r\n        \"name\": \"JwtOptions:Authority\",\r\n        \"value\": \"${adfs.url}\"\r\n      },\r\n      {\r\n        \"name\": \"AnypointMqConfig:BaseUrl\",\r\n        \"value\": \"${AnypointMqConfigBaseUrl}\"\r\n      },\r\n      {\r\n        \"name\": \"AnypointMqConfig:ClientId\",\r\n        \"value\": \"${AnypointMqConfigClientId}\"\r\n      },\r\n      {\r\n        \"name\": \"AnypointMqConfig:ClientSecret\",\r\n        \"value\": \"${AnypointMqConfigClientSecret}\"\r\n      }\r\n    ],\r\n    \"essential\": true,\r\n    \"image\": \"672985825598.dkr.ecr.us-east-1.amazonaws.com/fls/messagebroker:latest\",\r\n    \"logConfiguration\": {\r\n      \"logDriver\": \"awslogs\",\r\n      \"options\": {\r\n        \"awslogs-group\": \"${LOG_GROUP}\",\r\n        \"awslogs-region\": \"us-east-1\"\r\n      }\r\n    },\r\n    \"memory\": 512,\r\n    \"cpu\": 256,\r\n    \"name\": \"messagebroker\",\r\n    \"network_mode\": \"bridge\",\r\n    \"portMappings\": [\r\n      {\r\n        \"containerPort\": 5000,\r\n        \"hostPort\": 5000,\r\n        \"protocol\": \"tcp\"\r\n      }\r\n    ]\r\n  }\r\n]",
                            "vars.%": "13",
                            "vars.ALB": "internal-clinfeed-alb-test-294952780.us-east-1.elb.amazonaws.com",
                            "vars.ASPNETCORE_ENVIRONMENT": "Development",
                            "vars.AnypointMqConfigBaseUrl": "https://mq-us-east-1.anypoint.mulesoft.com/api/v1/",
                            "vars.AnypointMqConfigClientId": "f8452cc7acc649aaa6ca2c4030710473",
                            "vars.AnypointMqConfigClientSecret": "be8298a197514f0585226977042EBDEA",
                            "vars.BlobStorage": "DefaultEndpointsProtocol=https;AccountName=clinfeedstoragedev;AccountKey=2wEq4KK+JtMc4O5Twtjcat61uIZiiZhCz405P2IA+ex4tUSCvCL5ge5H/AWmbyfFoMjKoMHGkbOVkTF4me7++A==;BlobEndpoint=https://clinfeedstoragedev.blob.core.windows.net/",
                            "vars.CVOPS_DB": "flsdb.czavkspy3bd9.us-east-1.rds.amazonaws.com",
                            "vars.ClinPointDbConnString_flscvops": "Data Source=flsdb.czavkspy3bd9.us-east-1.rds.amazonaws.com;Initial Catalog=ClinPointDB;User Id=ClinFeeduser;Password=Abcd@4321;Integrated Security=false;Connection Timeout=60;MultipleActiveResultSets=false;",
                            "vars.ClinPointDbConnString_flsdev4": "Data Source=flsdb.czavkspy3bd9.us-east-1.rds.amazonaws.com;Initial Catalog=ClinPointDB;User Id=ClinFeeduser;Password=Abcd@4321;Integrated Security=false;Connection Timeout=60;MultipleActiveResultSets=false;",
                            "vars.ConnectionString": "Data Source=flsdb.czavkspy3bd9.us-east-1.rds.amazonaws.com;Initial Catalog=SystemDB;User Id=aoteam;Password=123@Queso;Integrated Security=false;Connection Timeout=60;MultipleActiveResultSets=false;",
                            "vars.DEV4_DB": "flsdb.czavkspy3bd9.us-east-1.rds.amazonaws.com",
                            "vars.LOG_GROUP": "clinfeed-messagebroker-container-logs-test",
                            "vars.adfs.url": "https://fs.clinpay.com/adfs"
                        },
                        "meta": {},
                        "tainted": false
                    },
                    "deposed": [],
                    "provider": "provider.template"
                },
                "data.template_file.task_def.9": {
                    "type": "template_file",
                    "depends_on": [
                        "aws_alb.main"
                    ],
                    "primary": {
                        "id": "3d54f598f0b5bcabe78504cc63baad1ee213ac74f1fabfdb932c57b7db2c50b5",
                        "attributes": {
                            "id": "3d54f598f0b5bcabe78504cc63baad1ee213ac74f1fabfdb932c57b7db2c50b5",
                            "rendered": "[\r\n  {\r\n    \"environment\": [\r\n      {\r\n        \"name\": \"JwtOptions:Authority\",\r\n        \"value\": \"https://fs.clinpay.com/adfs\"\r\n      },\r\n      {\r\n        \"name\": \"ExternalServices:StorageServiceURI\",\r\n        \"value\": \"http://internal-clinfeed-alb-test-294952780.us-east-1.elb.amazonaws.com:3000/api/StorageService/datablobs/\"\r\n      },\r\n      {\r\n        \"name\": \"ExternalServices:MultiTenantContainer\",\r\n        \"value\": \"multitenantcontainer\"\r\n      },\r\n      {\r\n        \"name\": \"ExternalServices:AuthorizationsTenantsURI\",\r\n        \"value\": \"http://internal-clinfeed-alb-test-294952780.us-east-1.elb.amazonaws.com:7080/api/authorizationsservice/authorizationsTenants/\"\r\n      },\r\n      {\r\n        \"name\": \"ExternalServices:AuthorizationsURI\",\r\n        \"value\": \"http://internal-clinfeed-alb-test-294952780.us-east-1.elb.amazonaws.com:7080/api/authorizationsservice/authorizations/\"\r\n      }\r\n    ],\r\n    \"essential\": true,\r\n    \"image\": \"672985825598.dkr.ecr.us-east-1.amazonaws.com/fls/multitenant:latest\",\r\n    \"logConfiguration\": {\r\n      \"logDriver\": \"awslogs\",\r\n      \"options\": {\r\n        \"awslogs-group\": \"clinfeed-multitenant-container-logs-test\",\r\n        \"awslogs-region\": \"us-east-1\"\r\n      }\r\n    },\r\n    \"memory\": 512,\r\n    \"cpu\": 256,\r\n    \"name\": \"multitenant\",\r\n    \"network_mode\": \"bridge\",\r\n    \"portMappings\": [\r\n      {\r\n        \"containerPort\": 7900,\r\n        \"hostPort\": 7900,\r\n        \"protocol\": \"tcp\"\r\n      }\r\n    ]\r\n  }\r\n]",
                            "template": "[\r\n  {\r\n    \"environment\": [\r\n      {\r\n        \"name\": \"JwtOptions:Authority\",\r\n        \"value\": \"${adfs.url}\"\r\n      },\r\n      {\r\n        \"name\": \"ExternalServices:StorageServiceURI\",\r\n        \"value\": \"http://${ALB}:3000/api/StorageService/datablobs/\"\r\n      },\r\n      {\r\n        \"name\": \"ExternalServices:MultiTenantContainer\",\r\n        \"value\": \"multitenantcontainer\"\r\n      },\r\n      {\r\n        \"name\": \"ExternalServices:AuthorizationsTenantsURI\",\r\n        \"value\": \"http://${ALB}:7080/api/authorizationsservice/authorizationsTenants/\"\r\n      },\r\n      {\r\n        \"name\": \"ExternalServices:AuthorizationsURI\",\r\n        \"value\": \"http://${ALB}:7080/api/authorizationsservice/authorizations/\"\r\n      }\r\n    ],\r\n    \"essential\": true,\r\n    \"image\": \"672985825598.dkr.ecr.us-east-1.amazonaws.com/fls/multitenant:latest\",\r\n    \"logConfiguration\": {\r\n      \"logDriver\": \"awslogs\",\r\n      \"options\": {\r\n        \"awslogs-group\": \"${LOG_GROUP}\",\r\n        \"awslogs-region\": \"us-east-1\"\r\n      }\r\n    },\r\n    \"memory\": 512,\r\n    \"cpu\": 256,\r\n    \"name\": \"multitenant\",\r\n    \"network_mode\": \"bridge\",\r\n    \"portMappings\": [\r\n      {\r\n        \"containerPort\": 7900,\r\n        \"hostPort\": 7900,\r\n        \"protocol\": \"tcp\"\r\n      }\r\n    ]\r\n  }\r\n]",
                            "vars.%": "13",
                            "vars.ALB": "internal-clinfeed-alb-test-294952780.us-east-1.elb.amazonaws.com",
                            "vars.ASPNETCORE_ENVIRONMENT": "Development",
                            "vars.AnypointMqConfigBaseUrl": "https://mq-us-east-1.anypoint.mulesoft.com/api/v1/",
                            "vars.AnypointMqConfigClientId": "f8452cc7acc649aaa6ca2c4030710473",
                            "vars.AnypointMqConfigClientSecret": "be8298a197514f0585226977042EBDEA",
                            "vars.BlobStorage": "DefaultEndpointsProtocol=https;AccountName=clinfeedstoragedev;AccountKey=2wEq4KK+JtMc4O5Twtjcat61uIZiiZhCz405P2IA+ex4tUSCvCL5ge5H/AWmbyfFoMjKoMHGkbOVkTF4me7++A==;BlobEndpoint=https://clinfeedstoragedev.blob.core.windows.net/",
                            "vars.CVOPS_DB": "flsdb.czavkspy3bd9.us-east-1.rds.amazonaws.com",
                            "vars.ClinPointDbConnString_flscvops": "Data Source=flsdb.czavkspy3bd9.us-east-1.rds.amazonaws.com;Initial Catalog=ClinPointDB;User Id=ClinFeeduser;Password=Abcd@4321;Integrated Security=false;Connection Timeout=60;MultipleActiveResultSets=false;",
                            "vars.ClinPointDbConnString_flsdev4": "Data Source=flsdb.czavkspy3bd9.us-east-1.rds.amazonaws.com;Initial Catalog=ClinPointDB;User Id=ClinFeeduser;Password=Abcd@4321;Integrated Security=false;Connection Timeout=60;MultipleActiveResultSets=false;",
                            "vars.ConnectionString": "Data Source=flsdb.czavkspy3bd9.us-east-1.rds.amazonaws.com;Initial Catalog=SystemDB;User Id=aoteam;Password=123@Queso;Integrated Security=false;Connection Timeout=60;MultipleActiveResultSets=false;",
                            "vars.DEV4_DB": "flsdb.czavkspy3bd9.us-east-1.rds.amazonaws.com",
                            "vars.LOG_GROUP": "clinfeed-multitenant-container-logs-test",
                            "vars.adfs.url": "https://fs.clinpay.com/adfs"
                        },
                        "meta": {},
                        "tainted": false
                    },
                    "deposed": [],
                    "provider": "provider.template"
                }
            },
            "depends_on": []
        }
    ]
}
